// !$*UTF8*$!
{
	archiveVersion = 1;
	classes = {
	};
	objectVersion = 46;
	objects = {
/* Begin PBXBuildFile section */
		0207DA581B56EA530066E2B4 /* Images.xcassets in Resources */ = {isa = PBXBuildFile; fileRef = 0207DA571B56EA530066E2B4 /* Images.xcassets */; };
		1D3623260D0F684500981E51 /* AppDelegate.m in Sources */ = {isa = PBXBuildFile; fileRef = 1D3623250D0F684500981E51 /* AppDelegate.m */; };
		1D60589B0D05DD56006BFB54 /* main.m in Sources */ = {isa = PBXBuildFile; fileRef = 29B97316FDCFA39411CA2CEA /* main.m */; };
		301BF552109A68D80062928A /* libCordova.a in Frameworks */ = {isa = PBXBuildFile; fileRef = 301BF535109A57CC0062928A /* libCordova.a */; };
		302D95F114D2391D003F00A1 /* MainViewController.m in Sources */ = {isa = PBXBuildFile; fileRef = 302D95EF14D2391D003F00A1 /* MainViewController.m */; };
		302D95F214D2391D003F00A1 /* MainViewController.xib in Resources */ = {isa = PBXBuildFile; fileRef = 302D95F014D2391D003F00A1 /* MainViewController.xib */; };
		3047A5121AB8059700498E2A /* build-debug.xcconfig in Resources */ = {isa = PBXBuildFile; fileRef = 3047A50F1AB8059700498E2A /* build-debug.xcconfig */; };
		3047A5131AB8059700498E2A /* build-release.xcconfig in Resources */ = {isa = PBXBuildFile; fileRef = 3047A5101AB8059700498E2A /* build-release.xcconfig */; };
		3047A5141AB8059700498E2A /* build.xcconfig in Resources */ = {isa = PBXBuildFile; fileRef = 3047A5111AB8059700498E2A /* build.xcconfig */; };
		6AFF5BF91D6E424B00AB3073 /* CDVLaunchScreen.storyboard in Resources */ = {isa = PBXBuildFile; fileRef = 6AFF5BF81D6E424B00AB3073 /* CDVLaunchScreen.storyboard */; };
		540EDA3D090447DA8CF38AF1 /* FCMPlugin.m in Sources */ = {isa = PBXBuildFile; fileRef = CA7688AC9F3849F68710CDCC /* FCMPlugin.m */; };
		7B733A103E874A759448C5FF /* AppDelegate+FCMPlugin.m in Sources */ = {isa = PBXBuildFile; fileRef = 754D7067A3FB49B2974355EB /* AppDelegate+FCMPlugin.m */; };
		EE988AD385854FBC882FAFEA /* GoogleService-Info.plist in Resources */ = {isa = PBXBuildFile; fileRef = 83BDFCEA7ECE45259B4A7D05 /* GoogleService-Info.plist */; };
		78E99D9BC21E4C85A966F660 /* FirebaseAnalytics.framework in Frameworks */ = {isa = PBXBuildFile; fileRef = AEFD71F7222D4AF19F88829D /* FirebaseAnalytics.framework */; };
		E5D0D42E97FB44688D23DC19 /* FirebaseCore.framework in Frameworks */ = {isa = PBXBuildFile; fileRef = 3AA2800F9F2D4F629FB91171 /* FirebaseCore.framework */; };
		CBE7E6B565144753B5285667 /* FirebaseInstanceID.framework in Frameworks */ = {isa = PBXBuildFile; fileRef = C0614A43AE0E4FDB9DD24FFF /* FirebaseInstanceID.framework */; };
		EDA85B73F2AA4C8B8E74F708 /* FirebaseMessaging.framework in Frameworks */ = {isa = PBXBuildFile; fileRef = E6359B8BBAFF4581B96E205C /* FirebaseMessaging.framework */; };
		3317AEFA57F04E6CBB0EEA68 /* GoogleInterchangeUtilities.framework in Frameworks */ = {isa = PBXBuildFile; fileRef = 9DD79C2044A34BAE98185DC5 /* GoogleInterchangeUtilities.framework */; };
		1AB8D7D52C3D40258F7FD5DF /* GoogleIPhoneUtilities.framework in Frameworks */ = {isa = PBXBuildFile; fileRef = 63E42D255EE74602BF3A41F0 /* GoogleIPhoneUtilities.framework */; };
		1C052A77A4394C659FDFDD14 /* GoogleSymbolUtilities.framework in Frameworks */ = {isa = PBXBuildFile; fileRef = 297A637D28DF4142BFC53801 /* GoogleSymbolUtilities.framework */; };
		6F85E4E8752A479785477092 /* GoogleUtilities.framework in Frameworks */ = {isa = PBXBuildFile; fileRef = B82889B58AC0409CB751227E /* GoogleUtilities.framework */; };
		355E2F0769A449C7B471FB55 /* libc++.tbd in Frameworks */ = {isa = PBXBuildFile; fileRef = D8CCC862C1AF45E8BDC65184 /* libc++.tbd */; };
		5DB88230598945B59CDC2D3E /* libz.tbd in Frameworks */ = {isa = PBXBuildFile; fileRef = E511EEDCC3ED40388D1B0FEF /* libz.tbd */; };
		78E0E89EAC664BA7B25CB78D /* AddressBook.framework in Frameworks */ = {isa = PBXBuildFile; fileRef = 050E54D248084A35B6642A47 /* AddressBook.framework */; };
		B0AC77C932B34AD59EA47521 /* libsqlite3.0.tbd in Frameworks */ = {isa = PBXBuildFile; fileRef = F10C63E9D6BC441CBB6EB34B /* libsqlite3.0.tbd */; };
		B0B57170877B470EBB153A4D /* AppDelegate+notification.m in Sources */ = {isa = PBXBuildFile; fileRef = 7C6E130F1BA942A0B2AAE76C /* AppDelegate+notification.m */; };
		B2911425908F49809D0D0A3B /* PushPlugin.m in Sources */ = {isa = PBXBuildFile; fileRef = CAE824F7012F4F36852D238E /* PushPlugin.m */; };
		9DF53CC2C8364A4EA23ACB6E /* PayPalMobileCordovaPlugin.m in Sources */ = {isa = PBXBuildFile; fileRef = 12EF06C0655C429FBE7B2F51 /* PayPalMobileCordovaPlugin.m */; };
		AD61A6C13C9342FCB9095C64 /* libPayPalMobile.a in Frameworks */ = {isa = PBXBuildFile; fileRef = 2F7732322D544719B815B28E /* libPayPalMobile.a */; };
		93E5F7AB203849E489F3C22D /* CFNetwork.framework in Frameworks */ = {isa = PBXBuildFile; fileRef = A490699B98F84A83B108F592 /* CFNetwork.framework */; };
		66133C77D8764AC3873A5F6E /* CoreLocation.framework in Frameworks */ = {isa = PBXBuildFile; fileRef = 4F5A3078BCAB4C7C824DD2BA /* CoreLocation.framework */; settings = {ATTRIBUTES = (Weak, ); }; };
		D0C5FBA21F6A4E04AF208B3A /* SafariServices.framework in Frameworks */ = {isa = PBXBuildFile; fileRef = 5DB7451CA9F949659D94CD5D /* SafariServices.framework */; };
		072536A572E543618DB89B7E /* libPayPalMobile.a in Frameworks */ = {isa = PBXBuildFile; fileRef = 1E271B391E594FBB8710DB51 /* libPayPalMobile.a */; };
		52E674C37A1A4DB5A63BCB4A /* AppVersion.m in Sources */ = {isa = PBXBuildFile; fileRef = D9E53E8687234F98B3BC0380 /* AppVersion.m */; };
		B3B37AAC300F4AF89ABA4398 /* CDVAppRate.m in Sources */ = {isa = PBXBuildFile; fileRef = 027C2A8F52414FE4B1F64F5F /* CDVAppRate.m */; };
		D50BBC76AE9A4EB9A7231DB4 /* StoreKit.framework in Frameworks */ = {isa = PBXBuildFile; fileRef = 20C8716529A040C2BE110E2B /* StoreKit.framework */; };
		AA3AB12AB97446F88DECDA1E /* CDVDevice.m in Sources */ = {isa = PBXBuildFile; fileRef = 8F91D20689374A9CB76260EE /* CDVDevice.m */; };
		7DD1C9D759394DF1B951A3B0 /* APPEmailComposer.m in Sources */ = {isa = PBXBuildFile; fileRef = CD029C15B01F43198218548D /* APPEmailComposer.m */; };
		EA3FCDAB63704678A953F1A6 /* APPEmailComposerImpl.m in Sources */ = {isa = PBXBuildFile; fileRef = 16B3533E1F5349FAAE161511 /* APPEmailComposerImpl.m */; };
		D96C5EBD00EE45749F7611EB /* CDVWKWebViewEngine.m in Sources */ = {isa = PBXBuildFile; fileRef = 56D291CA0B10474E9365ACE1 /* CDVWKWebViewEngine.m */; };
		2B88C80A03684FFAB7355934 /* CDVWKWebViewUIDelegate.m in Sources */ = {isa = PBXBuildFile; fileRef = 39B1006EF5A043DB9445025F /* CDVWKWebViewUIDelegate.m */; };
		9E9170C21F084441B64A514B /* CDVWKProcessPoolFactory.m in Sources */ = {isa = PBXBuildFile; fileRef = 5C87A00E05104FDE845EFF8D /* CDVWKProcessPoolFactory.m */; };
		461C753BDFEC4906AD97518A /* GCDWebServer.m in Sources */ = {isa = PBXBuildFile; fileRef = 119F6EABCF3449AB9E46AB6E /* GCDWebServer.m */; };
		0C4E66E6BF9C4AC5891A6B7C /* GCDWebServerConnection.m in Sources */ = {isa = PBXBuildFile; fileRef = C0BA6D7BA66B45C3901CB3B7 /* GCDWebServerConnection.m */; };
		9C12B2430D9F461AAB4A7177 /* GCDWebServerFunctions.m in Sources */ = {isa = PBXBuildFile; fileRef = A276D0D51EBA4461A286E89E /* GCDWebServerFunctions.m */; };
		D9B4A1265E754D5CA1372C36 /* GCDWebServerRequest.m in Sources */ = {isa = PBXBuildFile; fileRef = C88CACA00CCA4EC7AD1214E1 /* GCDWebServerRequest.m */; };
		EEA446495992437FAFEAC0F0 /* GCDWebServerResponse.m in Sources */ = {isa = PBXBuildFile; fileRef = E9D9D15ED8DC45DAB74368E9 /* GCDWebServerResponse.m */; };
		8B5E72295B5948D68E254B17 /* GCDWebServerDataRequest.m in Sources */ = {isa = PBXBuildFile; fileRef = CCD8F8C8584545778D45D43A /* GCDWebServerDataRequest.m */; };
		A7607F32A83644B2B8F6A8C9 /* GCDWebServerFileRequest.m in Sources */ = {isa = PBXBuildFile; fileRef = C7E17AF504C347439DDBA8B5 /* GCDWebServerFileRequest.m */; };
		0F5AB1BB1FA84932A6CD7348 /* GCDWebServerMultiPartFormRequest.m in Sources */ = {isa = PBXBuildFile; fileRef = D728655D3BA2481C9A0CAA26 /* GCDWebServerMultiPartFormRequest.m */; };
		A2323CEF73F44B10BEF4D431 /* GCDWebServerURLEncodedFormRequest.m in Sources */ = {isa = PBXBuildFile; fileRef = 7E22E1E0D2C0488CA1676121 /* GCDWebServerURLEncodedFormRequest.m */; };
		B83D101EEF7E419CAF6A5029 /* GCDWebServerDataResponse.m in Sources */ = {isa = PBXBuildFile; fileRef = 659647DB12444C68AB51D48A /* GCDWebServerDataResponse.m */; };
		F265ABD18EDA4680AB07F890 /* GCDWebServerErrorResponse.m in Sources */ = {isa = PBXBuildFile; fileRef = 7854877CC3E3434BA78F290F /* GCDWebServerErrorResponse.m */; };
		CA929D95015249FB95DBFCA6 /* GCDWebServerFileResponse.m in Sources */ = {isa = PBXBuildFile; fileRef = 48A179EE4AFF4432A3E0C225 /* GCDWebServerFileResponse.m */; };
		39E2878CA3514B3486C0DD5A /* GCDWebServerStreamedResponse.m in Sources */ = {isa = PBXBuildFile; fileRef = C2B68DBDC5694A478557724B /* GCDWebServerStreamedResponse.m */; };
		0853FF9C3AD64EA9B72F5E95 /* WebKit.framework in Frameworks */ = {isa = PBXBuildFile; fileRef = 4B7A5DC2545D481687CDD068 /* WebKit.framework */; settings = {ATTRIBUTES = (Weak, ); }; };
		115378B8069A4C069927AF56 /* CDVSplashScreen.m in Sources */ = {isa = PBXBuildFile; fileRef = 9B37AE72D3E843EE9566546C /* CDVSplashScreen.m */; };
		827FC14379E049B5A607FBE0 /* CDVViewController+SplashScreen.m in Sources */ = {isa = PBXBuildFile; fileRef = FC1B42ECD6BF428983A2EFE3 /* CDVViewController+SplashScreen.m */; };
		AF278859EEC14ECEA6B0936D /* CDVStatusBar.m in Sources */ = {isa = PBXBuildFile; fileRef = 00B9CF8BE10F47B3BD7503DD /* CDVStatusBar.m */; };
		7C7301D45672419487BEAE30 /* CordovaStripe.m in Sources */ = {isa = PBXBuildFile; fileRef = FF8D81465A954CA59A020435 /* CordovaStripe.m */; };
		BB5E3CC2F8CB437C8D8D0585 /* Stripe.framework in Frameworks */ = {isa = PBXBuildFile; fileRef = 12424A563C29466995ACE6FC /* Stripe.framework */; };
		001B45B2E36E4E448DD60CD2 /* NSString+SSURLEncoding.m in Sources */ = {isa = PBXBuildFile; fileRef = 3A5CDD4AE8804E1D9EFA2AF2 /* NSString+SSURLEncoding.m */; };
		3A11337026774D5B9D3682D9 /* SocialSharing.m in Sources */ = {isa = PBXBuildFile; fileRef = 993A4C35BD7F4F60807130DD /* SocialSharing.m */; };
		25A055F651FE42C9A147D5C7 /* Social.framework in Frameworks */ = {isa = PBXBuildFile; fileRef = 9E63D3F2CEB64B259E90B6A2 /* Social.framework */; settings = {ATTRIBUTES = (Weak, ); }; };
		CE3BCEBA8B984696A00A2CB4 /* MessageUI.framework in Frameworks */ = {isa = PBXBuildFile; fileRef = 3CC1A45C7A3A4E50BB3B8838 /* MessageUI.framework */; settings = {ATTRIBUTES = (Weak, ); }; };
		48759837D9754D7683822F2F /* IonicKeyboard.m in Sources */ = {isa = PBXBuildFile; fileRef = EA3AC273D5DE44BBA35AB5BB /* IonicKeyboard.m */; };
		2E3BABAEAC2C433C84B9E399 /* OneSignalPush.m in Sources */ = {isa = PBXBuildFile; fileRef = C08721EAACBC49F692E6E12E /* OneSignalPush.m */; };
		DB6DCBDCD8AC46FE93C6FFE9 /* SystemConfiguration.framework in Frameworks */ = {isa = PBXBuildFile; fileRef = 1A081810986D49CDA7182718 /* SystemConfiguration.framework */; };
		1DF3D51124544FAEB40B0F74 /* CardIOCordovaPlugin.m in Sources */ = {isa = PBXBuildFile; fileRef = A23C18DF2F20426BB14030B4 /* CardIOCordovaPlugin.m */; };
		E64AF60E410C42269C17222E /* libCardIO.a in Frameworks */ = {isa = PBXBuildFile; fileRef = C4927CDC02B44A4398E46C7A /* libCardIO.a */; };
		F21CC29FF708435C8F985063 /* libopencv_core.a in Frameworks */ = {isa = PBXBuildFile; fileRef = AE3947788EB64234836E8F33 /* libopencv_core.a */; };
		7E886CD4A83A4A84854D3ACC /* libopencv_imgproc.a in Frameworks */ = {isa = PBXBuildFile; fileRef = F12D5571BE2B41048A9C4F05 /* libopencv_imgproc.a */; };
		1935460333244324915BB68E /* Accelerate.framework in Frameworks */ = {isa = PBXBuildFile; fileRef = 28B4BE9D149F4FAD993F35ED /* Accelerate.framework */; };
		19828EEDB3104EC7A24A6FA2 /* AVFoundation.framework in Frameworks */ = {isa = PBXBuildFile; fileRef = C7F3049F0931492C8324D34F /* AVFoundation.framework */; };
		FCA8062572964F2B8A31441F /* CoreMedia.framework in Frameworks */ = {isa = PBXBuildFile; fileRef = BCAAE88E1277456CB6A5CAB9 /* CoreMedia.framework */; };
		DE7E9A17F14B4B9CA2554481 /* CoreVideo.framework in Frameworks */ = {isa = PBXBuildFile; fileRef = 02037B91347D4961A42A21AF /* CoreVideo.framework */; };
		418E362A30584916B903220A /* Foundation.framework in Frameworks */ = {isa = PBXBuildFile; fileRef = DD1948B2AA2E4CC3AABC6608 /* Foundation.framework */; };
		369484BBA9224800971B959A /* OpenGLES.framework in Frameworks */ = {isa = PBXBuildFile; fileRef = 4ACCA516B47D406A94BDF6BF /* OpenGLES.framework */; };
		1E3F36A78B304441A3B47D75 /* QuartzCore.framework in Frameworks */ = {isa = PBXBuildFile; fileRef = 5E57C3D1F354476989C225ED /* QuartzCore.framework */; };
		6F17D874BA8C4AB9B1648D6B /* Security.framework in Frameworks */ = {isa = PBXBuildFile; fileRef = 4DA0663585F7448C992CB28D /* Security.framework */; };
		A30D938FD9474EEAB46FA36A /* UIKit.framework in Frameworks */ = {isa = PBXBuildFile; fileRef = 5C319C3D239C46BE8C19D2E1 /* UIKit.framework */; };
		427373562EF34F3CA27D48FB /* libc++.dylib in Frameworks */ = {isa = PBXBuildFile; fileRef = 2AF655D715514F7AA92A3D9A /* libc++.dylib */; };
		72B2816074D24FEAB364B09F /* CDVNotification.m in Sources */ = {isa = PBXBuildFile; fileRef = 12C1BB3D0EBB48B18A789FC2 /* CDVNotification.m */; };
		170CF05DA1FF4764B4350D81 /* CDVNotification.bundle in Resources */ = {isa = PBXBuildFile; fileRef = 439CB781A50E474A8F3D422F /* CDVNotification.bundle */; };
		9318AC5BABE34F83AA67626C /* AudioToolbox.framework in Frameworks */ = {isa = PBXBuildFile; fileRef = 29BCA806079B413FA91F240D /* AudioToolbox.framework */; settings = {ATTRIBUTES = (Weak, ); }; };
		152E9A0F60CE4D389E2ACFC7 /* CDVGlobalization.m in Sources */ = {isa = PBXBuildFile; fileRef = F8DB9C19811B445F81C9EFB3 /* CDVGlobalization.m */; };
		02484D3AC0E04577ADB7784B /* CDVInAppBrowser.m in Sources */ = {isa = PBXBuildFile; fileRef = 3993FE0BA8FE483396068C7B /* CDVInAppBrowser.m */; };
		69DB6F9F32B542D890E1B542 /* NativeStorage.m in Sources */ = {isa = PBXBuildFile; fileRef = 97ADE0F1001740DAA17B9B06 /* NativeStorage.m */; };
/* End PBXBuildFile section */

/* Begin PBXContainerItemProxy section */
		301BF534109A57CC0062928A /* PBXContainerItemProxy */ = {
			isa = PBXContainerItemProxy;
			containerPortal = 301BF52D109A57CC0062928A /* CordovaLib.xcodeproj */;
			proxyType = 2;
			remoteGlobalIDString = D2AAC07E0554694100DB518D;
			remoteInfo = CordovaLib;
		};
		301BF550109A68C00062928A /* PBXContainerItemProxy */ = {
			isa = PBXContainerItemProxy;
			containerPortal = 301BF52D109A57CC0062928A /* CordovaLib.xcodeproj */;
			proxyType = 1;
			remoteGlobalIDString = D2AAC07D0554694100DB518D;
			remoteInfo = CordovaLib;
		};
/* End PBXContainerItemProxy section */

/* Begin PBXFileReference section */
		0207DA571B56EA530066E2B4 /* Images.xcassets */ = {isa = PBXFileReference; lastKnownFileType = folder.assetcatalog; name = Images.xcassets; path = "Baby Needs/Images.xcassets"; sourceTree = SOURCE_ROOT; };
		1D3623240D0F684500981E51 /* AppDelegate.h */ = {isa = PBXFileReference; fileEncoding = 4; lastKnownFileType = sourcecode.c.h; path = AppDelegate.h; sourceTree = "<group>"; };
		1D3623250D0F684500981E51 /* AppDelegate.m */ = {isa = PBXFileReference; fileEncoding = 4; lastKnownFileType = sourcecode.c.objc; path = AppDelegate.m; sourceTree = "<group>"; };
		1D6058910D05DD3D006BFB54 /* Baby Needs.app */ = {isa = PBXFileReference; explicitFileType = wrapper.application; includeInIndex = 0; path = "Baby Needs.app"; sourceTree = BUILT_PRODUCTS_DIR; };
		29B97316FDCFA39411CA2CEA /* main.m */ = {isa = PBXFileReference; fileEncoding = 4; lastKnownFileType = sourcecode.c.objc; path = main.m; sourceTree = "<group>"; };
		301BF52D109A57CC0062928A /* CordovaLib.xcodeproj */ = {isa = PBXFileReference; lastKnownFileType = "wrapper.pb-project"; name = CordovaLib.xcodeproj; path = CordovaLib/CordovaLib.xcodeproj; sourceTree = "<group>"; };
		301BF56E109A69640062928A /* www */ = {isa = PBXFileReference; lastKnownFileType = folder; path = www; sourceTree = SOURCE_ROOT; };
		302D95EE14D2391D003F00A1 /* MainViewController.h */ = {isa = PBXFileReference; fileEncoding = 4; lastKnownFileType = sourcecode.c.h; path = MainViewController.h; sourceTree = "<group>"; };
		302D95EF14D2391D003F00A1 /* MainViewController.m */ = {isa = PBXFileReference; fileEncoding = 4; lastKnownFileType = sourcecode.c.objc; path = MainViewController.m; sourceTree = "<group>"; };
		302D95F014D2391D003F00A1 /* MainViewController.xib */ = {isa = PBXFileReference; fileEncoding = 4; lastKnownFileType = file.xib; path = MainViewController.xib; sourceTree = "<group>"; };
		3047A50F1AB8059700498E2A /* build-debug.xcconfig */ = {isa = PBXFileReference; fileEncoding = 4; lastKnownFileType = text.xcconfig; name = "build-debug.xcconfig"; path = cordova/build-debug.xcconfig; sourceTree = SOURCE_ROOT; };
		3047A5101AB8059700498E2A /* build-release.xcconfig */ = {isa = PBXFileReference; fileEncoding = 4; lastKnownFileType = text.xcconfig; name = "build-release.xcconfig"; path = cordova/build-release.xcconfig; sourceTree = SOURCE_ROOT; };
		3047A5111AB8059700498E2A /* build.xcconfig */ = {isa = PBXFileReference; fileEncoding = 4; lastKnownFileType = text.xcconfig; name = build.xcconfig; path = cordova/build.xcconfig; sourceTree = SOURCE_ROOT; };
		32CA4F630368D1EE00C91783 /* Baby Needs-Prefix.pch */ = {isa = PBXFileReference; fileEncoding = 4; lastKnownFileType = sourcecode.c.h; path = "Baby Needs-Prefix.pch"; sourceTree = "<group>"; };
		6AFF5BF81D6E424B00AB3073 /* CDVLaunchScreen.storyboard */ = {isa = PBXFileReference; fileEncoding = 4; lastKnownFileType = file.storyboard; name = CDVLaunchScreen.storyboard; path = "Baby Needs/CDVLaunchScreen.storyboard"; sourceTree = SOURCE_ROOT; };
		8D1107310486CEB800E47090 /* Baby Needs-Info.plist */ = {isa = PBXFileReference; fileEncoding = 4; lastKnownFileType = text.plist.xml; name = "Baby Needs-Info.plist"; path = "Baby Needs/Baby Needs-Info.plist"; plistStructureDefinitionIdentifier = "com.apple.xcode.plist.structure-definition.iphone.info-plist"; sourceTree = SOURCE_ROOT; };
		EB87FDF31871DA8E0020F90C /* www */ = {isa = PBXFileReference; lastKnownFileType = folder; name = www; path = ../../www; sourceTree = "<group>"; };
		EB87FDF41871DAF40020F90C /* config.xml */ = {isa = PBXFileReference; lastKnownFileType = text.xml; name = config.xml; path = ../../config.xml; sourceTree = "<group>"; };
		F840E1F0165FE0F500CFE078 /* config.xml */ = {isa = PBXFileReference; lastKnownFileType = text.xml; name = config.xml; path = "Baby Needs/config.xml"; sourceTree = "<group>"; };
		ED33DF2A687741AEAF9F8254 /* Bridging-Header.h */ = {isa = PBXFileReference; fileEncoding = 4; lastKnownFileType = sourcecode.c.h; name = "Bridging-Header.h"; path = "Bridging-Header.h"; sourceTree = "<group>"; };
		CA7688AC9F3849F68710CDCC /* FCMPlugin.m */ = {isa = PBXFileReference; name = "FCMPlugin.m"; path = "cordova-plugin-fcm/FCMPlugin.m"; sourceTree = "<group>"; fileEncoding = 4; lastKnownFileType = sourcecode.c.objc; explicitFileType = undefined; includeInIndex = 0; };
		754D7067A3FB49B2974355EB /* AppDelegate+FCMPlugin.m */ = {isa = PBXFileReference; name = "AppDelegate+FCMPlugin.m"; path = "cordova-plugin-fcm/AppDelegate+FCMPlugin.m"; sourceTree = "<group>"; fileEncoding = 4; lastKnownFileType = sourcecode.c.objc; explicitFileType = undefined; includeInIndex = 0; };
		87B0A2F9D6604B88BA205FE8 /* FCMPlugin.h */ = {isa = PBXFileReference; name = "FCMPlugin.h"; path = "cordova-plugin-fcm/FCMPlugin.h"; sourceTree = "<group>"; fileEncoding = 4; lastKnownFileType = sourcecode.c.h; explicitFileType = undefined; includeInIndex = 0; };
		EB9FEFC2FAA944A2A043AA6E /* AppDelegate+FCMPlugin.h */ = {isa = PBXFileReference; name = "AppDelegate+FCMPlugin.h"; path = "cordova-plugin-fcm/AppDelegate+FCMPlugin.h"; sourceTree = "<group>"; fileEncoding = 4; lastKnownFileType = sourcecode.c.h; explicitFileType = undefined; includeInIndex = 0; };
		875CEFAB0AB24FA381A068FA /* Firebase.h */ = {isa = PBXFileReference; name = "Firebase.h"; path = "cordova-plugin-fcm/Firebase.h"; sourceTree = "<group>"; fileEncoding = 4; lastKnownFileType = sourcecode.c.h; explicitFileType = undefined; includeInIndex = 0; };
		83BDFCEA7ECE45259B4A7D05 /* GoogleService-Info.plist */ = {isa = PBXFileReference; name = "GoogleService-Info.plist"; path = "Resources/GoogleService-Info.plist"; sourceTree = "<group>"; fileEncoding = 4; lastKnownFileType = text.plist.xml; explicitFileType = undefined; includeInIndex = 0; };
		AEFD71F7222D4AF19F88829D /* FirebaseAnalytics.framework */ = {isa = PBXFileReference; name = "FirebaseAnalytics.framework"; path = "Baby Needs/Plugins/cordova-plugin-fcm/FirebaseAnalytics.framework"; sourceTree = "<group>"; fileEncoding = undefined; lastKnownFileType = wrapper.framework; explicitFileType = undefined; includeInIndex = 0; };
		3AA2800F9F2D4F629FB91171 /* FirebaseCore.framework */ = {isa = PBXFileReference; name = "FirebaseCore.framework"; path = "Baby Needs/Plugins/cordova-plugin-fcm/FirebaseCore.framework"; sourceTree = "<group>"; fileEncoding = undefined; lastKnownFileType = wrapper.framework; explicitFileType = undefined; includeInIndex = 0; };
		C0614A43AE0E4FDB9DD24FFF /* FirebaseInstanceID.framework */ = {isa = PBXFileReference; name = "FirebaseInstanceID.framework"; path = "Baby Needs/Plugins/cordova-plugin-fcm/FirebaseInstanceID.framework"; sourceTree = "<group>"; fileEncoding = undefined; lastKnownFileType = wrapper.framework; explicitFileType = undefined; includeInIndex = 0; };
		E6359B8BBAFF4581B96E205C /* FirebaseMessaging.framework */ = {isa = PBXFileReference; name = "FirebaseMessaging.framework"; path = "Baby Needs/Plugins/cordova-plugin-fcm/FirebaseMessaging.framework"; sourceTree = "<group>"; fileEncoding = undefined; lastKnownFileType = wrapper.framework; explicitFileType = undefined; includeInIndex = 0; };
		9DD79C2044A34BAE98185DC5 /* GoogleInterchangeUtilities.framework */ = {isa = PBXFileReference; name = "GoogleInterchangeUtilities.framework"; path = "Baby Needs/Plugins/cordova-plugin-fcm/GoogleInterchangeUtilities.framework"; sourceTree = "<group>"; fileEncoding = undefined; lastKnownFileType = wrapper.framework; explicitFileType = undefined; includeInIndex = 0; };
		63E42D255EE74602BF3A41F0 /* GoogleIPhoneUtilities.framework */ = {isa = PBXFileReference; name = "GoogleIPhoneUtilities.framework"; path = "Baby Needs/Plugins/cordova-plugin-fcm/GoogleIPhoneUtilities.framework"; sourceTree = "<group>"; fileEncoding = undefined; lastKnownFileType = wrapper.framework; explicitFileType = undefined; includeInIndex = 0; };
		297A637D28DF4142BFC53801 /* GoogleSymbolUtilities.framework */ = {isa = PBXFileReference; name = "GoogleSymbolUtilities.framework"; path = "Baby Needs/Plugins/cordova-plugin-fcm/GoogleSymbolUtilities.framework"; sourceTree = "<group>"; fileEncoding = undefined; lastKnownFileType = wrapper.framework; explicitFileType = undefined; includeInIndex = 0; };
		B82889B58AC0409CB751227E /* GoogleUtilities.framework */ = {isa = PBXFileReference; name = "GoogleUtilities.framework"; path = "Baby Needs/Plugins/cordova-plugin-fcm/GoogleUtilities.framework"; sourceTree = "<group>"; fileEncoding = undefined; lastKnownFileType = wrapper.framework; explicitFileType = undefined; includeInIndex = 0; };
		D8CCC862C1AF45E8BDC65184 /* libc++.tbd */ = {isa = PBXFileReference; name = "libc++.tbd"; path = "usr/lib/libc++.tbd"; sourceTree = SDKROOT; fileEncoding = undefined; lastKnownFileType = sourcecode.text-based-dylib-definition; explicitFileType = undefined; includeInIndex = 0; };
		E511EEDCC3ED40388D1B0FEF /* libz.tbd */ = {isa = PBXFileReference; name = "libz.tbd"; path = "usr/lib/libz.tbd"; sourceTree = SDKROOT; fileEncoding = undefined; lastKnownFileType = sourcecode.text-based-dylib-definition; explicitFileType = undefined; includeInIndex = 0; };
		050E54D248084A35B6642A47 /* AddressBook.framework */ = {isa = PBXFileReference; name = "AddressBook.framework"; path = "System/Library/Frameworks/AddressBook.framework"; sourceTree = SDKROOT; fileEncoding = undefined; lastKnownFileType = wrapper.framework; explicitFileType = undefined; includeInIndex = 0; };
		F10C63E9D6BC441CBB6EB34B /* libsqlite3.0.tbd */ = {isa = PBXFileReference; name = "libsqlite3.0.tbd"; path = "usr/lib/libsqlite3.0.tbd"; sourceTree = SDKROOT; fileEncoding = undefined; lastKnownFileType = sourcecode.text-based-dylib-definition; explicitFileType = undefined; includeInIndex = 0; };
		7C6E130F1BA942A0B2AAE76C /* AppDelegate+notification.m */ = {isa = PBXFileReference; name = "AppDelegate+notification.m"; path = "phonegap-plugin-push/AppDelegate+notification.m"; sourceTree = "<group>"; fileEncoding = 4; lastKnownFileType = sourcecode.c.objc; explicitFileType = undefined; includeInIndex = 0; };
		CAE824F7012F4F36852D238E /* PushPlugin.m */ = {isa = PBXFileReference; name = "PushPlugin.m"; path = "phonegap-plugin-push/PushPlugin.m"; sourceTree = "<group>"; fileEncoding = 4; lastKnownFileType = sourcecode.c.objc; explicitFileType = undefined; includeInIndex = 0; };
		860956F7DA074DDB9B9D94D0 /* AppDelegate+notification.h */ = {isa = PBXFileReference; name = "AppDelegate+notification.h"; path = "phonegap-plugin-push/AppDelegate+notification.h"; sourceTree = "<group>"; fileEncoding = 4; lastKnownFileType = sourcecode.c.h; explicitFileType = undefined; includeInIndex = 0; };
		D53B30EC44CC490682C0B849 /* PushPlugin.h */ = {isa = PBXFileReference; name = "PushPlugin.h"; path = "phonegap-plugin-push/PushPlugin.h"; sourceTree = "<group>"; fileEncoding = 4; lastKnownFileType = sourcecode.c.h; explicitFileType = undefined; includeInIndex = 0; };
		12EF06C0655C429FBE7B2F51 /* PayPalMobileCordovaPlugin.m */ = {isa = PBXFileReference; name = "PayPalMobileCordovaPlugin.m"; path = "com.paypal.cordova.mobilesdk/PayPalMobileCordovaPlugin.m"; sourceTree = "<group>"; fileEncoding = 4; lastKnownFileType = sourcecode.c.objc; explicitFileType = undefined; includeInIndex = 0; };
		2F7732322D544719B815B28E /* libPayPalMobile.a */ = {isa = PBXFileReference; name = "libPayPalMobile.a"; path = "Baby Needs/Plugins/com.paypal.cordova.mobilesdk/libPayPalMobile.a"; sourceTree = "<group>"; fileEncoding = undefined; lastKnownFileType = archive.ar; explicitFileType = undefined; includeInIndex = 0; };
		7F984CD5E7D44572B412C9A6 /* PayPalMobileCordovaPlugin.h */ = {isa = PBXFileReference; name = "PayPalMobileCordovaPlugin.h"; path = "com.paypal.cordova.mobilesdk/PayPalMobileCordovaPlugin.h"; sourceTree = "<group>"; fileEncoding = 4; lastKnownFileType = sourcecode.c.h; explicitFileType = undefined; includeInIndex = 0; };
		985EC3E6FB8B49CFB1C2E2A5 /* PayPalConfiguration.h */ = {isa = PBXFileReference; name = "PayPalConfiguration.h"; path = "com.paypal.cordova.mobilesdk/PayPalConfiguration.h"; sourceTree = "<group>"; fileEncoding = 4; lastKnownFileType = sourcecode.c.h; explicitFileType = undefined; includeInIndex = 0; };
		407F077ED60E44A6AAD9410A /* PayPalFuturePaymentViewController.h */ = {isa = PBXFileReference; name = "PayPalFuturePaymentViewController.h"; path = "com.paypal.cordova.mobilesdk/PayPalFuturePaymentViewController.h"; sourceTree = "<group>"; fileEncoding = 4; lastKnownFileType = sourcecode.c.h; explicitFileType = undefined; includeInIndex = 0; };
		83AC1EA72CB04FA2A7BE7EE2 /* PayPalMobile.h */ = {isa = PBXFileReference; name = "PayPalMobile.h"; path = "com.paypal.cordova.mobilesdk/PayPalMobile.h"; sourceTree = "<group>"; fileEncoding = 4; lastKnownFileType = sourcecode.c.h; explicitFileType = undefined; includeInIndex = 0; };
		5A53AF527C3449D791240284 /* PayPalOAuthScopes.h */ = {isa = PBXFileReference; name = "PayPalOAuthScopes.h"; path = "com.paypal.cordova.mobilesdk/PayPalOAuthScopes.h"; sourceTree = "<group>"; fileEncoding = 4; lastKnownFileType = sourcecode.c.h; explicitFileType = undefined; includeInIndex = 0; };
		95B8925EE0D34538A16CAA35 /* PayPalPayment.h */ = {isa = PBXFileReference; name = "PayPalPayment.h"; path = "com.paypal.cordova.mobilesdk/PayPalPayment.h"; sourceTree = "<group>"; fileEncoding = 4; lastKnownFileType = sourcecode.c.h; explicitFileType = undefined; includeInIndex = 0; };
		569EAD4473D64F27AB9EBF7F /* PayPalPaymentViewController.h */ = {isa = PBXFileReference; name = "PayPalPaymentViewController.h"; path = "com.paypal.cordova.mobilesdk/PayPalPaymentViewController.h"; sourceTree = "<group>"; fileEncoding = 4; lastKnownFileType = sourcecode.c.h; explicitFileType = undefined; includeInIndex = 0; };
		0DFB6E22579C4C36A7D95AAF /* PayPalProfileSharingViewController.h */ = {isa = PBXFileReference; name = "PayPalProfileSharingViewController.h"; path = "com.paypal.cordova.mobilesdk/PayPalProfileSharingViewController.h"; sourceTree = "<group>"; fileEncoding = 4; lastKnownFileType = sourcecode.c.h; explicitFileType = undefined; includeInIndex = 0; };
		A490699B98F84A83B108F592 /* CFNetwork.framework */ = {isa = PBXFileReference; name = "CFNetwork.framework"; path = "System/Library/Frameworks/CFNetwork.framework"; sourceTree = SDKROOT; fileEncoding = undefined; lastKnownFileType = wrapper.framework; explicitFileType = undefined; includeInIndex = 0; };
		4F5A3078BCAB4C7C824DD2BA /* CoreLocation.framework */ = {isa = PBXFileReference; name = "CoreLocation.framework"; path = "System/Library/Frameworks/CoreLocation.framework"; sourceTree = SDKROOT; fileEncoding = undefined; lastKnownFileType = wrapper.framework; explicitFileType = undefined; includeInIndex = 0; };
		5DB7451CA9F949659D94CD5D /* SafariServices.framework */ = {isa = PBXFileReference; name = "SafariServices.framework"; path = "System/Library/Frameworks/SafariServices.framework"; sourceTree = SDKROOT; fileEncoding = undefined; lastKnownFileType = wrapper.framework; explicitFileType = undefined; includeInIndex = 0; };
		1E271B391E594FBB8710DB51 /* libPayPalMobile.a */ = {isa = PBXFileReference; name = "libPayPalMobile.a"; path = "libPayPalMobile.a"; sourceTree = "<group>"; fileEncoding = undefined; lastKnownFileType = archive.ar; explicitFileType = undefined; includeInIndex = 0; };
		D9E53E8687234F98B3BC0380 /* AppVersion.m */ = {isa = PBXFileReference; name = "AppVersion.m"; path = "cordova-plugin-app-version/AppVersion.m"; sourceTree = "<group>"; fileEncoding = 4; lastKnownFileType = sourcecode.c.objc; explicitFileType = undefined; includeInIndex = 0; };
		65EC94A1F05543C0A0EC3304 /* AppVersion.h */ = {isa = PBXFileReference; name = "AppVersion.h"; path = "cordova-plugin-app-version/AppVersion.h"; sourceTree = "<group>"; fileEncoding = 4; lastKnownFileType = sourcecode.c.h; explicitFileType = undefined; includeInIndex = 0; };
		027C2A8F52414FE4B1F64F5F /* CDVAppRate.m */ = {isa = PBXFileReference; name = "CDVAppRate.m"; path = "cordova-plugin-apprate/CDVAppRate.m"; sourceTree = "<group>"; fileEncoding = 4; lastKnownFileType = sourcecode.c.objc; explicitFileType = undefined; includeInIndex = 0; };
		BF404F80DBC242C181EE2593 /* CDVAppRate.h */ = {isa = PBXFileReference; name = "CDVAppRate.h"; path = "cordova-plugin-apprate/CDVAppRate.h"; sourceTree = "<group>"; fileEncoding = 4; lastKnownFileType = sourcecode.c.h; explicitFileType = undefined; includeInIndex = 0; };
		20C8716529A040C2BE110E2B /* StoreKit.framework */ = {isa = PBXFileReference; name = "StoreKit.framework"; path = "System/Library/Frameworks/StoreKit.framework"; sourceTree = SDKROOT; fileEncoding = undefined; lastKnownFileType = wrapper.framework; explicitFileType = undefined; includeInIndex = 0; };
		8F91D20689374A9CB76260EE /* CDVDevice.m */ = {isa = PBXFileReference; name = "CDVDevice.m"; path = "cordova-plugin-device/CDVDevice.m"; sourceTree = "<group>"; fileEncoding = 4; lastKnownFileType = sourcecode.c.objc; explicitFileType = undefined; includeInIndex = 0; };
		8C1E5C9255674BD3BA4EE68B /* CDVDevice.h */ = {isa = PBXFileReference; name = "CDVDevice.h"; path = "cordova-plugin-device/CDVDevice.h"; sourceTree = "<group>"; fileEncoding = 4; lastKnownFileType = sourcecode.c.h; explicitFileType = undefined; includeInIndex = 0; };
		CD029C15B01F43198218548D /* APPEmailComposer.m */ = {isa = PBXFileReference; name = "APPEmailComposer.m"; path = "cordova-plugin-email-composer/APPEmailComposer.m"; sourceTree = "<group>"; fileEncoding = 4; lastKnownFileType = sourcecode.c.objc; explicitFileType = undefined; includeInIndex = 0; };
		16B3533E1F5349FAAE161511 /* APPEmailComposerImpl.m */ = {isa = PBXFileReference; name = "APPEmailComposerImpl.m"; path = "cordova-plugin-email-composer/APPEmailComposerImpl.m"; sourceTree = "<group>"; fileEncoding = 4; lastKnownFileType = sourcecode.c.objc; explicitFileType = undefined; includeInIndex = 0; };
		04BEAFC7FF0F4886A6C6C552 /* APPEmailComposer.h */ = {isa = PBXFileReference; name = "APPEmailComposer.h"; path = "cordova-plugin-email-composer/APPEmailComposer.h"; sourceTree = "<group>"; fileEncoding = 4; lastKnownFileType = sourcecode.c.h; explicitFileType = undefined; includeInIndex = 0; };
		CECCE597DCAD4A9ABA5E7FFA /* APPEmailComposerImpl.h */ = {isa = PBXFileReference; name = "APPEmailComposerImpl.h"; path = "cordova-plugin-email-composer/APPEmailComposerImpl.h"; sourceTree = "<group>"; fileEncoding = 4; lastKnownFileType = sourcecode.c.h; explicitFileType = undefined; includeInIndex = 0; };
		56D291CA0B10474E9365ACE1 /* CDVWKWebViewEngine.m */ = {isa = PBXFileReference; name = "CDVWKWebViewEngine.m"; path = "cordova-plugin-ionic-webview/CDVWKWebViewEngine.m"; sourceTree = "<group>"; fileEncoding = 4; lastKnownFileType = sourcecode.c.objc; explicitFileType = undefined; includeInIndex = 0; };
		39B1006EF5A043DB9445025F /* CDVWKWebViewUIDelegate.m */ = {isa = PBXFileReference; name = "CDVWKWebViewUIDelegate.m"; path = "cordova-plugin-ionic-webview/CDVWKWebViewUIDelegate.m"; sourceTree = "<group>"; fileEncoding = 4; lastKnownFileType = sourcecode.c.objc; explicitFileType = undefined; includeInIndex = 0; };
		5C87A00E05104FDE845EFF8D /* CDVWKProcessPoolFactory.m */ = {isa = PBXFileReference; name = "CDVWKProcessPoolFactory.m"; path = "cordova-plugin-ionic-webview/CDVWKProcessPoolFactory.m"; sourceTree = "<group>"; fileEncoding = 4; lastKnownFileType = sourcecode.c.objc; explicitFileType = undefined; includeInIndex = 0; };
		119F6EABCF3449AB9E46AB6E /* GCDWebServer.m */ = {isa = PBXFileReference; name = "GCDWebServer.m"; path = "cordova-plugin-ionic-webview/GCDWebServer.m"; sourceTree = "<group>"; fileEncoding = 4; lastKnownFileType = sourcecode.c.objc; explicitFileType = undefined; includeInIndex = 0; };
		C0BA6D7BA66B45C3901CB3B7 /* GCDWebServerConnection.m */ = {isa = PBXFileReference; name = "GCDWebServerConnection.m"; path = "cordova-plugin-ionic-webview/GCDWebServerConnection.m"; sourceTree = "<group>"; fileEncoding = 4; lastKnownFileType = sourcecode.c.objc; explicitFileType = undefined; includeInIndex = 0; };
		A276D0D51EBA4461A286E89E /* GCDWebServerFunctions.m */ = {isa = PBXFileReference; name = "GCDWebServerFunctions.m"; path = "cordova-plugin-ionic-webview/GCDWebServerFunctions.m"; sourceTree = "<group>"; fileEncoding = 4; lastKnownFileType = sourcecode.c.objc; explicitFileType = undefined; includeInIndex = 0; };
		C88CACA00CCA4EC7AD1214E1 /* GCDWebServerRequest.m */ = {isa = PBXFileReference; name = "GCDWebServerRequest.m"; path = "cordova-plugin-ionic-webview/GCDWebServerRequest.m"; sourceTree = "<group>"; fileEncoding = 4; lastKnownFileType = sourcecode.c.objc; explicitFileType = undefined; includeInIndex = 0; };
		E9D9D15ED8DC45DAB74368E9 /* GCDWebServerResponse.m */ = {isa = PBXFileReference; name = "GCDWebServerResponse.m"; path = "cordova-plugin-ionic-webview/GCDWebServerResponse.m"; sourceTree = "<group>"; fileEncoding = 4; lastKnownFileType = sourcecode.c.objc; explicitFileType = undefined; includeInIndex = 0; };
		CCD8F8C8584545778D45D43A /* GCDWebServerDataRequest.m */ = {isa = PBXFileReference; name = "GCDWebServerDataRequest.m"; path = "cordova-plugin-ionic-webview/GCDWebServerDataRequest.m"; sourceTree = "<group>"; fileEncoding = 4; lastKnownFileType = sourcecode.c.objc; explicitFileType = undefined; includeInIndex = 0; };
		C7E17AF504C347439DDBA8B5 /* GCDWebServerFileRequest.m */ = {isa = PBXFileReference; name = "GCDWebServerFileRequest.m"; path = "cordova-plugin-ionic-webview/GCDWebServerFileRequest.m"; sourceTree = "<group>"; fileEncoding = 4; lastKnownFileType = sourcecode.c.objc; explicitFileType = undefined; includeInIndex = 0; };
		D728655D3BA2481C9A0CAA26 /* GCDWebServerMultiPartFormRequest.m */ = {isa = PBXFileReference; name = "GCDWebServerMultiPartFormRequest.m"; path = "cordova-plugin-ionic-webview/GCDWebServerMultiPartFormRequest.m"; sourceTree = "<group>"; fileEncoding = 4; lastKnownFileType = sourcecode.c.objc; explicitFileType = undefined; includeInIndex = 0; };
		7E22E1E0D2C0488CA1676121 /* GCDWebServerURLEncodedFormRequest.m */ = {isa = PBXFileReference; name = "GCDWebServerURLEncodedFormRequest.m"; path = "cordova-plugin-ionic-webview/GCDWebServerURLEncodedFormRequest.m"; sourceTree = "<group>"; fileEncoding = 4; lastKnownFileType = sourcecode.c.objc; explicitFileType = undefined; includeInIndex = 0; };
		659647DB12444C68AB51D48A /* GCDWebServerDataResponse.m */ = {isa = PBXFileReference; name = "GCDWebServerDataResponse.m"; path = "cordova-plugin-ionic-webview/GCDWebServerDataResponse.m"; sourceTree = "<group>"; fileEncoding = 4; lastKnownFileType = sourcecode.c.objc; explicitFileType = undefined; includeInIndex = 0; };
		7854877CC3E3434BA78F290F /* GCDWebServerErrorResponse.m */ = {isa = PBXFileReference; name = "GCDWebServerErrorResponse.m"; path = "cordova-plugin-ionic-webview/GCDWebServerErrorResponse.m"; sourceTree = "<group>"; fileEncoding = 4; lastKnownFileType = sourcecode.c.objc; explicitFileType = undefined; includeInIndex = 0; };
		48A179EE4AFF4432A3E0C225 /* GCDWebServerFileResponse.m */ = {isa = PBXFileReference; name = "GCDWebServerFileResponse.m"; path = "cordova-plugin-ionic-webview/GCDWebServerFileResponse.m"; sourceTree = "<group>"; fileEncoding = 4; lastKnownFileType = sourcecode.c.objc; explicitFileType = undefined; includeInIndex = 0; };
		C2B68DBDC5694A478557724B /* GCDWebServerStreamedResponse.m */ = {isa = PBXFileReference; name = "GCDWebServerStreamedResponse.m"; path = "cordova-plugin-ionic-webview/GCDWebServerStreamedResponse.m"; sourceTree = "<group>"; fileEncoding = 4; lastKnownFileType = sourcecode.c.objc; explicitFileType = undefined; includeInIndex = 0; };
		6E0E8AD225404F2CB4A501EC /* CDVWKWebViewEngine.h */ = {isa = PBXFileReference; name = "CDVWKWebViewEngine.h"; path = "cordova-plugin-ionic-webview/CDVWKWebViewEngine.h"; sourceTree = "<group>"; fileEncoding = 4; lastKnownFileType = sourcecode.c.h; explicitFileType = undefined; includeInIndex = 0; };
		09B54E5D15254842AF39FEBB /* CDVWKWebViewUIDelegate.h */ = {isa = PBXFileReference; name = "CDVWKWebViewUIDelegate.h"; path = "cordova-plugin-ionic-webview/CDVWKWebViewUIDelegate.h"; sourceTree = "<group>"; fileEncoding = 4; lastKnownFileType = sourcecode.c.h; explicitFileType = undefined; includeInIndex = 0; };
		B657DF00EC1C41E5B3EE9BEA /* CDVWKProcessPoolFactory.h */ = {isa = PBXFileReference; name = "CDVWKProcessPoolFactory.h"; path = "cordova-plugin-ionic-webview/CDVWKProcessPoolFactory.h"; sourceTree = "<group>"; fileEncoding = 4; lastKnownFileType = sourcecode.c.h; explicitFileType = undefined; includeInIndex = 0; };
		EE3486FBA75047DD85498B6C /* GCDWebServer.h */ = {isa = PBXFileReference; name = "GCDWebServer.h"; path = "cordova-plugin-ionic-webview/GCDWebServer.h"; sourceTree = "<group>"; fileEncoding = 4; lastKnownFileType = sourcecode.c.h; explicitFileType = undefined; includeInIndex = 0; };
		FDFB904AD380423F8A4C15FD /* GCDWebServerConnection.h */ = {isa = PBXFileReference; name = "GCDWebServerConnection.h"; path = "cordova-plugin-ionic-webview/GCDWebServerConnection.h"; sourceTree = "<group>"; fileEncoding = 4; lastKnownFileType = sourcecode.c.h; explicitFileType = undefined; includeInIndex = 0; };
		CACCD271298A46378C4DA809 /* GCDWebServerFunctions.h */ = {isa = PBXFileReference; name = "GCDWebServerFunctions.h"; path = "cordova-plugin-ionic-webview/GCDWebServerFunctions.h"; sourceTree = "<group>"; fileEncoding = 4; lastKnownFileType = sourcecode.c.h; explicitFileType = undefined; includeInIndex = 0; };
		E2332D635D4E4ABD9360F615 /* GCDWebServerHTTPStatusCodes.h */ = {isa = PBXFileReference; name = "GCDWebServerHTTPStatusCodes.h"; path = "cordova-plugin-ionic-webview/GCDWebServerHTTPStatusCodes.h"; sourceTree = "<group>"; fileEncoding = 4; lastKnownFileType = sourcecode.c.h; explicitFileType = undefined; includeInIndex = 0; };
		D7A5AD5C4F484E6981D5DC71 /* GCDWebServerPrivate.h */ = {isa = PBXFileReference; name = "GCDWebServerPrivate.h"; path = "cordova-plugin-ionic-webview/GCDWebServerPrivate.h"; sourceTree = "<group>"; fileEncoding = 4; lastKnownFileType = sourcecode.c.h; explicitFileType = undefined; includeInIndex = 0; };
		EA63559654B04C6DBD8F7E12 /* GCDWebServerRequest.h */ = {isa = PBXFileReference; name = "GCDWebServerRequest.h"; path = "cordova-plugin-ionic-webview/GCDWebServerRequest.h"; sourceTree = "<group>"; fileEncoding = 4; lastKnownFileType = sourcecode.c.h; explicitFileType = undefined; includeInIndex = 0; };
		14DA5D3A5A0B4CB4B63F2A8D /* GCDWebServerResponse.h */ = {isa = PBXFileReference; name = "GCDWebServerResponse.h"; path = "cordova-plugin-ionic-webview/GCDWebServerResponse.h"; sourceTree = "<group>"; fileEncoding = 4; lastKnownFileType = sourcecode.c.h; explicitFileType = undefined; includeInIndex = 0; };
		D1DDE334C94A4CC4BB61817F /* GCDWebServerDataRequest.h */ = {isa = PBXFileReference; name = "GCDWebServerDataRequest.h"; path = "cordova-plugin-ionic-webview/GCDWebServerDataRequest.h"; sourceTree = "<group>"; fileEncoding = 4; lastKnownFileType = sourcecode.c.h; explicitFileType = undefined; includeInIndex = 0; };
		1FDE127BF79540608D0644C5 /* GCDWebServerFileRequest.h */ = {isa = PBXFileReference; name = "GCDWebServerFileRequest.h"; path = "cordova-plugin-ionic-webview/GCDWebServerFileRequest.h"; sourceTree = "<group>"; fileEncoding = 4; lastKnownFileType = sourcecode.c.h; explicitFileType = undefined; includeInIndex = 0; };
		87FBA4084E3C46CAB99163F2 /* GCDWebServerMultiPartFormRequest.h */ = {isa = PBXFileReference; name = "GCDWebServerMultiPartFormRequest.h"; path = "cordova-plugin-ionic-webview/GCDWebServerMultiPartFormRequest.h"; sourceTree = "<group>"; fileEncoding = 4; lastKnownFileType = sourcecode.c.h; explicitFileType = undefined; includeInIndex = 0; };
		F6A99844FCE3438EA31FCADD /* GCDWebServerURLEncodedFormRequest.h */ = {isa = PBXFileReference; name = "GCDWebServerURLEncodedFormRequest.h"; path = "cordova-plugin-ionic-webview/GCDWebServerURLEncodedFormRequest.h"; sourceTree = "<group>"; fileEncoding = 4; lastKnownFileType = sourcecode.c.h; explicitFileType = undefined; includeInIndex = 0; };
		81E98E46D51E418CBB486236 /* GCDWebServerDataResponse.h */ = {isa = PBXFileReference; name = "GCDWebServerDataResponse.h"; path = "cordova-plugin-ionic-webview/GCDWebServerDataResponse.h"; sourceTree = "<group>"; fileEncoding = 4; lastKnownFileType = sourcecode.c.h; explicitFileType = undefined; includeInIndex = 0; };
		63E480EDA6A5478F90FD3027 /* GCDWebServerErrorResponse.h */ = {isa = PBXFileReference; name = "GCDWebServerErrorResponse.h"; path = "cordova-plugin-ionic-webview/GCDWebServerErrorResponse.h"; sourceTree = "<group>"; fileEncoding = 4; lastKnownFileType = sourcecode.c.h; explicitFileType = undefined; includeInIndex = 0; };
		CFFE3EF0FFEB4D558B10D76F /* GCDWebServerFileResponse.h */ = {isa = PBXFileReference; name = "GCDWebServerFileResponse.h"; path = "cordova-plugin-ionic-webview/GCDWebServerFileResponse.h"; sourceTree = "<group>"; fileEncoding = 4; lastKnownFileType = sourcecode.c.h; explicitFileType = undefined; includeInIndex = 0; };
		295692C644CD4B1DA882B9E1 /* GCDWebServerStreamedResponse.h */ = {isa = PBXFileReference; name = "GCDWebServerStreamedResponse.h"; path = "cordova-plugin-ionic-webview/GCDWebServerStreamedResponse.h"; sourceTree = "<group>"; fileEncoding = 4; lastKnownFileType = sourcecode.c.h; explicitFileType = undefined; includeInIndex = 0; };
		4B7A5DC2545D481687CDD068 /* WebKit.framework */ = {isa = PBXFileReference; name = "WebKit.framework"; path = "System/Library/Frameworks/WebKit.framework"; sourceTree = SDKROOT; fileEncoding = undefined; lastKnownFileType = wrapper.framework; explicitFileType = undefined; includeInIndex = 0; };
		9B37AE72D3E843EE9566546C /* CDVSplashScreen.m */ = {isa = PBXFileReference; name = "CDVSplashScreen.m"; path = "cordova-plugin-splashscreen/CDVSplashScreen.m"; sourceTree = "<group>"; fileEncoding = 4; lastKnownFileType = sourcecode.c.objc; explicitFileType = undefined; includeInIndex = 0; };
		FC1B42ECD6BF428983A2EFE3 /* CDVViewController+SplashScreen.m */ = {isa = PBXFileReference; name = "CDVViewController+SplashScreen.m"; path = "cordova-plugin-splashscreen/CDVViewController+SplashScreen.m"; sourceTree = "<group>"; fileEncoding = 4; lastKnownFileType = sourcecode.c.objc; explicitFileType = undefined; includeInIndex = 0; };
		36D1BA17D08B47629593AC6A /* CDVSplashScreen.h */ = {isa = PBXFileReference; name = "CDVSplashScreen.h"; path = "cordova-plugin-splashscreen/CDVSplashScreen.h"; sourceTree = "<group>"; fileEncoding = 4; lastKnownFileType = sourcecode.c.h; explicitFileType = undefined; includeInIndex = 0; };
		9C111A12039645C48A049522 /* CDVViewController+SplashScreen.h */ = {isa = PBXFileReference; name = "CDVViewController+SplashScreen.h"; path = "cordova-plugin-splashscreen/CDVViewController+SplashScreen.h"; sourceTree = "<group>"; fileEncoding = 4; lastKnownFileType = sourcecode.c.h; explicitFileType = undefined; includeInIndex = 0; };
		00B9CF8BE10F47B3BD7503DD /* CDVStatusBar.m */ = {isa = PBXFileReference; name = "CDVStatusBar.m"; path = "cordova-plugin-statusbar/CDVStatusBar.m"; sourceTree = "<group>"; fileEncoding = 4; lastKnownFileType = sourcecode.c.objc; explicitFileType = undefined; includeInIndex = 0; };
		382F358D98534A4A963E0C50 /* CDVStatusBar.h */ = {isa = PBXFileReference; name = "CDVStatusBar.h"; path = "cordova-plugin-statusbar/CDVStatusBar.h"; sourceTree = "<group>"; fileEncoding = 4; lastKnownFileType = sourcecode.c.h; explicitFileType = undefined; includeInIndex = 0; };
		FF8D81465A954CA59A020435 /* CordovaStripe.m */ = {isa = PBXFileReference; name = "CordovaStripe.m"; path = "cordova-plugin-stripe/CordovaStripe.m"; sourceTree = "<group>"; fileEncoding = 4; lastKnownFileType = sourcecode.c.objc; explicitFileType = undefined; includeInIndex = 0; };
		26D076E5DDCF4BD289C15A75 /* CordovaStripe.h */ = {isa = PBXFileReference; name = "CordovaStripe.h"; path = "cordova-plugin-stripe/CordovaStripe.h"; sourceTree = "<group>"; fileEncoding = 4; lastKnownFileType = sourcecode.c.h; explicitFileType = undefined; includeInIndex = 0; };
		12424A563C29466995ACE6FC /* Stripe.framework */ = {isa = PBXFileReference; name = "Stripe.framework"; path = "Baby Needs/Plugins/cordova-plugin-stripe/Stripe.framework"; sourceTree = "<group>"; fileEncoding = undefined; lastKnownFileType = wrapper.framework; explicitFileType = undefined; includeInIndex = 0; };
		3A5CDD4AE8804E1D9EFA2AF2 /* NSString+SSURLEncoding.m */ = {isa = PBXFileReference; name = "NSString+SSURLEncoding.m"; path = "cordova-plugin-x-socialsharing/NSString+SSURLEncoding.m"; sourceTree = "<group>"; fileEncoding = 4; lastKnownFileType = sourcecode.c.objc; explicitFileType = undefined; includeInIndex = 0; };
		993A4C35BD7F4F60807130DD /* SocialSharing.m */ = {isa = PBXFileReference; name = "SocialSharing.m"; path = "cordova-plugin-x-socialsharing/SocialSharing.m"; sourceTree = "<group>"; fileEncoding = 4; lastKnownFileType = sourcecode.c.objc; explicitFileType = undefined; includeInIndex = 0; };
		9AF88B5295B7439C96E8A8D0 /* NSString+SSURLEncoding.h */ = {isa = PBXFileReference; name = "NSString+SSURLEncoding.h"; path = "cordova-plugin-x-socialsharing/NSString+SSURLEncoding.h"; sourceTree = "<group>"; fileEncoding = 4; lastKnownFileType = sourcecode.c.h; explicitFileType = undefined; includeInIndex = 0; };
		AAF2451A48284BB8B8BEA788 /* SocialSharing.h */ = {isa = PBXFileReference; name = "SocialSharing.h"; path = "cordova-plugin-x-socialsharing/SocialSharing.h"; sourceTree = "<group>"; fileEncoding = 4; lastKnownFileType = sourcecode.c.h; explicitFileType = undefined; includeInIndex = 0; };
		9E63D3F2CEB64B259E90B6A2 /* Social.framework */ = {isa = PBXFileReference; name = "Social.framework"; path = "System/Library/Frameworks/Social.framework"; sourceTree = SDKROOT; fileEncoding = undefined; lastKnownFileType = wrapper.framework; explicitFileType = undefined; includeInIndex = 0; };
		3CC1A45C7A3A4E50BB3B8838 /* MessageUI.framework */ = {isa = PBXFileReference; name = "MessageUI.framework"; path = "System/Library/Frameworks/MessageUI.framework"; sourceTree = SDKROOT; fileEncoding = undefined; lastKnownFileType = wrapper.framework; explicitFileType = undefined; includeInIndex = 0; };
		EA3AC273D5DE44BBA35AB5BB /* IonicKeyboard.m */ = {isa = PBXFileReference; name = "IonicKeyboard.m"; path = "ionic-plugin-keyboard/IonicKeyboard.m"; sourceTree = "<group>"; fileEncoding = 4; lastKnownFileType = sourcecode.c.objc; explicitFileType = undefined; includeInIndex = 0; };
		BFE06B40E333439A93A92BDE /* IonicKeyboard.h */ = {isa = PBXFileReference; name = "IonicKeyboard.h"; path = "ionic-plugin-keyboard/IonicKeyboard.h"; sourceTree = "<group>"; fileEncoding = 4; lastKnownFileType = sourcecode.c.h; explicitFileType = undefined; includeInIndex = 0; };
		C08721EAACBC49F692E6E12E /* OneSignalPush.m */ = {isa = PBXFileReference; name = "OneSignalPush.m"; path = "onesignal-cordova-plugin/OneSignalPush.m"; sourceTree = "<group>"; fileEncoding = 4; lastKnownFileType = sourcecode.c.objc; explicitFileType = undefined; includeInIndex = 0; };
		6416735D41C74CB4A34EB404 /* OneSignalPush.h */ = {isa = PBXFileReference; name = "OneSignalPush.h"; path = "onesignal-cordova-plugin/OneSignalPush.h"; sourceTree = "<group>"; fileEncoding = 4; lastKnownFileType = sourcecode.c.h; explicitFileType = undefined; includeInIndex = 0; };
		1A081810986D49CDA7182718 /* SystemConfiguration.framework */ = {isa = PBXFileReference; name = "SystemConfiguration.framework"; path = "System/Library/Frameworks/SystemConfiguration.framework"; sourceTree = SDKROOT; fileEncoding = undefined; lastKnownFileType = wrapper.framework; explicitFileType = undefined; includeInIndex = 0; };
		A23C18DF2F20426BB14030B4 /* CardIOCordovaPlugin.m */ = {isa = PBXFileReference; name = "CardIOCordovaPlugin.m"; path = "card.io.cordova.mobilesdk/CardIOCordovaPlugin.m"; sourceTree = "<group>"; fileEncoding = 4; lastKnownFileType = sourcecode.c.objc; explicitFileType = undefined; includeInIndex = 0; };
		C4927CDC02B44A4398E46C7A /* libCardIO.a */ = {isa = PBXFileReference; name = "libCardIO.a"; path = "Baby Needs/Plugins/card.io.cordova.mobilesdk/libCardIO.a"; sourceTree = "<group>"; fileEncoding = undefined; lastKnownFileType = archive.ar; explicitFileType = undefined; includeInIndex = 0; };
		AE3947788EB64234836E8F33 /* libopencv_core.a */ = {isa = PBXFileReference; name = "libopencv_core.a"; path = "Baby Needs/Plugins/card.io.cordova.mobilesdk/libopencv_core.a"; sourceTree = "<group>"; fileEncoding = undefined; lastKnownFileType = archive.ar; explicitFileType = undefined; includeInIndex = 0; };
		F12D5571BE2B41048A9C4F05 /* libopencv_imgproc.a */ = {isa = PBXFileReference; name = "libopencv_imgproc.a"; path = "Baby Needs/Plugins/card.io.cordova.mobilesdk/libopencv_imgproc.a"; sourceTree = "<group>"; fileEncoding = undefined; lastKnownFileType = archive.ar; explicitFileType = undefined; includeInIndex = 0; };
		2F9C14768E254D8180AED3E6 /* CardIOCordovaPlugin.h */ = {isa = PBXFileReference; name = "CardIOCordovaPlugin.h"; path = "card.io.cordova.mobilesdk/CardIOCordovaPlugin.h"; sourceTree = "<group>"; fileEncoding = 4; lastKnownFileType = sourcecode.c.h; explicitFileType = undefined; includeInIndex = 0; };
		74FC4B6A381A45F7BF5A3ADD /* CardIO.h */ = {isa = PBXFileReference; name = "CardIO.h"; path = "card.io.cordova.mobilesdk/CardIO.h"; sourceTree = "<group>"; fileEncoding = 4; lastKnownFileType = sourcecode.c.h; explicitFileType = undefined; includeInIndex = 0; };
		3D4DFA28F1BE4318B632E9DA /* CardIOCreditCardInfo.h */ = {isa = PBXFileReference; name = "CardIOCreditCardInfo.h"; path = "card.io.cordova.mobilesdk/CardIOCreditCardInfo.h"; sourceTree = "<group>"; fileEncoding = 4; lastKnownFileType = sourcecode.c.h; explicitFileType = undefined; includeInIndex = 0; };
		6094DAAD357142F29EE255C8 /* CardIODetectionMode.h */ = {isa = PBXFileReference; name = "CardIODetectionMode.h"; path = "card.io.cordova.mobilesdk/CardIODetectionMode.h"; sourceTree = "<group>"; fileEncoding = 4; lastKnownFileType = sourcecode.c.h; explicitFileType = undefined; includeInIndex = 0; };
		2953C1FE9B924C41BB13CFC1 /* CardIOPaymentViewController.h */ = {isa = PBXFileReference; name = "CardIOPaymentViewController.h"; path = "card.io.cordova.mobilesdk/CardIOPaymentViewController.h"; sourceTree = "<group>"; fileEncoding = 4; lastKnownFileType = sourcecode.c.h; explicitFileType = undefined; includeInIndex = 0; };
		2795F5A3A6F34271A898B32D /* CardIOPaymentViewControllerDelegate.h */ = {isa = PBXFileReference; name = "CardIOPaymentViewControllerDelegate.h"; path = "card.io.cordova.mobilesdk/CardIOPaymentViewControllerDelegate.h"; sourceTree = "<group>"; fileEncoding = 4; lastKnownFileType = sourcecode.c.h; explicitFileType = undefined; includeInIndex = 0; };
		AC8BCA0796124B45943F9092 /* CardIOUtilities.h */ = {isa = PBXFileReference; name = "CardIOUtilities.h"; path = "card.io.cordova.mobilesdk/CardIOUtilities.h"; sourceTree = "<group>"; fileEncoding = 4; lastKnownFileType = sourcecode.c.h; explicitFileType = undefined; includeInIndex = 0; };
		483D30AF409644F69EDD539B /* CardIOView.h */ = {isa = PBXFileReference; name = "CardIOView.h"; path = "card.io.cordova.mobilesdk/CardIOView.h"; sourceTree = "<group>"; fileEncoding = 4; lastKnownFileType = sourcecode.c.h; explicitFileType = undefined; includeInIndex = 0; };
		4B0D6AED8B5849FDA0BF66A1 /* CardIOViewDelegate.h */ = {isa = PBXFileReference; name = "CardIOViewDelegate.h"; path = "card.io.cordova.mobilesdk/CardIOViewDelegate.h"; sourceTree = "<group>"; fileEncoding = 4; lastKnownFileType = sourcecode.c.h; explicitFileType = undefined; includeInIndex = 0; };
		28B4BE9D149F4FAD993F35ED /* Accelerate.framework */ = {isa = PBXFileReference; name = "Accelerate.framework"; path = "System/Library/Frameworks/Accelerate.framework"; sourceTree = SDKROOT; fileEncoding = undefined; lastKnownFileType = wrapper.framework; explicitFileType = undefined; includeInIndex = 0; };
		C7F3049F0931492C8324D34F /* AVFoundation.framework */ = {isa = PBXFileReference; name = "AVFoundation.framework"; path = "System/Library/Frameworks/AVFoundation.framework"; sourceTree = SDKROOT; fileEncoding = undefined; lastKnownFileType = wrapper.framework; explicitFileType = undefined; includeInIndex = 0; };
		BCAAE88E1277456CB6A5CAB9 /* CoreMedia.framework */ = {isa = PBXFileReference; name = "CoreMedia.framework"; path = "System/Library/Frameworks/CoreMedia.framework"; sourceTree = SDKROOT; fileEncoding = undefined; lastKnownFileType = wrapper.framework; explicitFileType = undefined; includeInIndex = 0; };
		02037B91347D4961A42A21AF /* CoreVideo.framework */ = {isa = PBXFileReference; name = "CoreVideo.framework"; path = "System/Library/Frameworks/CoreVideo.framework"; sourceTree = SDKROOT; fileEncoding = undefined; lastKnownFileType = wrapper.framework; explicitFileType = undefined; includeInIndex = 0; };
		DD1948B2AA2E4CC3AABC6608 /* Foundation.framework */ = {isa = PBXFileReference; name = "Foundation.framework"; path = "System/Library/Frameworks/Foundation.framework"; sourceTree = SDKROOT; fileEncoding = undefined; lastKnownFileType = wrapper.framework; explicitFileType = undefined; includeInIndex = 0; };
		4ACCA516B47D406A94BDF6BF /* OpenGLES.framework */ = {isa = PBXFileReference; name = "OpenGLES.framework"; path = "System/Library/Frameworks/OpenGLES.framework"; sourceTree = SDKROOT; fileEncoding = undefined; lastKnownFileType = wrapper.framework; explicitFileType = undefined; includeInIndex = 0; };
		5E57C3D1F354476989C225ED /* QuartzCore.framework */ = {isa = PBXFileReference; name = "QuartzCore.framework"; path = "System/Library/Frameworks/QuartzCore.framework"; sourceTree = SDKROOT; fileEncoding = undefined; lastKnownFileType = wrapper.framework; explicitFileType = undefined; includeInIndex = 0; };
		4DA0663585F7448C992CB28D /* Security.framework */ = {isa = PBXFileReference; name = "Security.framework"; path = "System/Library/Frameworks/Security.framework"; sourceTree = SDKROOT; fileEncoding = undefined; lastKnownFileType = wrapper.framework; explicitFileType = undefined; includeInIndex = 0; };
		5C319C3D239C46BE8C19D2E1 /* UIKit.framework */ = {isa = PBXFileReference; name = "UIKit.framework"; path = "System/Library/Frameworks/UIKit.framework"; sourceTree = SDKROOT; fileEncoding = undefined; lastKnownFileType = wrapper.framework; explicitFileType = undefined; includeInIndex = 0; };
		2AF655D715514F7AA92A3D9A /* libc++.dylib */ = {isa = PBXFileReference; name = "libc++.dylib"; path = "usr/lib/libc++.dylib"; sourceTree = SDKROOT; fileEncoding = undefined; lastKnownFileType = compiled.mach-o.dylib; explicitFileType = undefined; includeInIndex = 0; };
		12C1BB3D0EBB48B18A789FC2 /* CDVNotification.m */ = {isa = PBXFileReference; name = "CDVNotification.m"; path = "cordova-plugin-dialogs/CDVNotification.m"; sourceTree = "<group>"; fileEncoding = 4; lastKnownFileType = sourcecode.c.objc; explicitFileType = undefined; includeInIndex = 0; };
		82FAD4596EDB4517B1BEF16C /* CDVNotification.h */ = {isa = PBXFileReference; name = "CDVNotification.h"; path = "cordova-plugin-dialogs/CDVNotification.h"; sourceTree = "<group>"; fileEncoding = 4; lastKnownFileType = sourcecode.c.h; explicitFileType = undefined; includeInIndex = 0; };
		439CB781A50E474A8F3D422F /* CDVNotification.bundle */ = {isa = PBXFileReference; name = "CDVNotification.bundle"; path = "CDVNotification.bundle"; sourceTree = "<group>"; fileEncoding = undefined; lastKnownFileType = wrapper.plug-in; explicitFileType = undefined; includeInIndex = 0; };
		29BCA806079B413FA91F240D /* AudioToolbox.framework */ = {isa = PBXFileReference; name = "AudioToolbox.framework"; path = "System/Library/Frameworks/AudioToolbox.framework"; sourceTree = SDKROOT; fileEncoding = undefined; lastKnownFileType = wrapper.framework; explicitFileType = undefined; includeInIndex = 0; };
		F8DB9C19811B445F81C9EFB3 /* CDVGlobalization.m */ = {isa = PBXFileReference; name = "CDVGlobalization.m"; path = "cordova-plugin-globalization/CDVGlobalization.m"; sourceTree = "<group>"; fileEncoding = 4; lastKnownFileType = sourcecode.c.objc; explicitFileType = undefined; includeInIndex = 0; };
		78988B37DF084EFD941679F2 /* CDVGlobalization.h */ = {isa = PBXFileReference; name = "CDVGlobalization.h"; path = "cordova-plugin-globalization/CDVGlobalization.h"; sourceTree = "<group>"; fileEncoding = 4; lastKnownFileType = sourcecode.c.h; explicitFileType = undefined; includeInIndex = 0; };
		3993FE0BA8FE483396068C7B /* CDVInAppBrowser.m */ = {isa = PBXFileReference; name = "CDVInAppBrowser.m"; path = "cordova-plugin-inappbrowser/CDVInAppBrowser.m"; sourceTree = "<group>"; fileEncoding = 4; lastKnownFileType = sourcecode.c.objc; explicitFileType = undefined; includeInIndex = 0; };
		25217987A2264E89AC2D94FD /* CDVInAppBrowser.h */ = {isa = PBXFileReference; name = "CDVInAppBrowser.h"; path = "cordova-plugin-inappbrowser/CDVInAppBrowser.h"; sourceTree = "<group>"; fileEncoding = 4; lastKnownFileType = sourcecode.c.h; explicitFileType = undefined; includeInIndex = 0; };
		97ADE0F1001740DAA17B9B06 /* NativeStorage.m */ = {isa = PBXFileReference; name = "NativeStorage.m"; path = "cordova-plugin-nativestorage/NativeStorage.m"; sourceTree = "<group>"; fileEncoding = 4; lastKnownFileType = sourcecode.c.objc; explicitFileType = undefined; includeInIndex = 0; };
		B7E5297886C9463797094248 /* NativeStorage.h */ = {isa = PBXFileReference; name = "NativeStorage.h"; path = "cordova-plugin-nativestorage/NativeStorage.h"; sourceTree = "<group>"; fileEncoding = 4; lastKnownFileType = sourcecode.c.h; explicitFileType = undefined; includeInIndex = 0; };
/* End PBXFileReference section */

/* Begin PBXFrameworksBuildPhase section */
		1D60588F0D05DD3D006BFB54 /* Frameworks */ = {
			isa = PBXFrameworksBuildPhase;
			buildActionMask = 2147483647;
			files = (
				301BF552109A68D80062928A /* libCordova.a in Frameworks */,
				78E99D9BC21E4C85A966F660 /* FirebaseAnalytics.framework in Frameworks */,
				E5D0D42E97FB44688D23DC19 /* FirebaseCore.framework in Frameworks */,
				CBE7E6B565144753B5285667 /* FirebaseInstanceID.framework in Frameworks */,
				EDA85B73F2AA4C8B8E74F708 /* FirebaseMessaging.framework in Frameworks */,
				3317AEFA57F04E6CBB0EEA68 /* GoogleInterchangeUtilities.framework in Frameworks */,
				1AB8D7D52C3D40258F7FD5DF /* GoogleIPhoneUtilities.framework in Frameworks */,
				1C052A77A4394C659FDFDD14 /* GoogleSymbolUtilities.framework in Frameworks */,
				6F85E4E8752A479785477092 /* GoogleUtilities.framework in Frameworks */,
				355E2F0769A449C7B471FB55 /* libc++.tbd in Frameworks */,
				5DB88230598945B59CDC2D3E /* libz.tbd in Frameworks */,
				78E0E89EAC664BA7B25CB78D /* AddressBook.framework in Frameworks */,
				B0AC77C932B34AD59EA47521 /* libsqlite3.0.tbd in Frameworks */,
				AD61A6C13C9342FCB9095C64 /* libPayPalMobile.a in Frameworks */,
				93E5F7AB203849E489F3C22D /* CFNetwork.framework in Frameworks */,
				66133C77D8764AC3873A5F6E /* CoreLocation.framework in Frameworks */,
				D0C5FBA21F6A4E04AF208B3A /* SafariServices.framework in Frameworks */,
				072536A572E543618DB89B7E /* libPayPalMobile.a in Frameworks */,
				D50BBC76AE9A4EB9A7231DB4 /* StoreKit.framework in Frameworks */,
				0853FF9C3AD64EA9B72F5E95 /* WebKit.framework in Frameworks */,
				BB5E3CC2F8CB437C8D8D0585 /* Stripe.framework in Frameworks */,
				25A055F651FE42C9A147D5C7 /* Social.framework in Frameworks */,
				CE3BCEBA8B984696A00A2CB4 /* MessageUI.framework in Frameworks */,
				DB6DCBDCD8AC46FE93C6FFE9 /* SystemConfiguration.framework in Frameworks */,
				E64AF60E410C42269C17222E /* libCardIO.a in Frameworks */,
				F21CC29FF708435C8F985063 /* libopencv_core.a in Frameworks */,
				7E886CD4A83A4A84854D3ACC /* libopencv_imgproc.a in Frameworks */,
				1935460333244324915BB68E /* Accelerate.framework in Frameworks */,
				19828EEDB3104EC7A24A6FA2 /* AVFoundation.framework in Frameworks */,
				FCA8062572964F2B8A31441F /* CoreMedia.framework in Frameworks */,
				DE7E9A17F14B4B9CA2554481 /* CoreVideo.framework in Frameworks */,
				418E362A30584916B903220A /* Foundation.framework in Frameworks */,
				369484BBA9224800971B959A /* OpenGLES.framework in Frameworks */,
				1E3F36A78B304441A3B47D75 /* QuartzCore.framework in Frameworks */,
				6F17D874BA8C4AB9B1648D6B /* Security.framework in Frameworks */,
				A30D938FD9474EEAB46FA36A /* UIKit.framework in Frameworks */,
				427373562EF34F3CA27D48FB /* libc++.dylib in Frameworks */,
				9318AC5BABE34F83AA67626C /* AudioToolbox.framework in Frameworks */,
			);
			runOnlyForDeploymentPostprocessing = 0;
		};
/* End PBXFrameworksBuildPhase section */

/* Begin PBXGroup section */
		080E96DDFE201D6D7F000001 /* Classes */ = {
			isa = PBXGroup;
			children = (
				302D95EE14D2391D003F00A1 /* MainViewController.h */,
				302D95EF14D2391D003F00A1 /* MainViewController.m */,
				302D95F014D2391D003F00A1 /* MainViewController.xib */,
				1D3623240D0F684500981E51 /* AppDelegate.h */,
				1D3623250D0F684500981E51 /* AppDelegate.m */,
			);
			name = Classes;
			path = "Baby Needs/Classes";
			sourceTree = SOURCE_ROOT;
		};
		19C28FACFE9D520D11CA2CBB /* Products */ = {
			isa = PBXGroup;
			children = (
				1D6058910D05DD3D006BFB54 /* Baby Needs.app */,
			);
			name = Products;
			sourceTree = "<group>";
		};
		29B97314FDCFA39411CA2CEA /* CustomTemplate */ = {
			isa = PBXGroup;
			children = (
				EB87FDF41871DAF40020F90C /* config.xml */,
				EB87FDF31871DA8E0020F90C /* www */,
				EB87FDF11871DA420020F90C /* Staging */,
				301BF52D109A57CC0062928A /* CordovaLib.xcodeproj */,
				080E96DDFE201D6D7F000001 /* Classes */,
				307C750510C5A3420062BCA9 /* Plugins */,
				29B97315FDCFA39411CA2CEA /* Other Sources */,
				29B97317FDCFA39411CA2CEA /* Resources */,
				29B97323FDCFA39411CA2CEA /* Frameworks */,
				19C28FACFE9D520D11CA2CBB /* Products */,
			);
			name = CustomTemplate;
			sourceTree = "<group>";
		};
		29B97315FDCFA39411CA2CEA /* Other Sources */ = {
			isa = PBXGroup;
			children = (
				32CA4F630368D1EE00C91783 /* Baby Needs-Prefix.pch */,
				29B97316FDCFA39411CA2CEA /* main.m */,
				ED33DF2A687741AEAF9F8254 /* Bridging-Header.h */,
			);
			name = "Other Sources";
			path = "Baby Needs";
			sourceTree = "<group>";
		};
		29B97317FDCFA39411CA2CEA /* Resources */ = {
			isa = PBXGroup;
			children = (
				0207DA571B56EA530066E2B4 /* Images.xcassets */,
				3047A50E1AB8057F00498E2A /* config */,
				8D1107310486CEB800E47090 /* Baby Needs-Info.plist */,
				6AFF5BF81D6E424B00AB3073 /* CDVLaunchScreen.storyboard */,
				83BDFCEA7ECE45259B4A7D05 /* GoogleService-Info.plist */,
				439CB781A50E474A8F3D422F /* CDVNotification.bundle */,
			);
			name = Resources;
			path = "Baby Needs/Resources";
			sourceTree = "<group>";
		};
		29B97323FDCFA39411CA2CEA /* Frameworks */ = {
			isa = PBXGroup;
			children = (
				AEFD71F7222D4AF19F88829D /* FirebaseAnalytics.framework */,
				3AA2800F9F2D4F629FB91171 /* FirebaseCore.framework */,
				C0614A43AE0E4FDB9DD24FFF /* FirebaseInstanceID.framework */,
				E6359B8BBAFF4581B96E205C /* FirebaseMessaging.framework */,
				9DD79C2044A34BAE98185DC5 /* GoogleInterchangeUtilities.framework */,
				63E42D255EE74602BF3A41F0 /* GoogleIPhoneUtilities.framework */,
				297A637D28DF4142BFC53801 /* GoogleSymbolUtilities.framework */,
				B82889B58AC0409CB751227E /* GoogleUtilities.framework */,
				D8CCC862C1AF45E8BDC65184 /* libc++.tbd */,
				E511EEDCC3ED40388D1B0FEF /* libz.tbd */,
				050E54D248084A35B6642A47 /* AddressBook.framework */,
				F10C63E9D6BC441CBB6EB34B /* libsqlite3.0.tbd */,
				2F7732322D544719B815B28E /* libPayPalMobile.a */,
				A490699B98F84A83B108F592 /* CFNetwork.framework */,
				4F5A3078BCAB4C7C824DD2BA /* CoreLocation.framework */,
				5DB7451CA9F949659D94CD5D /* SafariServices.framework */,
				1E271B391E594FBB8710DB51 /* libPayPalMobile.a */,
				20C8716529A040C2BE110E2B /* StoreKit.framework */,
				4B7A5DC2545D481687CDD068 /* WebKit.framework */,
				12424A563C29466995ACE6FC /* Stripe.framework */,
				9E63D3F2CEB64B259E90B6A2 /* Social.framework */,
				3CC1A45C7A3A4E50BB3B8838 /* MessageUI.framework */,
				1A081810986D49CDA7182718 /* SystemConfiguration.framework */,
				C4927CDC02B44A4398E46C7A /* libCardIO.a */,
				AE3947788EB64234836E8F33 /* libopencv_core.a */,
				F12D5571BE2B41048A9C4F05 /* libopencv_imgproc.a */,
				28B4BE9D149F4FAD993F35ED /* Accelerate.framework */,
				C7F3049F0931492C8324D34F /* AVFoundation.framework */,
				BCAAE88E1277456CB6A5CAB9 /* CoreMedia.framework */,
				02037B91347D4961A42A21AF /* CoreVideo.framework */,
				DD1948B2AA2E4CC3AABC6608 /* Foundation.framework */,
				4ACCA516B47D406A94BDF6BF /* OpenGLES.framework */,
				5E57C3D1F354476989C225ED /* QuartzCore.framework */,
				4DA0663585F7448C992CB28D /* Security.framework */,
				5C319C3D239C46BE8C19D2E1 /* UIKit.framework */,
				2AF655D715514F7AA92A3D9A /* libc++.dylib */,
				29BCA806079B413FA91F240D /* AudioToolbox.framework */,
			);
			name = Frameworks;
			sourceTree = "<group>";
		};
		301BF52E109A57CC0062928A /* Products */ = {
			isa = PBXGroup;
			children = (
				301BF535109A57CC0062928A /* libCordova.a */,
			);
			name = Products;
			sourceTree = "<group>";
		};
		3047A50E1AB8057F00498E2A /* config */ = {
			isa = PBXGroup;
			children = (
				3047A50F1AB8059700498E2A /* build-debug.xcconfig */,
				3047A5101AB8059700498E2A /* build-release.xcconfig */,
				3047A5111AB8059700498E2A /* build.xcconfig */,
			);
			name = config;
			sourceTree = "<group>";
		};
		307C750510C5A3420062BCA9 /* Plugins */ = {
			isa = PBXGroup;
			children = (
				CA7688AC9F3849F68710CDCC /* FCMPlugin.m */,
				754D7067A3FB49B2974355EB /* AppDelegate+FCMPlugin.m */,
				87B0A2F9D6604B88BA205FE8 /* FCMPlugin.h */,
				EB9FEFC2FAA944A2A043AA6E /* AppDelegate+FCMPlugin.h */,
				875CEFAB0AB24FA381A068FA /* Firebase.h */,
				7C6E130F1BA942A0B2AAE76C /* AppDelegate+notification.m */,
				CAE824F7012F4F36852D238E /* PushPlugin.m */,
				860956F7DA074DDB9B9D94D0 /* AppDelegate+notification.h */,
				D53B30EC44CC490682C0B849 /* PushPlugin.h */,
				12EF06C0655C429FBE7B2F51 /* PayPalMobileCordovaPlugin.m */,
				7F984CD5E7D44572B412C9A6 /* PayPalMobileCordovaPlugin.h */,
				985EC3E6FB8B49CFB1C2E2A5 /* PayPalConfiguration.h */,
				407F077ED60E44A6AAD9410A /* PayPalFuturePaymentViewController.h */,
				83AC1EA72CB04FA2A7BE7EE2 /* PayPalMobile.h */,
				5A53AF527C3449D791240284 /* PayPalOAuthScopes.h */,
				95B8925EE0D34538A16CAA35 /* PayPalPayment.h */,
				569EAD4473D64F27AB9EBF7F /* PayPalPaymentViewController.h */,
				0DFB6E22579C4C36A7D95AAF /* PayPalProfileSharingViewController.h */,
				D9E53E8687234F98B3BC0380 /* AppVersion.m */,
				65EC94A1F05543C0A0EC3304 /* AppVersion.h */,
				027C2A8F52414FE4B1F64F5F /* CDVAppRate.m */,
				BF404F80DBC242C181EE2593 /* CDVAppRate.h */,
				8F91D20689374A9CB76260EE /* CDVDevice.m */,
				8C1E5C9255674BD3BA4EE68B /* CDVDevice.h */,
				CD029C15B01F43198218548D /* APPEmailComposer.m */,
				16B3533E1F5349FAAE161511 /* APPEmailComposerImpl.m */,
				04BEAFC7FF0F4886A6C6C552 /* APPEmailComposer.h */,
				CECCE597DCAD4A9ABA5E7FFA /* APPEmailComposerImpl.h */,
				56D291CA0B10474E9365ACE1 /* CDVWKWebViewEngine.m */,
				39B1006EF5A043DB9445025F /* CDVWKWebViewUIDelegate.m */,
				5C87A00E05104FDE845EFF8D /* CDVWKProcessPoolFactory.m */,
				119F6EABCF3449AB9E46AB6E /* GCDWebServer.m */,
				C0BA6D7BA66B45C3901CB3B7 /* GCDWebServerConnection.m */,
				A276D0D51EBA4461A286E89E /* GCDWebServerFunctions.m */,
				C88CACA00CCA4EC7AD1214E1 /* GCDWebServerRequest.m */,
				E9D9D15ED8DC45DAB74368E9 /* GCDWebServerResponse.m */,
				CCD8F8C8584545778D45D43A /* GCDWebServerDataRequest.m */,
				C7E17AF504C347439DDBA8B5 /* GCDWebServerFileRequest.m */,
				D728655D3BA2481C9A0CAA26 /* GCDWebServerMultiPartFormRequest.m */,
				7E22E1E0D2C0488CA1676121 /* GCDWebServerURLEncodedFormRequest.m */,
				659647DB12444C68AB51D48A /* GCDWebServerDataResponse.m */,
				7854877CC3E3434BA78F290F /* GCDWebServerErrorResponse.m */,
				48A179EE4AFF4432A3E0C225 /* GCDWebServerFileResponse.m */,
				C2B68DBDC5694A478557724B /* GCDWebServerStreamedResponse.m */,
				6E0E8AD225404F2CB4A501EC /* CDVWKWebViewEngine.h */,
				09B54E5D15254842AF39FEBB /* CDVWKWebViewUIDelegate.h */,
				B657DF00EC1C41E5B3EE9BEA /* CDVWKProcessPoolFactory.h */,
				EE3486FBA75047DD85498B6C /* GCDWebServer.h */,
				FDFB904AD380423F8A4C15FD /* GCDWebServerConnection.h */,
				CACCD271298A46378C4DA809 /* GCDWebServerFunctions.h */,
				E2332D635D4E4ABD9360F615 /* GCDWebServerHTTPStatusCodes.h */,
				D7A5AD5C4F484E6981D5DC71 /* GCDWebServerPrivate.h */,
				EA63559654B04C6DBD8F7E12 /* GCDWebServerRequest.h */,
				14DA5D3A5A0B4CB4B63F2A8D /* GCDWebServerResponse.h */,
				D1DDE334C94A4CC4BB61817F /* GCDWebServerDataRequest.h */,
				1FDE127BF79540608D0644C5 /* GCDWebServerFileRequest.h */,
				87FBA4084E3C46CAB99163F2 /* GCDWebServerMultiPartFormRequest.h */,
				F6A99844FCE3438EA31FCADD /* GCDWebServerURLEncodedFormRequest.h */,
				81E98E46D51E418CBB486236 /* GCDWebServerDataResponse.h */,
				63E480EDA6A5478F90FD3027 /* GCDWebServerErrorResponse.h */,
				CFFE3EF0FFEB4D558B10D76F /* GCDWebServerFileResponse.h */,
				295692C644CD4B1DA882B9E1 /* GCDWebServerStreamedResponse.h */,
				9B37AE72D3E843EE9566546C /* CDVSplashScreen.m */,
				FC1B42ECD6BF428983A2EFE3 /* CDVViewController+SplashScreen.m */,
				36D1BA17D08B47629593AC6A /* CDVSplashScreen.h */,
				9C111A12039645C48A049522 /* CDVViewController+SplashScreen.h */,
				00B9CF8BE10F47B3BD7503DD /* CDVStatusBar.m */,
				382F358D98534A4A963E0C50 /* CDVStatusBar.h */,
				FF8D81465A954CA59A020435 /* CordovaStripe.m */,
				26D076E5DDCF4BD289C15A75 /* CordovaStripe.h */,
				3A5CDD4AE8804E1D9EFA2AF2 /* NSString+SSURLEncoding.m */,
				993A4C35BD7F4F60807130DD /* SocialSharing.m */,
				9AF88B5295B7439C96E8A8D0 /* NSString+SSURLEncoding.h */,
				AAF2451A48284BB8B8BEA788 /* SocialSharing.h */,
				EA3AC273D5DE44BBA35AB5BB /* IonicKeyboard.m */,
				BFE06B40E333439A93A92BDE /* IonicKeyboard.h */,
				C08721EAACBC49F692E6E12E /* OneSignalPush.m */,
				6416735D41C74CB4A34EB404 /* OneSignalPush.h */,
				A23C18DF2F20426BB14030B4 /* CardIOCordovaPlugin.m */,
				2F9C14768E254D8180AED3E6 /* CardIOCordovaPlugin.h */,
				74FC4B6A381A45F7BF5A3ADD /* CardIO.h */,
				3D4DFA28F1BE4318B632E9DA /* CardIOCreditCardInfo.h */,
				6094DAAD357142F29EE255C8 /* CardIODetectionMode.h */,
				2953C1FE9B924C41BB13CFC1 /* CardIOPaymentViewController.h */,
				2795F5A3A6F34271A898B32D /* CardIOPaymentViewControllerDelegate.h */,
				AC8BCA0796124B45943F9092 /* CardIOUtilities.h */,
				483D30AF409644F69EDD539B /* CardIOView.h */,
				4B0D6AED8B5849FDA0BF66A1 /* CardIOViewDelegate.h */,
				12C1BB3D0EBB48B18A789FC2 /* CDVNotification.m */,
				82FAD4596EDB4517B1BEF16C /* CDVNotification.h */,
				F8DB9C19811B445F81C9EFB3 /* CDVGlobalization.m */,
				78988B37DF084EFD941679F2 /* CDVGlobalization.h */,
				3993FE0BA8FE483396068C7B /* CDVInAppBrowser.m */,
				25217987A2264E89AC2D94FD /* CDVInAppBrowser.h */,
				97ADE0F1001740DAA17B9B06 /* NativeStorage.m */,
				B7E5297886C9463797094248 /* NativeStorage.h */,
			);
			name = Plugins;
			path = "Baby Needs/Plugins";
			sourceTree = SOURCE_ROOT;
		};
		EB87FDF11871DA420020F90C /* Staging */ = {
			isa = PBXGroup;
			children = (
				F840E1F0165FE0F500CFE078 /* config.xml */,
				301BF56E109A69640062928A /* www */,
			);
			name = Staging;
			sourceTree = "<group>";
		};
/* End PBXGroup section */

/* Begin PBXNativeTarget section */
		1D6058900D05DD3D006BFB54 /* Baby Needs */ = {
			isa = PBXNativeTarget;
			buildConfigurationList = 1D6058960D05DD3E006BFB54 /* Build configuration list for PBXNativeTarget "Baby Needs" */;
			buildPhases = (
				304B58A110DAC018002A0835 /* Copy www directory */,
				1D60588D0D05DD3D006BFB54 /* Resources */,
				1D60588E0D05DD3D006BFB54 /* Sources */,
				1D60588F0D05DD3D006BFB54 /* Frameworks */,
			);
			buildRules = (
			);
			dependencies = (
				301BF551109A68C00062928A /* PBXTargetDependency */,
			);
			name = "Baby Needs";
			productName = "Baby Needs";
			productReference = 1D6058910D05DD3D006BFB54 /* Baby Needs.app */;
			productType = "com.apple.product-type.application";
		};
/* End PBXNativeTarget section */

/* Begin PBXProject section */
		29B97313FDCFA39411CA2CEA /* Project object */ = {
			isa = PBXProject;
			attributes = {
				LastUpgradeCheck = 510;
			};
			buildConfigurationList = C01FCF4E08A954540054247B /* Build configuration list for PBXProject "__NON-CLI__" */;
			compatibilityVersion = "Xcode 3.2";
			developmentRegion = English;
			hasScannedForEncodings = 1;
			mainGroup = 29B97314FDCFA39411CA2CEA /* CustomTemplate */;
			projectDirPath = "";
			projectReferences = (
				{
					ProductGroup = 301BF52E109A57CC0062928A /* Products */;
					ProjectRef = 301BF52D109A57CC0062928A /* CordovaLib.xcodeproj */;
				},
			);
			projectRoot = "";
			targets = (
				1D6058900D05DD3D006BFB54 /* Baby Needs */,
			);
		};
/* End PBXProject section */

/* Begin PBXReferenceProxy section */
		301BF535109A57CC0062928A /* libCordova.a */ = {
			isa = PBXReferenceProxy;
			fileType = archive.ar;
			path = libCordova.a;
			remoteRef = 301BF534109A57CC0062928A /* PBXContainerItemProxy */;
			sourceTree = BUILT_PRODUCTS_DIR;
		};
/* End PBXReferenceProxy section */

/* Begin PBXResourcesBuildPhase section */
		1D60588D0D05DD3D006BFB54 /* Resources */ = {
			isa = PBXResourcesBuildPhase;
			buildActionMask = 2147483647;
			files = (
				302D95F214D2391D003F00A1 /* MainViewController.xib in Resources */,
				0207DA581B56EA530066E2B4 /* Images.xcassets in Resources */,
				6AFF5BF91D6E424B00AB3073 /* CDVLaunchScreen.storyboard in Resources */,
				EE988AD385854FBC882FAFEA /* GoogleService-Info.plist in Resources */,
				170CF05DA1FF4764B4350D81 /* CDVNotification.bundle in Resources */,
			);
			runOnlyForDeploymentPostprocessing = 0;
		};
/* End PBXResourcesBuildPhase section */

/* Begin PBXShellScriptBuildPhase section */
		304B58A110DAC018002A0835 /* Copy www directory */ = {
			isa = PBXShellScriptBuildPhase;
			buildActionMask = 2147483647;
			files = (
			);
			inputPaths = (
			);
			name = "Copy www directory";
			outputPaths = (
			);
			runOnlyForDeploymentPostprocessing = 0;
			shellPath = /bin/sh;
			shellScript = "NODEJS_PATH=/usr/local/bin; NVM_NODE_PATH=~/.nvm/versions/node/`nvm version 2>/dev/null`/bin; N_NODE_PATH=`find /usr/local/n/versions/node/* -maxdepth 0 -type d 2>/dev/null | tail -1`/bin; XCODE_NODE_PATH=`xcode-select --print-path`/usr/share/xcs/Node/bin; PATH=$NODEJS_PATH:$NVM_NODE_PATH:$N_NODE_PATH:$XCODE_NODE_PATH:$PATH && node cordova/lib/copy-www-build-step.js";
			showEnvVarsInLog = 0;
		};
/* End PBXShellScriptBuildPhase section */

/* Begin PBXSourcesBuildPhase section */
		1D60588E0D05DD3D006BFB54 /* Sources */ = {
			isa = PBXSourcesBuildPhase;
			buildActionMask = 2147483647;
			files = (
				1D60589B0D05DD56006BFB54 /* main.m in Sources */,
				1D3623260D0F684500981E51 /* AppDelegate.m in Sources */,
				302D95F114D2391D003F00A1 /* MainViewController.m in Sources */,
				540EDA3D090447DA8CF38AF1 /* FCMPlugin.m in Sources */,
				7B733A103E874A759448C5FF /* AppDelegate+FCMPlugin.m in Sources */,
				B0B57170877B470EBB153A4D /* AppDelegate+notification.m in Sources */,
				B2911425908F49809D0D0A3B /* PushPlugin.m in Sources */,
				9DF53CC2C8364A4EA23ACB6E /* PayPalMobileCordovaPlugin.m in Sources */,
				52E674C37A1A4DB5A63BCB4A /* AppVersion.m in Sources */,
				B3B37AAC300F4AF89ABA4398 /* CDVAppRate.m in Sources */,
				AA3AB12AB97446F88DECDA1E /* CDVDevice.m in Sources */,
				7DD1C9D759394DF1B951A3B0 /* APPEmailComposer.m in Sources */,
				EA3FCDAB63704678A953F1A6 /* APPEmailComposerImpl.m in Sources */,
				D96C5EBD00EE45749F7611EB /* CDVWKWebViewEngine.m in Sources */,
				2B88C80A03684FFAB7355934 /* CDVWKWebViewUIDelegate.m in Sources */,
				9E9170C21F084441B64A514B /* CDVWKProcessPoolFactory.m in Sources */,
				461C753BDFEC4906AD97518A /* GCDWebServer.m in Sources */,
				0C4E66E6BF9C4AC5891A6B7C /* GCDWebServerConnection.m in Sources */,
				9C12B2430D9F461AAB4A7177 /* GCDWebServerFunctions.m in Sources */,
				D9B4A1265E754D5CA1372C36 /* GCDWebServerRequest.m in Sources */,
				EEA446495992437FAFEAC0F0 /* GCDWebServerResponse.m in Sources */,
				8B5E72295B5948D68E254B17 /* GCDWebServerDataRequest.m in Sources */,
				A7607F32A83644B2B8F6A8C9 /* GCDWebServerFileRequest.m in Sources */,
				0F5AB1BB1FA84932A6CD7348 /* GCDWebServerMultiPartFormRequest.m in Sources */,
				A2323CEF73F44B10BEF4D431 /* GCDWebServerURLEncodedFormRequest.m in Sources */,
				B83D101EEF7E419CAF6A5029 /* GCDWebServerDataResponse.m in Sources */,
				F265ABD18EDA4680AB07F890 /* GCDWebServerErrorResponse.m in Sources */,
				CA929D95015249FB95DBFCA6 /* GCDWebServerFileResponse.m in Sources */,
				39E2878CA3514B3486C0DD5A /* GCDWebServerStreamedResponse.m in Sources */,
				115378B8069A4C069927AF56 /* CDVSplashScreen.m in Sources */,
				827FC14379E049B5A607FBE0 /* CDVViewController+SplashScreen.m in Sources */,
				AF278859EEC14ECEA6B0936D /* CDVStatusBar.m in Sources */,
				7C7301D45672419487BEAE30 /* CordovaStripe.m in Sources */,
				001B45B2E36E4E448DD60CD2 /* NSString+SSURLEncoding.m in Sources */,
				3A11337026774D5B9D3682D9 /* SocialSharing.m in Sources */,
				48759837D9754D7683822F2F /* IonicKeyboard.m in Sources */,
				2E3BABAEAC2C433C84B9E399 /* OneSignalPush.m in Sources */,
				1DF3D51124544FAEB40B0F74 /* CardIOCordovaPlugin.m in Sources */,
				72B2816074D24FEAB364B09F /* CDVNotification.m in Sources */,
				152E9A0F60CE4D389E2ACFC7 /* CDVGlobalization.m in Sources */,
				02484D3AC0E04577ADB7784B /* CDVInAppBrowser.m in Sources */,
				69DB6F9F32B542D890E1B542 /* NativeStorage.m in Sources */,
			);
			runOnlyForDeploymentPostprocessing = 0;
		};
/* End PBXSourcesBuildPhase section */

/* Begin PBXTargetDependency section */
		301BF551109A68C00062928A /* PBXTargetDependency */ = {
			isa = PBXTargetDependency;
			name = CordovaLib;
			targetProxy = 301BF550109A68C00062928A /* PBXContainerItemProxy */;
		};
/* End PBXTargetDependency section */

/* Begin XCBuildConfiguration section */
		1D6058940D05DD3E006BFB54 /* Debug */ = {
			isa = XCBuildConfiguration;
			baseConfigurationReference = 3047A50F1AB8059700498E2A /* build-debug.xcconfig */;
			buildSettings = {
				ALWAYS_SEARCH_USER_PATHS = NO;
				ASSETCATALOG_COMPILER_APPICON_NAME = AppIcon;
				ASSETCATALOG_COMPILER_LAUNCHIMAGE_NAME = LaunchImage;
				CLANG_ENABLE_MODULES = YES;
				CLANG_ENABLE_OBJC_ARC = YES;
				COPY_PHASE_STRIP = NO;
				GCC_DYNAMIC_NO_PIC = NO;
				GCC_OPTIMIZATION_LEVEL = 0;
				GCC_PRECOMPILE_PREFIX_HEADER = YES;
				GCC_PREFIX_HEADER = "Baby Needs/Baby Needs-Prefix.pch";
				GCC_THUMB_SUPPORT = NO;
				GCC_VERSION = "";
				INFOPLIST_FILE = "Baby Needs/Baby Needs-Info.plist";
				IPHONEOS_DEPLOYMENT_TARGET = 9.0;
				LD_RUNPATH_SEARCH_PATHS = "@executable_path/Frameworks";
				TARGETED_DEVICE_FAMILY = "1,2";
				PRODUCT_NAME = "Baby Needs";
				FRAMEWORK_SEARCH_PATHS = (
					"$(inherited)",
					"\"Baby Needs/Plugins/cordova-plugin-fcm\"",
					"\"Baby Needs/Plugins/cordova-plugin-fcm\"",
					"\"Baby Needs/Plugins/cordova-plugin-fcm\"",
					"\"Baby Needs/Plugins/cordova-plugin-fcm\"",
					"\"Baby Needs/Plugins/cordova-plugin-fcm\"",
					"\"Baby Needs/Plugins/cordova-plugin-fcm\"",
					"\"Baby Needs/Plugins/cordova-plugin-fcm\"",
					"\"Baby Needs/Plugins/cordova-plugin-fcm\"",
					"\"Baby Needs/Plugins/cordova-plugin-stripe\"",
				);
				LIBRARY_SEARCH_PATHS = (
					"$(inherited)",
					"\"$(SRCROOT)/Baby Needs/Plugins/com.paypal.cordova.mobilesdk\"",
					"\"$(SRCROOT)/Baby Needs/Plugins/card.io.cordova.mobilesdk\"",
					"\"$(SRCROOT)/Baby Needs/Plugins/card.io.cordova.mobilesdk\"",
					"\"$(SRCROOT)/Baby Needs/Plugins/card.io.cordova.mobilesdk\"",
				);
			};
			name = Debug;
		};
		1D6058950D05DD3E006BFB54 /* Release */ = {
			isa = XCBuildConfiguration;
			baseConfigurationReference = 3047A5101AB8059700498E2A /* build-release.xcconfig */;
			buildSettings = {
				ALWAYS_SEARCH_USER_PATHS = NO;
				ASSETCATALOG_COMPILER_APPICON_NAME = AppIcon;
				ASSETCATALOG_COMPILER_LAUNCHIMAGE_NAME = LaunchImage;
				CLANG_ENABLE_MODULES = YES;
				CLANG_ENABLE_OBJC_ARC = YES;
				COPY_PHASE_STRIP = YES;
				GCC_PRECOMPILE_PREFIX_HEADER = YES;
				GCC_PREFIX_HEADER = "Baby Needs/Baby Needs-Prefix.pch";
				GCC_THUMB_SUPPORT = NO;
				GCC_VERSION = "";
				INFOPLIST_FILE = "Baby Needs/Baby Needs-Info.plist";
				IPHONEOS_DEPLOYMENT_TARGET = 9.0;
				LD_RUNPATH_SEARCH_PATHS = "@executable_path/Frameworks";
				TARGETED_DEVICE_FAMILY = "1,2";
				PRODUCT_NAME = "Baby Needs";
				FRAMEWORK_SEARCH_PATHS = (
					"$(inherited)",
					"\"Baby Needs/Plugins/cordova-plugin-fcm\"",
					"\"Baby Needs/Plugins/cordova-plugin-fcm\"",
					"\"Baby Needs/Plugins/cordova-plugin-fcm\"",
					"\"Baby Needs/Plugins/cordova-plugin-fcm\"",
					"\"Baby Needs/Plugins/cordova-plugin-fcm\"",
					"\"Baby Needs/Plugins/cordova-plugin-fcm\"",
					"\"Baby Needs/Plugins/cordova-plugin-fcm\"",
					"\"Baby Needs/Plugins/cordova-plugin-fcm\"",
					"\"Baby Needs/Plugins/cordova-plugin-stripe\"",
				);
				LIBRARY_SEARCH_PATHS = (
					"$(inherited)",
					"\"$(SRCROOT)/Baby Needs/Plugins/com.paypal.cordova.mobilesdk\"",
					"\"$(SRCROOT)/Baby Needs/Plugins/card.io.cordova.mobilesdk\"",
					"\"$(SRCROOT)/Baby Needs/Plugins/card.io.cordova.mobilesdk\"",
					"\"$(SRCROOT)/Baby Needs/Plugins/card.io.cordova.mobilesdk\"",
				);
			};
			name = Release;
		};
		C01FCF4F08A954540054247B /* Debug */ = {
			isa = XCBuildConfiguration;
			baseConfigurationReference = 3047A5111AB8059700498E2A /* build.xcconfig */;
			buildSettings = {
				CLANG_ENABLE_MODULES = YES;
				CLANG_ENABLE_OBJC_ARC = YES;
				CLANG_WARN_BOOL_CONVERSION = YES;
				CLANG_WARN_CONSTANT_CONVERSION = YES;
				CLANG_WARN_EMPTY_BODY = YES;
				CLANG_WARN_ENUM_CONVERSION = YES;
				CLANG_WARN_INT_CONVERSION = YES;
				CLANG_WARN__DUPLICATE_METHOD_MATCH = YES;
				GCC_C_LANGUAGE_STANDARD = c99;
				GCC_THUMB_SUPPORT = NO;
				GCC_VERSION = "";
				GCC_WARN_ABOUT_RETURN_TYPE = YES;
				GCC_WARN_UNDECLARED_SELECTOR = YES;
				GCC_WARN_UNINITIALIZED_AUTOS = YES;
				GCC_WARN_UNUSED_FUNCTION = YES;
				GCC_WARN_UNUSED_VARIABLE = YES;
				ONLY_ACTIVE_ARCH = YES;
				SDKROOT = iphoneos;
				SKIP_INSTALL = NO;
			};
			name = Debug;
		};
		C01FCF5008A954540054247B /* Release */ = {
			isa = XCBuildConfiguration;
			baseConfigurationReference = 3047A5111AB8059700498E2A /* build.xcconfig */;
			buildSettings = {
				CLANG_ENABLE_MODULES = YES;
				CLANG_ENABLE_OBJC_ARC = YES;
				CLANG_WARN_BOOL_CONVERSION = YES;
				CLANG_WARN_CONSTANT_CONVERSION = YES;
				CLANG_WARN_EMPTY_BODY = YES;
				CLANG_WARN_ENUM_CONVERSION = YES;
				CLANG_WARN_INT_CONVERSION = YES;
				CLANG_WARN__DUPLICATE_METHOD_MATCH = YES;
				GCC_C_LANGUAGE_STANDARD = c99;
				GCC_THUMB_SUPPORT = NO;
				GCC_VERSION = "";
				GCC_WARN_ABOUT_RETURN_TYPE = YES;
				GCC_WARN_UNDECLARED_SELECTOR = YES;
				GCC_WARN_UNINITIALIZED_AUTOS = YES;
				GCC_WARN_UNUSED_FUNCTION = YES;
				GCC_WARN_UNUSED_VARIABLE = YES;
				SDKROOT = iphoneos;
				SKIP_INSTALL = NO;
			};
			name = Release;
		};
/* End XCBuildConfiguration section */

/* Begin XCConfigurationList section */
		1D6058960D05DD3E006BFB54 /* Build configuration list for PBXNativeTarget "Baby Needs" */ = {
			isa = XCConfigurationList;
			buildConfigurations = (
				1D6058940D05DD3E006BFB54 /* Debug */,
				1D6058950D05DD3E006BFB54 /* Release */,
			);
			defaultConfigurationIsVisible = 0;
			defaultConfigurationName = Release;
		};
		C01FCF4E08A954540054247B /* Build configuration list for PBXProject "__NON-CLI__" */ = {
			isa = XCConfigurationList;
			buildConfigurations = (
				C01FCF4F08A954540054247B /* Debug */,
				C01FCF5008A954540054247B /* Release */,
			);
			defaultConfigurationIsVisible = 0;
			defaultConfigurationName = Release;
		};
/* End XCConfigurationList section */
	};
	rootObject = 29B97313FDCFA39411CA2CEA /* Project object */;
}
