// !$*UTF8*$!
{
	archiveVersion = 1;
	classes = {
	};
	objectVersion = 46;
	objects = {
/* Begin PBXBuildFile section */
		0207DA581B56EA530066E2B4 /* Images.xcassets in Resources */ = {isa = PBXBuildFile; fileRef = 0207DA571B56EA530066E2B4 /* Images.xcassets */; };
		1D3623260D0F684500981E51 /* AppDelegate.m in Sources */ = {isa = PBXBuildFile; fileRef = 1D3623250D0F684500981E51 /* AppDelegate.m */; };
		1D60589B0D05DD56006BFB54 /* main.m in Sources */ = {isa = PBXBuildFile; fileRef = 29B97316FDCFA39411CA2CEA /* main.m */; };
		301BF552109A68D80062928A /* libCordova.a in Frameworks */ = {isa = PBXBuildFile; fileRef = 301BF535109A57CC0062928A /* libCordova.a */; };
		302D95F114D2391D003F00A1 /* MainViewController.m in Sources */ = {isa = PBXBuildFile; fileRef = 302D95EF14D2391D003F00A1 /* MainViewController.m */; };
		302D95F214D2391D003F00A1 /* MainViewController.xib in Resources */ = {isa = PBXBuildFile; fileRef = 302D95F014D2391D003F00A1 /* MainViewController.xib */; };
		3047A5121AB8059700498E2A /* build-debug.xcconfig in Resources */ = {isa = PBXBuildFile; fileRef = 3047A50F1AB8059700498E2A /* build-debug.xcconfig */; };
		3047A5131AB8059700498E2A /* build-release.xcconfig in Resources */ = {isa = PBXBuildFile; fileRef = 3047A5101AB8059700498E2A /* build-release.xcconfig */; };
		3047A5141AB8059700498E2A /* build.xcconfig in Resources */ = {isa = PBXBuildFile; fileRef = 3047A5111AB8059700498E2A /* build.xcconfig */; };
		6AFF5BF91D6E424B00AB3073 /* CDVLaunchScreen.storyboard in Resources */ = {isa = PBXBuildFile; fileRef = 6AFF5BF81D6E424B00AB3073 /* CDVLaunchScreen.storyboard */; };
		7D88002A3CE247B1AB107BA4 /* CardIOCordovaPlugin.m in Sources */ = {isa = PBXBuildFile; fileRef = 45A7D65999944A7BB2F079B1 /* CardIOCordovaPlugin.m */; };
		22AA16CDBB75460CA5D132CD /* libCardIO.a in Frameworks */ = {isa = PBXBuildFile; fileRef = DEE69403B5514E71A7696DB1 /* libCardIO.a */; };
		C30E471B6C044E479121C768 /* libopencv_core.a in Frameworks */ = {isa = PBXBuildFile; fileRef = 4804A62067564650B2F26B52 /* libopencv_core.a */; };
		0E1EACB4BD7043EA9EA1F388 /* libopencv_imgproc.a in Frameworks */ = {isa = PBXBuildFile; fileRef = 183521869D814CDAA22BE43B /* libopencv_imgproc.a */; };
		7CF5F5FBE0ED4018BBCA2FF4 /* Accelerate.framework in Frameworks */ = {isa = PBXBuildFile; fileRef = 433E0E2AFBB74E3F85A5163A /* Accelerate.framework */; };
		D791BA55CB0545779FAC125C /* AudioToolbox.framework in Frameworks */ = {isa = PBXBuildFile; fileRef = 26E6F8B0AED449A69079BA0D /* AudioToolbox.framework */; };
		EAD3DBBE346B41ECBBE8C2E5 /* AVFoundation.framework in Frameworks */ = {isa = PBXBuildFile; fileRef = 26E9414ADF92431F97F2B6D4 /* AVFoundation.framework */; };
		7D9BB27BF7A349B0A20664BF /* CoreMedia.framework in Frameworks */ = {isa = PBXBuildFile; fileRef = B6DEFCD944234900859FEFC3 /* CoreMedia.framework */; };
		5E781B433D69401EBF2CE9DA /* CoreVideo.framework in Frameworks */ = {isa = PBXBuildFile; fileRef = 4557E9DE9E6143A78ECA416E /* CoreVideo.framework */; };
		0E9DD171790643448D5F7656 /* Foundation.framework in Frameworks */ = {isa = PBXBuildFile; fileRef = 02FF732F20454660B2606341 /* Foundation.framework */; };
		0AC1162EBD8E49DA9B4C86DD /* OpenGLES.framework in Frameworks */ = {isa = PBXBuildFile; fileRef = CABFB31957DA4A15AB69962E /* OpenGLES.framework */; };
		D3E4D010BAB040EA9E3E0378 /* QuartzCore.framework in Frameworks */ = {isa = PBXBuildFile; fileRef = 587FD29A9FB3402D9D6E3A68 /* QuartzCore.framework */; };
		5733CB47A38A4188BCD6CA0C /* Security.framework in Frameworks */ = {isa = PBXBuildFile; fileRef = E13FD1CD15D04074B51AE8B9 /* Security.framework */; };
		855439D33F3B431CA6AF527D /* UIKit.framework in Frameworks */ = {isa = PBXBuildFile; fileRef = 1FE3AF2D574545869A86A822 /* UIKit.framework */; };
		DDFF7FB8EFEF4D7B99B031AA /* libc++.dylib in Frameworks */ = {isa = PBXBuildFile; fileRef = B809D02BA9EE404CACA2A5DB /* libc++.dylib */; };
		9C12977E85FB4A708A276C04 /* PayPalMobileCordovaPlugin.m in Sources */ = {isa = PBXBuildFile; fileRef = 92F858FEEC16401B9B449DA4 /* PayPalMobileCordovaPlugin.m */; };
		48DA76B3D3E94EDAAB107533 /* libPayPalMobile.a in Frameworks */ = {isa = PBXBuildFile; fileRef = D2D017AE537640B08380F75C /* libPayPalMobile.a */; };
		4A49E66CD224452A831D34F4 /* CFNetwork.framework in Frameworks */ = {isa = PBXBuildFile; fileRef = 4A986F6E9FF44D95837666D9 /* CFNetwork.framework */; };
		C60923727CC3425C8D562265 /* CoreLocation.framework in Frameworks */ = {isa = PBXBuildFile; fileRef = 6B1222C3EB694512AAE001E1 /* CoreLocation.framework */; settings = {ATTRIBUTES = (Weak, ); }; };
		AA85C1066A6442CD9562E505 /* MessageUI.framework in Frameworks */ = {isa = PBXBuildFile; fileRef = E1CA83E2182740C987FFE41D /* MessageUI.framework */; };
		322CDF84120F461ABB31E946 /* SafariServices.framework in Frameworks */ = {isa = PBXBuildFile; fileRef = 9FA62F1B927B4FC4B6E134D1 /* SafariServices.framework */; };
		F5D98C168AB34BFC8376C081 /* SystemConfiguration.framework in Frameworks */ = {isa = PBXBuildFile; fileRef = 1B9A4487492B4412919C7F21 /* SystemConfiguration.framework */; };
		3EF7315AA6D840919BDFAB1D /* libPayPalMobile.a in Frameworks */ = {isa = PBXBuildFile; fileRef = C6276D05E08D4A5CAAB39263 /* libPayPalMobile.a */; };
		B1395E3A4D1C440498FEA296 /* AppVersion.m in Sources */ = {isa = PBXBuildFile; fileRef = FB59CF847967432CBB74A04F /* AppVersion.m */; };
		A7E8FCAA7904421788A179B3 /* CDVNotification.m in Sources */ = {isa = PBXBuildFile; fileRef = FA99C9F7F5D74781ADB63E73 /* CDVNotification.m */; };
		900C6180F58344E78127E737 /* CDVNotification.bundle in Resources */ = {isa = PBXBuildFile; fileRef = 1B6C8DD59ECC41DA94431536 /* CDVNotification.bundle */; };
		0D7AFD48AE184FC7B0627252 /* CDVGlobalization.m in Sources */ = {isa = PBXBuildFile; fileRef = CDBDC7C5EB6243D6A646D159 /* CDVGlobalization.m */; };
		22CFF978D70A40249261F36F /* CDVInAppBrowser.m in Sources */ = {isa = PBXBuildFile; fileRef = 29FC7DE2F9EE4EA7A610DD91 /* CDVInAppBrowser.m */; };
		28450B86D5F2479B97BD2A75 /* NativeStorage.m in Sources */ = {isa = PBXBuildFile; fileRef = F51823719B1841FDA1835C7E /* NativeStorage.m */; };
		4D59541A1E2F4EC397A1BB56 /* CDVAppRate.m in Sources */ = {isa = PBXBuildFile; fileRef = D4963149D89F42779B774EF0 /* CDVAppRate.m */; };
		4008806D12BA4C269D485B9F /* StoreKit.framework in Frameworks */ = {isa = PBXBuildFile; fileRef = 158B97A3738E42448F602BBC /* StoreKit.framework */; };
		B0A226D35C404C4B9945860B /* CDVDevice.m in Sources */ = {isa = PBXBuildFile; fileRef = 3B81AD6EB17A495E95895414 /* CDVDevice.m */; };
		3C345BF7C0B44857BDC4DC32 /* libz.tbd in Frameworks */ = {isa = PBXBuildFile; fileRef = 975B573129EC4918B866ED70 /* libz.tbd */; };
		42D211BA0E5543618ED84C68 /* APPEmailComposer.m in Sources */ = {isa = PBXBuildFile; fileRef = 392BAAF8F53A46C0B56A51C4 /* APPEmailComposer.m */; };
		C5CF064844C94C14B1F2C89D /* APPEmailComposerImpl.m in Sources */ = {isa = PBXBuildFile; fileRef = 9142663F52884C5BB354385B /* APPEmailComposerImpl.m */; };
		E5C75483D57D44B9808EADCB /* CDVWKWebViewEngine.m in Sources */ = {isa = PBXBuildFile; fileRef = 6E08FB0A1B494E048B879226 /* CDVWKWebViewEngine.m */; };
		A1FCE09C6B3C40A781991717 /* CDVWKWebViewUIDelegate.m in Sources */ = {isa = PBXBuildFile; fileRef = 6B44327427614199A6E3C146 /* CDVWKWebViewUIDelegate.m */; };
		3BA858A5E40A40619A77E8F0 /* CDVWKProcessPoolFactory.m in Sources */ = {isa = PBXBuildFile; fileRef = A9EC6448FD754EACB398C9FE /* CDVWKProcessPoolFactory.m */; };
		4152CFC2CC91463583F03666 /* GCDWebServer.m in Sources */ = {isa = PBXBuildFile; fileRef = 7B591612D2BE457ABF3AD451 /* GCDWebServer.m */; };
		11192D406E394980891320C8 /* GCDWebServerConnection.m in Sources */ = {isa = PBXBuildFile; fileRef = 8327299881A44C0D93E0DA1A /* GCDWebServerConnection.m */; };
		4914A81E91514B92A3DECDA8 /* GCDWebServerFunctions.m in Sources */ = {isa = PBXBuildFile; fileRef = 2289A56670E2444A8EEB30C3 /* GCDWebServerFunctions.m */; };
		3A4389F7E20944EC8E16076C /* GCDWebServerRequest.m in Sources */ = {isa = PBXBuildFile; fileRef = A6DC4CF7F6634A1FAD0FEEFC /* GCDWebServerRequest.m */; };
		EA69346C234642F99E80CEB9 /* GCDWebServerResponse.m in Sources */ = {isa = PBXBuildFile; fileRef = 599C6B98734444199D87B56C /* GCDWebServerResponse.m */; };
		5243214B60934B139CED8D8A /* GCDWebServerDataRequest.m in Sources */ = {isa = PBXBuildFile; fileRef = C80571C43D9B471EA377261E /* GCDWebServerDataRequest.m */; };
		EAF7587D8D8546EE949BF7E9 /* GCDWebServerFileRequest.m in Sources */ = {isa = PBXBuildFile; fileRef = 5809A3312B6349BB9EDEB1BA /* GCDWebServerFileRequest.m */; };
		92D963E4A55C4131AC5F92FC /* GCDWebServerMultiPartFormRequest.m in Sources */ = {isa = PBXBuildFile; fileRef = 09421C44B31B4ACAA3B4A230 /* GCDWebServerMultiPartFormRequest.m */; };
		8E473EDDF1764AC1BB8332DD /* GCDWebServerURLEncodedFormRequest.m in Sources */ = {isa = PBXBuildFile; fileRef = C599449C8E194D73A1026DF9 /* GCDWebServerURLEncodedFormRequest.m */; };
		7ECDD56561F341D3B1F83BE3 /* GCDWebServerDataResponse.m in Sources */ = {isa = PBXBuildFile; fileRef = 268F0985A8D94CE09FC86112 /* GCDWebServerDataResponse.m */; };
		4E74317B234540AE956EC40C /* GCDWebServerErrorResponse.m in Sources */ = {isa = PBXBuildFile; fileRef = F58F92F3455E41D68CC4C7B5 /* GCDWebServerErrorResponse.m */; };
		1BA2D868782744439E24C80E /* GCDWebServerFileResponse.m in Sources */ = {isa = PBXBuildFile; fileRef = 0BCE5B2E6C224F40A12852BD /* GCDWebServerFileResponse.m */; };
		C80241C140914F1D8AF50793 /* GCDWebServerStreamedResponse.m in Sources */ = {isa = PBXBuildFile; fileRef = DE83F4FE3D9342E5962A8CC3 /* GCDWebServerStreamedResponse.m */; };
		69ABCEA0A6B14B769185D216 /* WebKit.framework in Frameworks */ = {isa = PBXBuildFile; fileRef = 7BE3806C70C347C1809FE899 /* WebKit.framework */; settings = {ATTRIBUTES = (Weak, ); }; };
		E33B3C6C4E5D47528DEE6B56 /* CDVSplashScreen.m in Sources */ = {isa = PBXBuildFile; fileRef = D76D2B59D3364540B7FE8E39 /* CDVSplashScreen.m */; };
		4D90E73B3CEE4A63B2F1C459 /* CDVViewController+SplashScreen.m in Sources */ = {isa = PBXBuildFile; fileRef = D4DA8E9B56A54F549C95A08A /* CDVViewController+SplashScreen.m */; };
		1CB69029A8DB4BF5AA57A344 /* CDVStatusBar.m in Sources */ = {isa = PBXBuildFile; fileRef = C8D21EC94299497D9B4629D5 /* CDVStatusBar.m */; };
		D002E9FF061041F69FFD3AE6 /* CordovaStripe.m in Sources */ = {isa = PBXBuildFile; fileRef = 56BAE35AA1D042D98D0CF45C /* CordovaStripe.m */; };
		8EECE9C880BD48C9A5318585 /* Stripe.framework in Frameworks */ = {isa = PBXBuildFile; fileRef = 6A61C0CD6EF740D98BF9403D /* Stripe.framework */; };
		55D0B40F6D134707A5876E28 /* NSString+SSURLEncoding.m in Sources */ = {isa = PBXBuildFile; fileRef = 0E1C23077CE74072B3DF30FF /* NSString+SSURLEncoding.m */; };
		B0427A23740E437E9B487540 /* SocialSharing.m in Sources */ = {isa = PBXBuildFile; fileRef = ED429B6B9C1A411B9C4B8192 /* SocialSharing.m */; };
		E5AE930097524234AB539F69 /* Social.framework in Frameworks */ = {isa = PBXBuildFile; fileRef = E0F0747CE39B4E25840C0677 /* Social.framework */; settings = {ATTRIBUTES = (Weak, ); }; };
		8FA6CE08ED594545B41761C6 /* IonicKeyboard.m in Sources */ = {isa = PBXBuildFile; fileRef = 958CA8381A69484E83C355A9 /* IonicKeyboard.m */; };
		792A1917EB70446AA33D7351 /* OneSignalPush.m in Sources */ = {isa = PBXBuildFile; fileRef = 6CA1CABDFABC4F9DBE85A53A /* OneSignalPush.m */; };
/* End PBXBuildFile section */

/* Begin PBXContainerItemProxy section */
		301BF534109A57CC0062928A /* PBXContainerItemProxy */ = {
			isa = PBXContainerItemProxy;
			containerPortal = 301BF52D109A57CC0062928A /* CordovaLib.xcodeproj */;
			proxyType = 2;
			remoteGlobalIDString = D2AAC07E0554694100DB518D;
			remoteInfo = CordovaLib;
		};
		301BF550109A68C00062928A /* PBXContainerItemProxy */ = {
			isa = PBXContainerItemProxy;
			containerPortal = 301BF52D109A57CC0062928A /* CordovaLib.xcodeproj */;
			proxyType = 1;
			remoteGlobalIDString = D2AAC07D0554694100DB518D;
			remoteInfo = CordovaLib;
		};
/* End PBXContainerItemProxy section */

/* Begin PBXFileReference section */
		0207DA571B56EA530066E2B4 /* Images.xcassets */ = {isa = PBXFileReference; lastKnownFileType = folder.assetcatalog; name = Images.xcassets; path = "Baby Needs/Images.xcassets"; sourceTree = SOURCE_ROOT; };
		1D3623240D0F684500981E51 /* AppDelegate.h */ = {isa = PBXFileReference; fileEncoding = 4; lastKnownFileType = sourcecode.c.h; path = AppDelegate.h; sourceTree = "<group>"; };
		1D3623250D0F684500981E51 /* AppDelegate.m */ = {isa = PBXFileReference; fileEncoding = 4; lastKnownFileType = sourcecode.c.objc; path = AppDelegate.m; sourceTree = "<group>"; };
		1D6058910D05DD3D006BFB54 /* Baby Needs.app */ = {isa = PBXFileReference; explicitFileType = wrapper.application; includeInIndex = 0; path = "Baby Needs.app"; sourceTree = BUILT_PRODUCTS_DIR; };
		29B97316FDCFA39411CA2CEA /* main.m */ = {isa = PBXFileReference; fileEncoding = 4; lastKnownFileType = sourcecode.c.objc; path = main.m; sourceTree = "<group>"; };
		301BF52D109A57CC0062928A /* CordovaLib.xcodeproj */ = {isa = PBXFileReference; lastKnownFileType = "wrapper.pb-project"; path = CordovaLib/CordovaLib.xcodeproj; sourceTree = "<group>"; };
		301BF56E109A69640062928A /* www */ = {isa = PBXFileReference; lastKnownFileType = folder; path = www; sourceTree = SOURCE_ROOT; };
		302D95EE14D2391D003F00A1 /* MainViewController.h */ = {isa = PBXFileReference; fileEncoding = 4; lastKnownFileType = sourcecode.c.h; path = MainViewController.h; sourceTree = "<group>"; };
		302D95EF14D2391D003F00A1 /* MainViewController.m */ = {isa = PBXFileReference; fileEncoding = 4; lastKnownFileType = sourcecode.c.objc; path = MainViewController.m; sourceTree = "<group>"; };
		302D95F014D2391D003F00A1 /* MainViewController.xib */ = {isa = PBXFileReference; fileEncoding = 4; lastKnownFileType = file.xib; path = MainViewController.xib; sourceTree = "<group>"; };
		3047A50F1AB8059700498E2A /* build-debug.xcconfig */ = {isa = PBXFileReference; fileEncoding = 4; lastKnownFileType = text.xcconfig; name = "build-debug.xcconfig"; path = cordova/build-debug.xcconfig; sourceTree = SOURCE_ROOT; };
		3047A5101AB8059700498E2A /* build-release.xcconfig */ = {isa = PBXFileReference; fileEncoding = 4; lastKnownFileType = text.xcconfig; name = "build-release.xcconfig"; path = cordova/build-release.xcconfig; sourceTree = SOURCE_ROOT; };
		3047A5111AB8059700498E2A /* build.xcconfig */ = {isa = PBXFileReference; fileEncoding = 4; lastKnownFileType = text.xcconfig; name = build.xcconfig; path = cordova/build.xcconfig; sourceTree = SOURCE_ROOT; };
		32CA4F630368D1EE00C91783 /* Baby Needs-Prefix.pch */ = {isa = PBXFileReference; fileEncoding = 4; lastKnownFileType = sourcecode.c.h; path = "Baby Needs-Prefix.pch"; sourceTree = "<group>"; };
		6AFF5BF81D6E424B00AB3073 /* CDVLaunchScreen.storyboard */ = {isa = PBXFileReference; fileEncoding = 4; lastKnownFileType = file.storyboard; name = CDVLaunchScreen.storyboard; path = "Baby Needs/CDVLaunchScreen.storyboard"; sourceTree = SOURCE_ROOT; };
		8D1107310486CEB800E47090 /* Baby Needs-Info.plist */ = {isa = PBXFileReference; fileEncoding = 4; lastKnownFileType = text.plist.xml; name = "Baby Needs-Info.plist"; path = "Baby Needs/Baby Needs-Info.plist"; plistStructureDefinitionIdentifier = "com.apple.xcode.plist.structure-definition.iphone.info-plist"; sourceTree = SOURCE_ROOT; };
		EB87FDF31871DA8E0020F90C /* www */ = {isa = PBXFileReference; lastKnownFileType = folder; name = www; path = ../../www; sourceTree = "<group>"; };
		EB87FDF41871DAF40020F90C /* config.xml */ = {isa = PBXFileReference; lastKnownFileType = text.xml; name = config.xml; path = ../../config.xml; sourceTree = "<group>"; };
		F840E1F0165FE0F500CFE078 /* config.xml */ = {isa = PBXFileReference; lastKnownFileType = text.xml; name = config.xml; path = "Baby Needs/config.xml"; sourceTree = "<group>"; };
		ED33DF2A687741AEAF9F8254 /* Bridging-Header.h */ = {isa = PBXFileReference; fileEncoding = 4; lastKnownFileType = sourcecode.c.h; name = "Bridging-Header.h"; path = "Bridging-Header.h"; sourceTree = "<group>"; };
		45A7D65999944A7BB2F079B1 /* CardIOCordovaPlugin.m */ = {isa = PBXFileReference; name = "CardIOCordovaPlugin.m"; path = "card.io.cordova.mobilesdk/CardIOCordovaPlugin.m"; sourceTree = "<group>"; fileEncoding = 4; lastKnownFileType = sourcecode.c.objc; explicitFileType = undefined; includeInIndex = 0; };
		DEE69403B5514E71A7696DB1 /* libCardIO.a */ = {isa = PBXFileReference; name = "libCardIO.a"; path = "Baby Needs/Plugins/card.io.cordova.mobilesdk/libCardIO.a"; sourceTree = "<group>"; fileEncoding = undefined; lastKnownFileType = archive.ar; explicitFileType = undefined; includeInIndex = 0; };
		4804A62067564650B2F26B52 /* libopencv_core.a */ = {isa = PBXFileReference; name = "libopencv_core.a"; path = "Baby Needs/Plugins/card.io.cordova.mobilesdk/libopencv_core.a"; sourceTree = "<group>"; fileEncoding = undefined; lastKnownFileType = archive.ar; explicitFileType = undefined; includeInIndex = 0; };
		183521869D814CDAA22BE43B /* libopencv_imgproc.a */ = {isa = PBXFileReference; name = "libopencv_imgproc.a"; path = "Baby Needs/Plugins/card.io.cordova.mobilesdk/libopencv_imgproc.a"; sourceTree = "<group>"; fileEncoding = undefined; lastKnownFileType = archive.ar; explicitFileType = undefined; includeInIndex = 0; };
		FF54D7823BDF4D80A89BBC0B /* CardIOCordovaPlugin.h */ = {isa = PBXFileReference; name = "CardIOCordovaPlugin.h"; path = "card.io.cordova.mobilesdk/CardIOCordovaPlugin.h"; sourceTree = "<group>"; fileEncoding = 4; lastKnownFileType = sourcecode.c.h; explicitFileType = undefined; includeInIndex = 0; };
		6046AFAF546841A5917856FF /* CardIO.h */ = {isa = PBXFileReference; name = "CardIO.h"; path = "card.io.cordova.mobilesdk/CardIO.h"; sourceTree = "<group>"; fileEncoding = 4; lastKnownFileType = sourcecode.c.h; explicitFileType = undefined; includeInIndex = 0; };
		C5DADB4A76614A919A83B6B0 /* CardIOCreditCardInfo.h */ = {isa = PBXFileReference; name = "CardIOCreditCardInfo.h"; path = "card.io.cordova.mobilesdk/CardIOCreditCardInfo.h"; sourceTree = "<group>"; fileEncoding = 4; lastKnownFileType = sourcecode.c.h; explicitFileType = undefined; includeInIndex = 0; };
		BE4F83DE2ABE4FBA998F3FC8 /* CardIODetectionMode.h */ = {isa = PBXFileReference; name = "CardIODetectionMode.h"; path = "card.io.cordova.mobilesdk/CardIODetectionMode.h"; sourceTree = "<group>"; fileEncoding = 4; lastKnownFileType = sourcecode.c.h; explicitFileType = undefined; includeInIndex = 0; };
		810CD2527AA84904BE4B2826 /* CardIOPaymentViewController.h */ = {isa = PBXFileReference; name = "CardIOPaymentViewController.h"; path = "card.io.cordova.mobilesdk/CardIOPaymentViewController.h"; sourceTree = "<group>"; fileEncoding = 4; lastKnownFileType = sourcecode.c.h; explicitFileType = undefined; includeInIndex = 0; };
		E12DA6BA149D47FCA85160A3 /* CardIOPaymentViewControllerDelegate.h */ = {isa = PBXFileReference; name = "CardIOPaymentViewControllerDelegate.h"; path = "card.io.cordova.mobilesdk/CardIOPaymentViewControllerDelegate.h"; sourceTree = "<group>"; fileEncoding = 4; lastKnownFileType = sourcecode.c.h; explicitFileType = undefined; includeInIndex = 0; };
		70453091EAF448C2A41F7D74 /* CardIOUtilities.h */ = {isa = PBXFileReference; name = "CardIOUtilities.h"; path = "card.io.cordova.mobilesdk/CardIOUtilities.h"; sourceTree = "<group>"; fileEncoding = 4; lastKnownFileType = sourcecode.c.h; explicitFileType = undefined; includeInIndex = 0; };
		CC0995ED2CCE4B4AAA0E7BD1 /* CardIOView.h */ = {isa = PBXFileReference; name = "CardIOView.h"; path = "card.io.cordova.mobilesdk/CardIOView.h"; sourceTree = "<group>"; fileEncoding = 4; lastKnownFileType = sourcecode.c.h; explicitFileType = undefined; includeInIndex = 0; };
		5E288D3996434423BC7F0BBD /* CardIOViewDelegate.h */ = {isa = PBXFileReference; name = "CardIOViewDelegate.h"; path = "card.io.cordova.mobilesdk/CardIOViewDelegate.h"; sourceTree = "<group>"; fileEncoding = 4; lastKnownFileType = sourcecode.c.h; explicitFileType = undefined; includeInIndex = 0; };
		433E0E2AFBB74E3F85A5163A /* Accelerate.framework */ = {isa = PBXFileReference; name = "Accelerate.framework"; path = "System/Library/Frameworks/Accelerate.framework"; sourceTree = SDKROOT; fileEncoding = undefined; lastKnownFileType = wrapper.framework; explicitFileType = undefined; includeInIndex = 0; };
		26E6F8B0AED449A69079BA0D /* AudioToolbox.framework */ = {isa = PBXFileReference; name = "AudioToolbox.framework"; path = "System/Library/Frameworks/AudioToolbox.framework"; sourceTree = SDKROOT; fileEncoding = undefined; lastKnownFileType = wrapper.framework; explicitFileType = undefined; includeInIndex = 0; };
		26E9414ADF92431F97F2B6D4 /* AVFoundation.framework */ = {isa = PBXFileReference; name = "AVFoundation.framework"; path = "System/Library/Frameworks/AVFoundation.framework"; sourceTree = SDKROOT; fileEncoding = undefined; lastKnownFileType = wrapper.framework; explicitFileType = undefined; includeInIndex = 0; };
		B6DEFCD944234900859FEFC3 /* CoreMedia.framework */ = {isa = PBXFileReference; name = "CoreMedia.framework"; path = "System/Library/Frameworks/CoreMedia.framework"; sourceTree = SDKROOT; fileEncoding = undefined; lastKnownFileType = wrapper.framework; explicitFileType = undefined; includeInIndex = 0; };
		4557E9DE9E6143A78ECA416E /* CoreVideo.framework */ = {isa = PBXFileReference; name = "CoreVideo.framework"; path = "System/Library/Frameworks/CoreVideo.framework"; sourceTree = SDKROOT; fileEncoding = undefined; lastKnownFileType = wrapper.framework; explicitFileType = undefined; includeInIndex = 0; };
		02FF732F20454660B2606341 /* Foundation.framework */ = {isa = PBXFileReference; name = "Foundation.framework"; path = "System/Library/Frameworks/Foundation.framework"; sourceTree = SDKROOT; fileEncoding = undefined; lastKnownFileType = wrapper.framework; explicitFileType = undefined; includeInIndex = 0; };
		CABFB31957DA4A15AB69962E /* OpenGLES.framework */ = {isa = PBXFileReference; name = "OpenGLES.framework"; path = "System/Library/Frameworks/OpenGLES.framework"; sourceTree = SDKROOT; fileEncoding = undefined; lastKnownFileType = wrapper.framework; explicitFileType = undefined; includeInIndex = 0; };
		587FD29A9FB3402D9D6E3A68 /* QuartzCore.framework */ = {isa = PBXFileReference; name = "QuartzCore.framework"; path = "System/Library/Frameworks/QuartzCore.framework"; sourceTree = SDKROOT; fileEncoding = undefined; lastKnownFileType = wrapper.framework; explicitFileType = undefined; includeInIndex = 0; };
		E13FD1CD15D04074B51AE8B9 /* Security.framework */ = {isa = PBXFileReference; name = "Security.framework"; path = "System/Library/Frameworks/Security.framework"; sourceTree = SDKROOT; fileEncoding = undefined; lastKnownFileType = wrapper.framework; explicitFileType = undefined; includeInIndex = 0; };
		1FE3AF2D574545869A86A822 /* UIKit.framework */ = {isa = PBXFileReference; name = "UIKit.framework"; path = "System/Library/Frameworks/UIKit.framework"; sourceTree = SDKROOT; fileEncoding = undefined; lastKnownFileType = wrapper.framework; explicitFileType = undefined; includeInIndex = 0; };
		B809D02BA9EE404CACA2A5DB /* libc++.dylib */ = {isa = PBXFileReference; name = "libc++.dylib"; path = "usr/lib/libc++.dylib"; sourceTree = SDKROOT; fileEncoding = undefined; lastKnownFileType = compiled.mach-o.dylib; explicitFileType = undefined; includeInIndex = 0; };
		92F858FEEC16401B9B449DA4 /* PayPalMobileCordovaPlugin.m */ = {isa = PBXFileReference; name = "PayPalMobileCordovaPlugin.m"; path = "com.paypal.cordova.mobilesdk/PayPalMobileCordovaPlugin.m"; sourceTree = "<group>"; fileEncoding = 4; lastKnownFileType = sourcecode.c.objc; explicitFileType = undefined; includeInIndex = 0; };
		D2D017AE537640B08380F75C /* libPayPalMobile.a */ = {isa = PBXFileReference; name = "libPayPalMobile.a"; path = "Baby Needs/Plugins/com.paypal.cordova.mobilesdk/libPayPalMobile.a"; sourceTree = "<group>"; fileEncoding = undefined; lastKnownFileType = archive.ar; explicitFileType = undefined; includeInIndex = 0; };
		DD6ECA0B0D9B4FAB9498B3ED /* PayPalMobileCordovaPlugin.h */ = {isa = PBXFileReference; name = "PayPalMobileCordovaPlugin.h"; path = "com.paypal.cordova.mobilesdk/PayPalMobileCordovaPlugin.h"; sourceTree = "<group>"; fileEncoding = 4; lastKnownFileType = sourcecode.c.h; explicitFileType = undefined; includeInIndex = 0; };
		6714C10DE85947E18379C01D /* PayPalConfiguration.h */ = {isa = PBXFileReference; name = "PayPalConfiguration.h"; path = "com.paypal.cordova.mobilesdk/PayPalConfiguration.h"; sourceTree = "<group>"; fileEncoding = 4; lastKnownFileType = sourcecode.c.h; explicitFileType = undefined; includeInIndex = 0; };
		C28149A509E5472BBB513502 /* PayPalFuturePaymentViewController.h */ = {isa = PBXFileReference; name = "PayPalFuturePaymentViewController.h"; path = "com.paypal.cordova.mobilesdk/PayPalFuturePaymentViewController.h"; sourceTree = "<group>"; fileEncoding = 4; lastKnownFileType = sourcecode.c.h; explicitFileType = undefined; includeInIndex = 0; };
		ECC968FE0D8B4EC1A4CB2F25 /* PayPalMobile.h */ = {isa = PBXFileReference; name = "PayPalMobile.h"; path = "com.paypal.cordova.mobilesdk/PayPalMobile.h"; sourceTree = "<group>"; fileEncoding = 4; lastKnownFileType = sourcecode.c.h; explicitFileType = undefined; includeInIndex = 0; };
		A1469F2BAFD54FC586B75A9B /* PayPalOAuthScopes.h */ = {isa = PBXFileReference; name = "PayPalOAuthScopes.h"; path = "com.paypal.cordova.mobilesdk/PayPalOAuthScopes.h"; sourceTree = "<group>"; fileEncoding = 4; lastKnownFileType = sourcecode.c.h; explicitFileType = undefined; includeInIndex = 0; };
		07C16992F6FA4F1B9437E838 /* PayPalPayment.h */ = {isa = PBXFileReference; name = "PayPalPayment.h"; path = "com.paypal.cordova.mobilesdk/PayPalPayment.h"; sourceTree = "<group>"; fileEncoding = 4; lastKnownFileType = sourcecode.c.h; explicitFileType = undefined; includeInIndex = 0; };
		F98BFA1EA3604C379DBA5342 /* PayPalPaymentViewController.h */ = {isa = PBXFileReference; name = "PayPalPaymentViewController.h"; path = "com.paypal.cordova.mobilesdk/PayPalPaymentViewController.h"; sourceTree = "<group>"; fileEncoding = 4; lastKnownFileType = sourcecode.c.h; explicitFileType = undefined; includeInIndex = 0; };
		10661CB658D24DEBA4E2ADA6 /* PayPalProfileSharingViewController.h */ = {isa = PBXFileReference; name = "PayPalProfileSharingViewController.h"; path = "com.paypal.cordova.mobilesdk/PayPalProfileSharingViewController.h"; sourceTree = "<group>"; fileEncoding = 4; lastKnownFileType = sourcecode.c.h; explicitFileType = undefined; includeInIndex = 0; };
		4A986F6E9FF44D95837666D9 /* CFNetwork.framework */ = {isa = PBXFileReference; name = "CFNetwork.framework"; path = "System/Library/Frameworks/CFNetwork.framework"; sourceTree = SDKROOT; fileEncoding = undefined; lastKnownFileType = wrapper.framework; explicitFileType = undefined; includeInIndex = 0; };
		6B1222C3EB694512AAE001E1 /* CoreLocation.framework */ = {isa = PBXFileReference; name = "CoreLocation.framework"; path = "System/Library/Frameworks/CoreLocation.framework"; sourceTree = SDKROOT; fileEncoding = undefined; lastKnownFileType = wrapper.framework; explicitFileType = undefined; includeInIndex = 0; };
		E1CA83E2182740C987FFE41D /* MessageUI.framework */ = {isa = PBXFileReference; name = "MessageUI.framework"; path = "System/Library/Frameworks/MessageUI.framework"; sourceTree = SDKROOT; fileEncoding = undefined; lastKnownFileType = wrapper.framework; explicitFileType = undefined; includeInIndex = 0; };
		9FA62F1B927B4FC4B6E134D1 /* SafariServices.framework */ = {isa = PBXFileReference; name = "SafariServices.framework"; path = "System/Library/Frameworks/SafariServices.framework"; sourceTree = SDKROOT; fileEncoding = undefined; lastKnownFileType = wrapper.framework; explicitFileType = undefined; includeInIndex = 0; };
		1B9A4487492B4412919C7F21 /* SystemConfiguration.framework */ = {isa = PBXFileReference; name = "SystemConfiguration.framework"; path = "System/Library/Frameworks/SystemConfiguration.framework"; sourceTree = SDKROOT; fileEncoding = undefined; lastKnownFileType = wrapper.framework; explicitFileType = undefined; includeInIndex = 0; };
		C6276D05E08D4A5CAAB39263 /* libPayPalMobile.a */ = {isa = PBXFileReference; name = "libPayPalMobile.a"; path = "libPayPalMobile.a"; sourceTree = "<group>"; fileEncoding = undefined; lastKnownFileType = archive.ar; explicitFileType = undefined; includeInIndex = 0; };
		FB59CF847967432CBB74A04F /* AppVersion.m */ = {isa = PBXFileReference; name = "AppVersion.m"; path = "cordova-plugin-app-version/AppVersion.m"; sourceTree = "<group>"; fileEncoding = 4; lastKnownFileType = sourcecode.c.objc; explicitFileType = undefined; includeInIndex = 0; };
		8151B5E835F44509AC0DE40A /* AppVersion.h */ = {isa = PBXFileReference; name = "AppVersion.h"; path = "cordova-plugin-app-version/AppVersion.h"; sourceTree = "<group>"; fileEncoding = 4; lastKnownFileType = sourcecode.c.h; explicitFileType = undefined; includeInIndex = 0; };
		FA99C9F7F5D74781ADB63E73 /* CDVNotification.m */ = {isa = PBXFileReference; name = "CDVNotification.m"; path = "cordova-plugin-dialogs/CDVNotification.m"; sourceTree = "<group>"; fileEncoding = 4; lastKnownFileType = sourcecode.c.objc; explicitFileType = undefined; includeInIndex = 0; };
		4644043757294837AA507921 /* CDVNotification.h */ = {isa = PBXFileReference; name = "CDVNotification.h"; path = "cordova-plugin-dialogs/CDVNotification.h"; sourceTree = "<group>"; fileEncoding = 4; lastKnownFileType = sourcecode.c.h; explicitFileType = undefined; includeInIndex = 0; };
		1B6C8DD59ECC41DA94431536 /* CDVNotification.bundle */ = {isa = PBXFileReference; name = "CDVNotification.bundle"; path = "CDVNotification.bundle"; sourceTree = "<group>"; fileEncoding = undefined; lastKnownFileType = wrapper.plug-in; explicitFileType = undefined; includeInIndex = 0; };
		CDBDC7C5EB6243D6A646D159 /* CDVGlobalization.m */ = {isa = PBXFileReference; name = "CDVGlobalization.m"; path = "cordova-plugin-globalization/CDVGlobalization.m"; sourceTree = "<group>"; fileEncoding = 4; lastKnownFileType = sourcecode.c.objc; explicitFileType = undefined; includeInIndex = 0; };
		ECEBABFF6AF44FF4B42AE2E3 /* CDVGlobalization.h */ = {isa = PBXFileReference; name = "CDVGlobalization.h"; path = "cordova-plugin-globalization/CDVGlobalization.h"; sourceTree = "<group>"; fileEncoding = 4; lastKnownFileType = sourcecode.c.h; explicitFileType = undefined; includeInIndex = 0; };
		29FC7DE2F9EE4EA7A610DD91 /* CDVInAppBrowser.m */ = {isa = PBXFileReference; name = "CDVInAppBrowser.m"; path = "cordova-plugin-inappbrowser/CDVInAppBrowser.m"; sourceTree = "<group>"; fileEncoding = 4; lastKnownFileType = sourcecode.c.objc; explicitFileType = undefined; includeInIndex = 0; };
		3327BC55A5524FA4B674B776 /* CDVInAppBrowser.h */ = {isa = PBXFileReference; name = "CDVInAppBrowser.h"; path = "cordova-plugin-inappbrowser/CDVInAppBrowser.h"; sourceTree = "<group>"; fileEncoding = 4; lastKnownFileType = sourcecode.c.h; explicitFileType = undefined; includeInIndex = 0; };
		F51823719B1841FDA1835C7E /* NativeStorage.m */ = {isa = PBXFileReference; name = "NativeStorage.m"; path = "cordova-plugin-nativestorage/NativeStorage.m"; sourceTree = "<group>"; fileEncoding = 4; lastKnownFileType = sourcecode.c.objc; explicitFileType = undefined; includeInIndex = 0; };
		2C59BEBBDEEB4351832D92AD /* NativeStorage.h */ = {isa = PBXFileReference; name = "NativeStorage.h"; path = "cordova-plugin-nativestorage/NativeStorage.h"; sourceTree = "<group>"; fileEncoding = 4; lastKnownFileType = sourcecode.c.h; explicitFileType = undefined; includeInIndex = 0; };
		D4963149D89F42779B774EF0 /* CDVAppRate.m */ = {isa = PBXFileReference; name = "CDVAppRate.m"; path = "cordova-plugin-apprate/CDVAppRate.m"; sourceTree = "<group>"; fileEncoding = 4; lastKnownFileType = sourcecode.c.objc; explicitFileType = undefined; includeInIndex = 0; };
		1EAB981D08824D6AA7EA85D8 /* CDVAppRate.h */ = {isa = PBXFileReference; name = "CDVAppRate.h"; path = "cordova-plugin-apprate/CDVAppRate.h"; sourceTree = "<group>"; fileEncoding = 4; lastKnownFileType = sourcecode.c.h; explicitFileType = undefined; includeInIndex = 0; };
		158B97A3738E42448F602BBC /* StoreKit.framework */ = {isa = PBXFileReference; name = "StoreKit.framework"; path = "System/Library/Frameworks/StoreKit.framework"; sourceTree = SDKROOT; fileEncoding = undefined; lastKnownFileType = wrapper.framework; explicitFileType = undefined; includeInIndex = 0; };
		3B81AD6EB17A495E95895414 /* CDVDevice.m */ = {isa = PBXFileReference; name = "CDVDevice.m"; path = "cordova-plugin-device/CDVDevice.m"; sourceTree = "<group>"; fileEncoding = 4; lastKnownFileType = sourcecode.c.objc; explicitFileType = undefined; includeInIndex = 0; };
		DB278295CF694A918349AFB8 /* CDVDevice.h */ = {isa = PBXFileReference; name = "CDVDevice.h"; path = "cordova-plugin-device/CDVDevice.h"; sourceTree = "<group>"; fileEncoding = 4; lastKnownFileType = sourcecode.c.h; explicitFileType = undefined; includeInIndex = 0; };
		975B573129EC4918B866ED70 /* libz.tbd */ = {isa = PBXFileReference; name = "libz.tbd"; path = "usr/lib/libz.tbd"; sourceTree = SDKROOT; fileEncoding = undefined; lastKnownFileType = sourcecode.text-based-dylib-definition; explicitFileType = undefined; includeInIndex = 0; };
		392BAAF8F53A46C0B56A51C4 /* APPEmailComposer.m */ = {isa = PBXFileReference; name = "APPEmailComposer.m"; path = "cordova-plugin-email-composer/APPEmailComposer.m"; sourceTree = "<group>"; fileEncoding = 4; lastKnownFileType = sourcecode.c.objc; explicitFileType = undefined; includeInIndex = 0; };
		9142663F52884C5BB354385B /* APPEmailComposerImpl.m */ = {isa = PBXFileReference; name = "APPEmailComposerImpl.m"; path = "cordova-plugin-email-composer/APPEmailComposerImpl.m"; sourceTree = "<group>"; fileEncoding = 4; lastKnownFileType = sourcecode.c.objc; explicitFileType = undefined; includeInIndex = 0; };
		AA6600007D5E4050A618623B /* APPEmailComposer.h */ = {isa = PBXFileReference; name = "APPEmailComposer.h"; path = "cordova-plugin-email-composer/APPEmailComposer.h"; sourceTree = "<group>"; fileEncoding = 4; lastKnownFileType = sourcecode.c.h; explicitFileType = undefined; includeInIndex = 0; };
		A5C6F624D9744A69823B9F16 /* APPEmailComposerImpl.h */ = {isa = PBXFileReference; name = "APPEmailComposerImpl.h"; path = "cordova-plugin-email-composer/APPEmailComposerImpl.h"; sourceTree = "<group>"; fileEncoding = 4; lastKnownFileType = sourcecode.c.h; explicitFileType = undefined; includeInIndex = 0; };
		6E08FB0A1B494E048B879226 /* CDVWKWebViewEngine.m */ = {isa = PBXFileReference; name = "CDVWKWebViewEngine.m"; path = "cordova-plugin-ionic-webview/CDVWKWebViewEngine.m"; sourceTree = "<group>"; fileEncoding = 4; lastKnownFileType = sourcecode.c.objc; explicitFileType = undefined; includeInIndex = 0; };
		6B44327427614199A6E3C146 /* CDVWKWebViewUIDelegate.m */ = {isa = PBXFileReference; name = "CDVWKWebViewUIDelegate.m"; path = "cordova-plugin-ionic-webview/CDVWKWebViewUIDelegate.m"; sourceTree = "<group>"; fileEncoding = 4; lastKnownFileType = sourcecode.c.objc; explicitFileType = undefined; includeInIndex = 0; };
		A9EC6448FD754EACB398C9FE /* CDVWKProcessPoolFactory.m */ = {isa = PBXFileReference; name = "CDVWKProcessPoolFactory.m"; path = "cordova-plugin-ionic-webview/CDVWKProcessPoolFactory.m"; sourceTree = "<group>"; fileEncoding = 4; lastKnownFileType = sourcecode.c.objc; explicitFileType = undefined; includeInIndex = 0; };
		7B591612D2BE457ABF3AD451 /* GCDWebServer.m */ = {isa = PBXFileReference; name = "GCDWebServer.m"; path = "cordova-plugin-ionic-webview/GCDWebServer.m"; sourceTree = "<group>"; fileEncoding = 4; lastKnownFileType = sourcecode.c.objc; explicitFileType = undefined; includeInIndex = 0; };
		8327299881A44C0D93E0DA1A /* GCDWebServerConnection.m */ = {isa = PBXFileReference; name = "GCDWebServerConnection.m"; path = "cordova-plugin-ionic-webview/GCDWebServerConnection.m"; sourceTree = "<group>"; fileEncoding = 4; lastKnownFileType = sourcecode.c.objc; explicitFileType = undefined; includeInIndex = 0; };
		2289A56670E2444A8EEB30C3 /* GCDWebServerFunctions.m */ = {isa = PBXFileReference; name = "GCDWebServerFunctions.m"; path = "cordova-plugin-ionic-webview/GCDWebServerFunctions.m"; sourceTree = "<group>"; fileEncoding = 4; lastKnownFileType = sourcecode.c.objc; explicitFileType = undefined; includeInIndex = 0; };
		A6DC4CF7F6634A1FAD0FEEFC /* GCDWebServerRequest.m */ = {isa = PBXFileReference; name = "GCDWebServerRequest.m"; path = "cordova-plugin-ionic-webview/GCDWebServerRequest.m"; sourceTree = "<group>"; fileEncoding = 4; lastKnownFileType = sourcecode.c.objc; explicitFileType = undefined; includeInIndex = 0; };
		599C6B98734444199D87B56C /* GCDWebServerResponse.m */ = {isa = PBXFileReference; name = "GCDWebServerResponse.m"; path = "cordova-plugin-ionic-webview/GCDWebServerResponse.m"; sourceTree = "<group>"; fileEncoding = 4; lastKnownFileType = sourcecode.c.objc; explicitFileType = undefined; includeInIndex = 0; };
		C80571C43D9B471EA377261E /* GCDWebServerDataRequest.m */ = {isa = PBXFileReference; name = "GCDWebServerDataRequest.m"; path = "cordova-plugin-ionic-webview/GCDWebServerDataRequest.m"; sourceTree = "<group>"; fileEncoding = 4; lastKnownFileType = sourcecode.c.objc; explicitFileType = undefined; includeInIndex = 0; };
		5809A3312B6349BB9EDEB1BA /* GCDWebServerFileRequest.m */ = {isa = PBXFileReference; name = "GCDWebServerFileRequest.m"; path = "cordova-plugin-ionic-webview/GCDWebServerFileRequest.m"; sourceTree = "<group>"; fileEncoding = 4; lastKnownFileType = sourcecode.c.objc; explicitFileType = undefined; includeInIndex = 0; };
		09421C44B31B4ACAA3B4A230 /* GCDWebServerMultiPartFormRequest.m */ = {isa = PBXFileReference; name = "GCDWebServerMultiPartFormRequest.m"; path = "cordova-plugin-ionic-webview/GCDWebServerMultiPartFormRequest.m"; sourceTree = "<group>"; fileEncoding = 4; lastKnownFileType = sourcecode.c.objc; explicitFileType = undefined; includeInIndex = 0; };
		C599449C8E194D73A1026DF9 /* GCDWebServerURLEncodedFormRequest.m */ = {isa = PBXFileReference; name = "GCDWebServerURLEncodedFormRequest.m"; path = "cordova-plugin-ionic-webview/GCDWebServerURLEncodedFormRequest.m"; sourceTree = "<group>"; fileEncoding = 4; lastKnownFileType = sourcecode.c.objc; explicitFileType = undefined; includeInIndex = 0; };
		268F0985A8D94CE09FC86112 /* GCDWebServerDataResponse.m */ = {isa = PBXFileReference; name = "GCDWebServerDataResponse.m"; path = "cordova-plugin-ionic-webview/GCDWebServerDataResponse.m"; sourceTree = "<group>"; fileEncoding = 4; lastKnownFileType = sourcecode.c.objc; explicitFileType = undefined; includeInIndex = 0; };
		F58F92F3455E41D68CC4C7B5 /* GCDWebServerErrorResponse.m */ = {isa = PBXFileReference; name = "GCDWebServerErrorResponse.m"; path = "cordova-plugin-ionic-webview/GCDWebServerErrorResponse.m"; sourceTree = "<group>"; fileEncoding = 4; lastKnownFileType = sourcecode.c.objc; explicitFileType = undefined; includeInIndex = 0; };
		0BCE5B2E6C224F40A12852BD /* GCDWebServerFileResponse.m */ = {isa = PBXFileReference; name = "GCDWebServerFileResponse.m"; path = "cordova-plugin-ionic-webview/GCDWebServerFileResponse.m"; sourceTree = "<group>"; fileEncoding = 4; lastKnownFileType = sourcecode.c.objc; explicitFileType = undefined; includeInIndex = 0; };
		DE83F4FE3D9342E5962A8CC3 /* GCDWebServerStreamedResponse.m */ = {isa = PBXFileReference; name = "GCDWebServerStreamedResponse.m"; path = "cordova-plugin-ionic-webview/GCDWebServerStreamedResponse.m"; sourceTree = "<group>"; fileEncoding = 4; lastKnownFileType = sourcecode.c.objc; explicitFileType = undefined; includeInIndex = 0; };
		EE3EFA3B637B48028FE5E5E3 /* CDVWKWebViewEngine.h */ = {isa = PBXFileReference; name = "CDVWKWebViewEngine.h"; path = "cordova-plugin-ionic-webview/CDVWKWebViewEngine.h"; sourceTree = "<group>"; fileEncoding = 4; lastKnownFileType = sourcecode.c.h; explicitFileType = undefined; includeInIndex = 0; };
		B9B799E8121D458B85D9CCE7 /* CDVWKWebViewUIDelegate.h */ = {isa = PBXFileReference; name = "CDVWKWebViewUIDelegate.h"; path = "cordova-plugin-ionic-webview/CDVWKWebViewUIDelegate.h"; sourceTree = "<group>"; fileEncoding = 4; lastKnownFileType = sourcecode.c.h; explicitFileType = undefined; includeInIndex = 0; };
		8E86DF2C22764A1AB9A914B9 /* CDVWKProcessPoolFactory.h */ = {isa = PBXFileReference; name = "CDVWKProcessPoolFactory.h"; path = "cordova-plugin-ionic-webview/CDVWKProcessPoolFactory.h"; sourceTree = "<group>"; fileEncoding = 4; lastKnownFileType = sourcecode.c.h; explicitFileType = undefined; includeInIndex = 0; };
		A5CA18FBD4B142CDA022FDB6 /* GCDWebServer.h */ = {isa = PBXFileReference; name = "GCDWebServer.h"; path = "cordova-plugin-ionic-webview/GCDWebServer.h"; sourceTree = "<group>"; fileEncoding = 4; lastKnownFileType = sourcecode.c.h; explicitFileType = undefined; includeInIndex = 0; };
		FFD373A1B58A422A9F52002C /* GCDWebServerConnection.h */ = {isa = PBXFileReference; name = "GCDWebServerConnection.h"; path = "cordova-plugin-ionic-webview/GCDWebServerConnection.h"; sourceTree = "<group>"; fileEncoding = 4; lastKnownFileType = sourcecode.c.h; explicitFileType = undefined; includeInIndex = 0; };
		AE85F8CD983D4E1487768EF3 /* GCDWebServerFunctions.h */ = {isa = PBXFileReference; name = "GCDWebServerFunctions.h"; path = "cordova-plugin-ionic-webview/GCDWebServerFunctions.h"; sourceTree = "<group>"; fileEncoding = 4; lastKnownFileType = sourcecode.c.h; explicitFileType = undefined; includeInIndex = 0; };
		F3EB866E3CD24EDCB40D7B11 /* GCDWebServerHTTPStatusCodes.h */ = {isa = PBXFileReference; name = "GCDWebServerHTTPStatusCodes.h"; path = "cordova-plugin-ionic-webview/GCDWebServerHTTPStatusCodes.h"; sourceTree = "<group>"; fileEncoding = 4; lastKnownFileType = sourcecode.c.h; explicitFileType = undefined; includeInIndex = 0; };
		DECCDD5004BE45A08FF93738 /* GCDWebServerPrivate.h */ = {isa = PBXFileReference; name = "GCDWebServerPrivate.h"; path = "cordova-plugin-ionic-webview/GCDWebServerPrivate.h"; sourceTree = "<group>"; fileEncoding = 4; lastKnownFileType = sourcecode.c.h; explicitFileType = undefined; includeInIndex = 0; };
		F9EAFF5D8F8144AEB095C0B5 /* GCDWebServerRequest.h */ = {isa = PBXFileReference; name = "GCDWebServerRequest.h"; path = "cordova-plugin-ionic-webview/GCDWebServerRequest.h"; sourceTree = "<group>"; fileEncoding = 4; lastKnownFileType = sourcecode.c.h; explicitFileType = undefined; includeInIndex = 0; };
		EC7B5A957EBB4A3FA37EC5A8 /* GCDWebServerResponse.h */ = {isa = PBXFileReference; name = "GCDWebServerResponse.h"; path = "cordova-plugin-ionic-webview/GCDWebServerResponse.h"; sourceTree = "<group>"; fileEncoding = 4; lastKnownFileType = sourcecode.c.h; explicitFileType = undefined; includeInIndex = 0; };
		C13E66FE76824AA6941FF04A /* GCDWebServerDataRequest.h */ = {isa = PBXFileReference; name = "GCDWebServerDataRequest.h"; path = "cordova-plugin-ionic-webview/GCDWebServerDataRequest.h"; sourceTree = "<group>"; fileEncoding = 4; lastKnownFileType = sourcecode.c.h; explicitFileType = undefined; includeInIndex = 0; };
		4FAA76414F6B4D9EA68F6FFB /* GCDWebServerFileRequest.h */ = {isa = PBXFileReference; name = "GCDWebServerFileRequest.h"; path = "cordova-plugin-ionic-webview/GCDWebServerFileRequest.h"; sourceTree = "<group>"; fileEncoding = 4; lastKnownFileType = sourcecode.c.h; explicitFileType = undefined; includeInIndex = 0; };
		9A3424CCE5FD40E4AFDB5E71 /* GCDWebServerMultiPartFormRequest.h */ = {isa = PBXFileReference; name = "GCDWebServerMultiPartFormRequest.h"; path = "cordova-plugin-ionic-webview/GCDWebServerMultiPartFormRequest.h"; sourceTree = "<group>"; fileEncoding = 4; lastKnownFileType = sourcecode.c.h; explicitFileType = undefined; includeInIndex = 0; };
		51F5049FC10D46368ED761C7 /* GCDWebServerURLEncodedFormRequest.h */ = {isa = PBXFileReference; name = "GCDWebServerURLEncodedFormRequest.h"; path = "cordova-plugin-ionic-webview/GCDWebServerURLEncodedFormRequest.h"; sourceTree = "<group>"; fileEncoding = 4; lastKnownFileType = sourcecode.c.h; explicitFileType = undefined; includeInIndex = 0; };
		714651D415B240C0A6081B15 /* GCDWebServerDataResponse.h */ = {isa = PBXFileReference; name = "GCDWebServerDataResponse.h"; path = "cordova-plugin-ionic-webview/GCDWebServerDataResponse.h"; sourceTree = "<group>"; fileEncoding = 4; lastKnownFileType = sourcecode.c.h; explicitFileType = undefined; includeInIndex = 0; };
		4C4B52D57068475D92D4B4F3 /* GCDWebServerErrorResponse.h */ = {isa = PBXFileReference; name = "GCDWebServerErrorResponse.h"; path = "cordova-plugin-ionic-webview/GCDWebServerErrorResponse.h"; sourceTree = "<group>"; fileEncoding = 4; lastKnownFileType = sourcecode.c.h; explicitFileType = undefined; includeInIndex = 0; };
		03B594E8CBFB464791FBA901 /* GCDWebServerFileResponse.h */ = {isa = PBXFileReference; name = "GCDWebServerFileResponse.h"; path = "cordova-plugin-ionic-webview/GCDWebServerFileResponse.h"; sourceTree = "<group>"; fileEncoding = 4; lastKnownFileType = sourcecode.c.h; explicitFileType = undefined; includeInIndex = 0; };
		0AB7CAF6013D4786B689B6EE /* GCDWebServerStreamedResponse.h */ = {isa = PBXFileReference; name = "GCDWebServerStreamedResponse.h"; path = "cordova-plugin-ionic-webview/GCDWebServerStreamedResponse.h"; sourceTree = "<group>"; fileEncoding = 4; lastKnownFileType = sourcecode.c.h; explicitFileType = undefined; includeInIndex = 0; };
		7BE3806C70C347C1809FE899 /* WebKit.framework */ = {isa = PBXFileReference; name = "WebKit.framework"; path = "System/Library/Frameworks/WebKit.framework"; sourceTree = SDKROOT; fileEncoding = undefined; lastKnownFileType = wrapper.framework; explicitFileType = undefined; includeInIndex = 0; };
		D76D2B59D3364540B7FE8E39 /* CDVSplashScreen.m */ = {isa = PBXFileReference; name = "CDVSplashScreen.m"; path = "cordova-plugin-splashscreen/CDVSplashScreen.m"; sourceTree = "<group>"; fileEncoding = 4; lastKnownFileType = sourcecode.c.objc; explicitFileType = undefined; includeInIndex = 0; };
		D4DA8E9B56A54F549C95A08A /* CDVViewController+SplashScreen.m */ = {isa = PBXFileReference; name = "CDVViewController+SplashScreen.m"; path = "cordova-plugin-splashscreen/CDVViewController+SplashScreen.m"; sourceTree = "<group>"; fileEncoding = 4; lastKnownFileType = sourcecode.c.objc; explicitFileType = undefined; includeInIndex = 0; };
		7F68A32C67234163B88E373C /* CDVSplashScreen.h */ = {isa = PBXFileReference; name = "CDVSplashScreen.h"; path = "cordova-plugin-splashscreen/CDVSplashScreen.h"; sourceTree = "<group>"; fileEncoding = 4; lastKnownFileType = sourcecode.c.h; explicitFileType = undefined; includeInIndex = 0; };
		B70C4267856A4951AB2EE0AB /* CDVViewController+SplashScreen.h */ = {isa = PBXFileReference; name = "CDVViewController+SplashScreen.h"; path = "cordova-plugin-splashscreen/CDVViewController+SplashScreen.h"; sourceTree = "<group>"; fileEncoding = 4; lastKnownFileType = sourcecode.c.h; explicitFileType = undefined; includeInIndex = 0; };
		C8D21EC94299497D9B4629D5 /* CDVStatusBar.m */ = {isa = PBXFileReference; name = "CDVStatusBar.m"; path = "cordova-plugin-statusbar/CDVStatusBar.m"; sourceTree = "<group>"; fileEncoding = 4; lastKnownFileType = sourcecode.c.objc; explicitFileType = undefined; includeInIndex = 0; };
		22083DB035D64DD890E41B8D /* CDVStatusBar.h */ = {isa = PBXFileReference; name = "CDVStatusBar.h"; path = "cordova-plugin-statusbar/CDVStatusBar.h"; sourceTree = "<group>"; fileEncoding = 4; lastKnownFileType = sourcecode.c.h; explicitFileType = undefined; includeInIndex = 0; };
		56BAE35AA1D042D98D0CF45C /* CordovaStripe.m */ = {isa = PBXFileReference; name = "CordovaStripe.m"; path = "cordova-plugin-stripe/CordovaStripe.m"; sourceTree = "<group>"; fileEncoding = 4; lastKnownFileType = sourcecode.c.objc; explicitFileType = undefined; includeInIndex = 0; };
		12E520A288454CCDB13281E8 /* CordovaStripe.h */ = {isa = PBXFileReference; name = "CordovaStripe.h"; path = "cordova-plugin-stripe/CordovaStripe.h"; sourceTree = "<group>"; fileEncoding = 4; lastKnownFileType = sourcecode.c.h; explicitFileType = undefined; includeInIndex = 0; };
		6A61C0CD6EF740D98BF9403D /* Stripe.framework */ = {isa = PBXFileReference; name = "Stripe.framework"; path = "Baby Needs/Plugins/cordova-plugin-stripe/Stripe.framework"; sourceTree = "<group>"; fileEncoding = undefined; lastKnownFileType = wrapper.framework; explicitFileType = undefined; includeInIndex = 0; };
		0E1C23077CE74072B3DF30FF /* NSString+SSURLEncoding.m */ = {isa = PBXFileReference; name = "NSString+SSURLEncoding.m"; path = "cordova-plugin-x-socialsharing/NSString+SSURLEncoding.m"; sourceTree = "<group>"; fileEncoding = 4; lastKnownFileType = sourcecode.c.objc; explicitFileType = undefined; includeInIndex = 0; };
		ED429B6B9C1A411B9C4B8192 /* SocialSharing.m */ = {isa = PBXFileReference; name = "SocialSharing.m"; path = "cordova-plugin-x-socialsharing/SocialSharing.m"; sourceTree = "<group>"; fileEncoding = 4; lastKnownFileType = sourcecode.c.objc; explicitFileType = undefined; includeInIndex = 0; };
		EA26CB30C6D54E8FA51F225C /* NSString+SSURLEncoding.h */ = {isa = PBXFileReference; name = "NSString+SSURLEncoding.h"; path = "cordova-plugin-x-socialsharing/NSString+SSURLEncoding.h"; sourceTree = "<group>"; fileEncoding = 4; lastKnownFileType = sourcecode.c.h; explicitFileType = undefined; includeInIndex = 0; };
		8ECCFDD0B41D4BCC892C61D4 /* SocialSharing.h */ = {isa = PBXFileReference; name = "SocialSharing.h"; path = "cordova-plugin-x-socialsharing/SocialSharing.h"; sourceTree = "<group>"; fileEncoding = 4; lastKnownFileType = sourcecode.c.h; explicitFileType = undefined; includeInIndex = 0; };
		E0F0747CE39B4E25840C0677 /* Social.framework */ = {isa = PBXFileReference; name = "Social.framework"; path = "System/Library/Frameworks/Social.framework"; sourceTree = SDKROOT; fileEncoding = undefined; lastKnownFileType = wrapper.framework; explicitFileType = undefined; includeInIndex = 0; };
		958CA8381A69484E83C355A9 /* IonicKeyboard.m */ = {isa = PBXFileReference; name = "IonicKeyboard.m"; path = "ionic-plugin-keyboard/IonicKeyboard.m"; sourceTree = "<group>"; fileEncoding = 4; lastKnownFileType = sourcecode.c.objc; explicitFileType = undefined; includeInIndex = 0; };
		7D546FAB90B54EF2878E7588 /* IonicKeyboard.h */ = {isa = PBXFileReference; name = "IonicKeyboard.h"; path = "ionic-plugin-keyboard/IonicKeyboard.h"; sourceTree = "<group>"; fileEncoding = 4; lastKnownFileType = sourcecode.c.h; explicitFileType = undefined; includeInIndex = 0; };
		6CA1CABDFABC4F9DBE85A53A /* OneSignalPush.m */ = {isa = PBXFileReference; name = "OneSignalPush.m"; path = "onesignal-cordova-plugin/OneSignalPush.m"; sourceTree = "<group>"; fileEncoding = 4; lastKnownFileType = sourcecode.c.objc; explicitFileType = undefined; includeInIndex = 0; };
		540E414430C44D38B6F15C39 /* OneSignalPush.h */ = {isa = PBXFileReference; name = "OneSignalPush.h"; path = "onesignal-cordova-plugin/OneSignalPush.h"; sourceTree = "<group>"; fileEncoding = 4; lastKnownFileType = sourcecode.c.h; explicitFileType = undefined; includeInIndex = 0; };
/* End PBXFileReference section */

/* Begin PBXFrameworksBuildPhase section */
		1D60588F0D05DD3D006BFB54 /* Frameworks */ = {
			isa = PBXFrameworksBuildPhase;
			buildActionMask = 2147483647;
			files = (
				301BF552109A68D80062928A /* libCordova.a in Frameworks */,
				22AA16CDBB75460CA5D132CD /* libCardIO.a in Frameworks */,
				C30E471B6C044E479121C768 /* libopencv_core.a in Frameworks */,
				0E1EACB4BD7043EA9EA1F388 /* libopencv_imgproc.a in Frameworks */,
				7CF5F5FBE0ED4018BBCA2FF4 /* Accelerate.framework in Frameworks */,
				D791BA55CB0545779FAC125C /* AudioToolbox.framework in Frameworks */,
				EAD3DBBE346B41ECBBE8C2E5 /* AVFoundation.framework in Frameworks */,
				7D9BB27BF7A349B0A20664BF /* CoreMedia.framework in Frameworks */,
				5E781B433D69401EBF2CE9DA /* CoreVideo.framework in Frameworks */,
				0E9DD171790643448D5F7656 /* Foundation.framework in Frameworks */,
				0AC1162EBD8E49DA9B4C86DD /* OpenGLES.framework in Frameworks */,
				D3E4D010BAB040EA9E3E0378 /* QuartzCore.framework in Frameworks */,
				5733CB47A38A4188BCD6CA0C /* Security.framework in Frameworks */,
				855439D33F3B431CA6AF527D /* UIKit.framework in Frameworks */,
				DDFF7FB8EFEF4D7B99B031AA /* libc++.dylib in Frameworks */,
				48DA76B3D3E94EDAAB107533 /* libPayPalMobile.a in Frameworks */,
				4A49E66CD224452A831D34F4 /* CFNetwork.framework in Frameworks */,
				C60923727CC3425C8D562265 /* CoreLocation.framework in Frameworks */,
				AA85C1066A6442CD9562E505 /* MessageUI.framework in Frameworks */,
				322CDF84120F461ABB31E946 /* SafariServices.framework in Frameworks */,
				F5D98C168AB34BFC8376C081 /* SystemConfiguration.framework in Frameworks */,
				3EF7315AA6D840919BDFAB1D /* libPayPalMobile.a in Frameworks */,
				4008806D12BA4C269D485B9F /* StoreKit.framework in Frameworks */,
				3C345BF7C0B44857BDC4DC32 /* libz.tbd in Frameworks */,
				69ABCEA0A6B14B769185D216 /* WebKit.framework in Frameworks */,
				8EECE9C880BD48C9A5318585 /* Stripe.framework in Frameworks */,
				E5AE930097524234AB539F69 /* Social.framework in Frameworks */,
			);
			runOnlyForDeploymentPostprocessing = 0;
		};
/* End PBXFrameworksBuildPhase section */

/* Begin PBXGroup section */
		080E96DDFE201D6D7F000001 /* Classes */ = {
			isa = PBXGroup;
			children = (
				302D95EE14D2391D003F00A1 /* MainViewController.h */,
				302D95EF14D2391D003F00A1 /* MainViewController.m */,
				302D95F014D2391D003F00A1 /* MainViewController.xib */,
				1D3623240D0F684500981E51 /* AppDelegate.h */,
				1D3623250D0F684500981E51 /* AppDelegate.m */,
			);
			name = Classes;
			path = "Baby Needs/Classes";
			sourceTree = SOURCE_ROOT;
		};
		19C28FACFE9D520D11CA2CBB /* Products */ = {
			isa = PBXGroup;
			children = (
				1D6058910D05DD3D006BFB54 /* Baby Needs.app */,
			);
			name = Products;
			sourceTree = "<group>";
		};
		29B97314FDCFA39411CA2CEA /* CustomTemplate */ = {
			isa = PBXGroup;
			children = (
				EB87FDF41871DAF40020F90C /* config.xml */,
				EB87FDF31871DA8E0020F90C /* www */,
				EB87FDF11871DA420020F90C /* Staging */,
				301BF52D109A57CC0062928A /* CordovaLib.xcodeproj */,
				080E96DDFE201D6D7F000001 /* Classes */,
				307C750510C5A3420062BCA9 /* Plugins */,
				29B97315FDCFA39411CA2CEA /* Other Sources */,
				29B97317FDCFA39411CA2CEA /* Resources */,
				29B97323FDCFA39411CA2CEA /* Frameworks */,
				19C28FACFE9D520D11CA2CBB /* Products */,
			);
			name = CustomTemplate;
			sourceTree = "<group>";
		};
		29B97315FDCFA39411CA2CEA /* Other Sources */ = {
			isa = PBXGroup;
			children = (
				32CA4F630368D1EE00C91783 /* Baby Needs-Prefix.pch */,
				29B97316FDCFA39411CA2CEA /* main.m */,
				ED33DF2A687741AEAF9F8254 /* Bridging-Header.h */,
			);
			name = "Other Sources";
			path = "Baby Needs";
			sourceTree = "<group>";
		};
		29B97317FDCFA39411CA2CEA /* Resources */ = {
			isa = PBXGroup;
			children = (
				0207DA571B56EA530066E2B4 /* Images.xcassets */,
				3047A50E1AB8057F00498E2A /* config */,
				8D1107310486CEB800E47090 /* Baby Needs-Info.plist */,
				6AFF5BF81D6E424B00AB3073 /* CDVLaunchScreen.storyboard */,
				1B6C8DD59ECC41DA94431536 /* CDVNotification.bundle */,
			);
			name = Resources;
			path = "Baby Needs/Resources";
			sourceTree = "<group>";
		};
		29B97323FDCFA39411CA2CEA /* Frameworks */ = {
			isa = PBXGroup;
			children = (
				DEE69403B5514E71A7696DB1 /* libCardIO.a */,
				4804A62067564650B2F26B52 /* libopencv_core.a */,
				183521869D814CDAA22BE43B /* libopencv_imgproc.a */,
				433E0E2AFBB74E3F85A5163A /* Accelerate.framework */,
				26E6F8B0AED449A69079BA0D /* AudioToolbox.framework */,
				26E9414ADF92431F97F2B6D4 /* AVFoundation.framework */,
				B6DEFCD944234900859FEFC3 /* CoreMedia.framework */,
				4557E9DE9E6143A78ECA416E /* CoreVideo.framework */,
				02FF732F20454660B2606341 /* Foundation.framework */,
				CABFB31957DA4A15AB69962E /* OpenGLES.framework */,
				587FD29A9FB3402D9D6E3A68 /* QuartzCore.framework */,
				E13FD1CD15D04074B51AE8B9 /* Security.framework */,
				1FE3AF2D574545869A86A822 /* UIKit.framework */,
				B809D02BA9EE404CACA2A5DB /* libc++.dylib */,
				D2D017AE537640B08380F75C /* libPayPalMobile.a */,
				4A986F6E9FF44D95837666D9 /* CFNetwork.framework */,
				6B1222C3EB694512AAE001E1 /* CoreLocation.framework */,
				E1CA83E2182740C987FFE41D /* MessageUI.framework */,
				9FA62F1B927B4FC4B6E134D1 /* SafariServices.framework */,
				1B9A4487492B4412919C7F21 /* SystemConfiguration.framework */,
				C6276D05E08D4A5CAAB39263 /* libPayPalMobile.a */,
				158B97A3738E42448F602BBC /* StoreKit.framework */,
				975B573129EC4918B866ED70 /* libz.tbd */,
				7BE3806C70C347C1809FE899 /* WebKit.framework */,
				6A61C0CD6EF740D98BF9403D /* Stripe.framework */,
				E0F0747CE39B4E25840C0677 /* Social.framework */,
			);
			name = Frameworks;
			sourceTree = "<group>";
		};
		301BF52E109A57CC0062928A /* Products */ = {
			isa = PBXGroup;
			children = (
				301BF535109A57CC0062928A /* libCordova.a */,
			);
			name = Products;
			sourceTree = "<group>";
		};
		3047A50E1AB8057F00498E2A /* config */ = {
			isa = PBXGroup;
			children = (
				3047A50F1AB8059700498E2A /* build-debug.xcconfig */,
				3047A5101AB8059700498E2A /* build-release.xcconfig */,
				3047A5111AB8059700498E2A /* build.xcconfig */,
			);
			name = config;
			sourceTree = "<group>";
		};
		307C750510C5A3420062BCA9 /* Plugins */ = {
			isa = PBXGroup;
			children = (
				45A7D65999944A7BB2F079B1 /* CardIOCordovaPlugin.m */,
				FF54D7823BDF4D80A89BBC0B /* CardIOCordovaPlugin.h */,
				6046AFAF546841A5917856FF /* CardIO.h */,
				C5DADB4A76614A919A83B6B0 /* CardIOCreditCardInfo.h */,
				BE4F83DE2ABE4FBA998F3FC8 /* CardIODetectionMode.h */,
				810CD2527AA84904BE4B2826 /* CardIOPaymentViewController.h */,
				E12DA6BA149D47FCA85160A3 /* CardIOPaymentViewControllerDelegate.h */,
				70453091EAF448C2A41F7D74 /* CardIOUtilities.h */,
				CC0995ED2CCE4B4AAA0E7BD1 /* CardIOView.h */,
				5E288D3996434423BC7F0BBD /* CardIOViewDelegate.h */,
				92F858FEEC16401B9B449DA4 /* PayPalMobileCordovaPlugin.m */,
				DD6ECA0B0D9B4FAB9498B3ED /* PayPalMobileCordovaPlugin.h */,
				6714C10DE85947E18379C01D /* PayPalConfiguration.h */,
				C28149A509E5472BBB513502 /* PayPalFuturePaymentViewController.h */,
				ECC968FE0D8B4EC1A4CB2F25 /* PayPalMobile.h */,
				A1469F2BAFD54FC586B75A9B /* PayPalOAuthScopes.h */,
				07C16992F6FA4F1B9437E838 /* PayPalPayment.h */,
				F98BFA1EA3604C379DBA5342 /* PayPalPaymentViewController.h */,
				10661CB658D24DEBA4E2ADA6 /* PayPalProfileSharingViewController.h */,
				FB59CF847967432CBB74A04F /* AppVersion.m */,
				8151B5E835F44509AC0DE40A /* AppVersion.h */,
				FA99C9F7F5D74781ADB63E73 /* CDVNotification.m */,
				4644043757294837AA507921 /* CDVNotification.h */,
				CDBDC7C5EB6243D6A646D159 /* CDVGlobalization.m */,
				ECEBABFF6AF44FF4B42AE2E3 /* CDVGlobalization.h */,
				29FC7DE2F9EE4EA7A610DD91 /* CDVInAppBrowser.m */,
				3327BC55A5524FA4B674B776 /* CDVInAppBrowser.h */,
				F51823719B1841FDA1835C7E /* NativeStorage.m */,
				2C59BEBBDEEB4351832D92AD /* NativeStorage.h */,
				D4963149D89F42779B774EF0 /* CDVAppRate.m */,
				1EAB981D08824D6AA7EA85D8 /* CDVAppRate.h */,
				3B81AD6EB17A495E95895414 /* CDVDevice.m */,
				DB278295CF694A918349AFB8 /* CDVDevice.h */,
				392BAAF8F53A46C0B56A51C4 /* APPEmailComposer.m */,
				9142663F52884C5BB354385B /* APPEmailComposerImpl.m */,
				AA6600007D5E4050A618623B /* APPEmailComposer.h */,
				A5C6F624D9744A69823B9F16 /* APPEmailComposerImpl.h */,
				6E08FB0A1B494E048B879226 /* CDVWKWebViewEngine.m */,
				6B44327427614199A6E3C146 /* CDVWKWebViewUIDelegate.m */,
				A9EC6448FD754EACB398C9FE /* CDVWKProcessPoolFactory.m */,
				7B591612D2BE457ABF3AD451 /* GCDWebServer.m */,
				8327299881A44C0D93E0DA1A /* GCDWebServerConnection.m */,
				2289A56670E2444A8EEB30C3 /* GCDWebServerFunctions.m */,
				A6DC4CF7F6634A1FAD0FEEFC /* GCDWebServerRequest.m */,
				599C6B98734444199D87B56C /* GCDWebServerResponse.m */,
				C80571C43D9B471EA377261E /* GCDWebServerDataRequest.m */,
				5809A3312B6349BB9EDEB1BA /* GCDWebServerFileRequest.m */,
				09421C44B31B4ACAA3B4A230 /* GCDWebServerMultiPartFormRequest.m */,
				C599449C8E194D73A1026DF9 /* GCDWebServerURLEncodedFormRequest.m */,
				268F0985A8D94CE09FC86112 /* GCDWebServerDataResponse.m */,
				F58F92F3455E41D68CC4C7B5 /* GCDWebServerErrorResponse.m */,
				0BCE5B2E6C224F40A12852BD /* GCDWebServerFileResponse.m */,
				DE83F4FE3D9342E5962A8CC3 /* GCDWebServerStreamedResponse.m */,
				EE3EFA3B637B48028FE5E5E3 /* CDVWKWebViewEngine.h */,
				B9B799E8121D458B85D9CCE7 /* CDVWKWebViewUIDelegate.h */,
				8E86DF2C22764A1AB9A914B9 /* CDVWKProcessPoolFactory.h */,
				A5CA18FBD4B142CDA022FDB6 /* GCDWebServer.h */,
				FFD373A1B58A422A9F52002C /* GCDWebServerConnection.h */,
				AE85F8CD983D4E1487768EF3 /* GCDWebServerFunctions.h */,
				F3EB866E3CD24EDCB40D7B11 /* GCDWebServerHTTPStatusCodes.h */,
				DECCDD5004BE45A08FF93738 /* GCDWebServerPrivate.h */,
				F9EAFF5D8F8144AEB095C0B5 /* GCDWebServerRequest.h */,
				EC7B5A957EBB4A3FA37EC5A8 /* GCDWebServerResponse.h */,
				C13E66FE76824AA6941FF04A /* GCDWebServerDataRequest.h */,
				4FAA76414F6B4D9EA68F6FFB /* GCDWebServerFileRequest.h */,
				9A3424CCE5FD40E4AFDB5E71 /* GCDWebServerMultiPartFormRequest.h */,
				51F5049FC10D46368ED761C7 /* GCDWebServerURLEncodedFormRequest.h */,
				714651D415B240C0A6081B15 /* GCDWebServerDataResponse.h */,
				4C4B52D57068475D92D4B4F3 /* GCDWebServerErrorResponse.h */,
				03B594E8CBFB464791FBA901 /* GCDWebServerFileResponse.h */,
				0AB7CAF6013D4786B689B6EE /* GCDWebServerStreamedResponse.h */,
				D76D2B59D3364540B7FE8E39 /* CDVSplashScreen.m */,
				D4DA8E9B56A54F549C95A08A /* CDVViewController+SplashScreen.m */,
				7F68A32C67234163B88E373C /* CDVSplashScreen.h */,
				B70C4267856A4951AB2EE0AB /* CDVViewController+SplashScreen.h */,
				C8D21EC94299497D9B4629D5 /* CDVStatusBar.m */,
				22083DB035D64DD890E41B8D /* CDVStatusBar.h */,
				56BAE35AA1D042D98D0CF45C /* CordovaStripe.m */,
				12E520A288454CCDB13281E8 /* CordovaStripe.h */,
				0E1C23077CE74072B3DF30FF /* NSString+SSURLEncoding.m */,
				ED429B6B9C1A411B9C4B8192 /* SocialSharing.m */,
				EA26CB30C6D54E8FA51F225C /* NSString+SSURLEncoding.h */,
				8ECCFDD0B41D4BCC892C61D4 /* SocialSharing.h */,
				958CA8381A69484E83C355A9 /* IonicKeyboard.m */,
				7D546FAB90B54EF2878E7588 /* IonicKeyboard.h */,
				6CA1CABDFABC4F9DBE85A53A /* OneSignalPush.m */,
				540E414430C44D38B6F15C39 /* OneSignalPush.h */,
			);
			name = Plugins;
			path = "Baby Needs/Plugins";
			sourceTree = SOURCE_ROOT;
		};
		EB87FDF11871DA420020F90C /* Staging */ = {
			isa = PBXGroup;
			children = (
				F840E1F0165FE0F500CFE078 /* config.xml */,
				301BF56E109A69640062928A /* www */,
			);
			name = Staging;
			sourceTree = "<group>";
		};
/* End PBXGroup section */

/* Begin PBXNativeTarget section */
		1D6058900D05DD3D006BFB54 /* Baby Needs */ = {
			isa = PBXNativeTarget;
			buildConfigurationList = 1D6058960D05DD3E006BFB54 /* Build configuration list for PBXNativeTarget "Baby Needs" */;
			buildPhases = (
				304B58A110DAC018002A0835 /* Copy www directory */,
				1D60588D0D05DD3D006BFB54 /* Resources */,
				1D60588E0D05DD3D006BFB54 /* Sources */,
				1D60588F0D05DD3D006BFB54 /* Frameworks */,
			);
			buildRules = (
			);
			dependencies = (
				301BF551109A68C00062928A /* PBXTargetDependency */,
			);
			name = "Baby Needs";
			productName = "Baby Needs";
			productReference = 1D6058910D05DD3D006BFB54 /* Baby Needs.app */;
			productType = "com.apple.product-type.application";
		};
/* End PBXNativeTarget section */

/* Begin PBXProject section */
		29B97313FDCFA39411CA2CEA /* Project object */ = {
			isa = PBXProject;
			attributes = {
				LastUpgradeCheck = 510;
			};
			buildConfigurationList = C01FCF4E08A954540054247B /* Build configuration list for PBXProject "__NON-CLI__" */;
			compatibilityVersion = "Xcode 3.2";
			developmentRegion = English;
			hasScannedForEncodings = 1;
			mainGroup = 29B97314FDCFA39411CA2CEA /* CustomTemplate */;
			projectDirPath = "";
			projectReferences = (
				{
					ProductGroup = 301BF52E109A57CC0062928A /* Products */;
					ProjectRef = 301BF52D109A57CC0062928A /* CordovaLib.xcodeproj */;
				},
			);
			projectRoot = "";
			targets = (
				1D6058900D05DD3D006BFB54 /* Baby Needs */,
			);
		};
/* End PBXProject section */

/* Begin PBXReferenceProxy section */
		301BF535109A57CC0062928A /* libCordova.a */ = {
			isa = PBXReferenceProxy;
			fileType = archive.ar;
			path = libCordova.a;
			remoteRef = 301BF534109A57CC0062928A /* PBXContainerItemProxy */;
			sourceTree = BUILT_PRODUCTS_DIR;
		};
/* End PBXReferenceProxy section */

/* Begin PBXResourcesBuildPhase section */
		1D60588D0D05DD3D006BFB54 /* Resources */ = {
			isa = PBXResourcesBuildPhase;
			buildActionMask = 2147483647;
			files = (
				302D95F214D2391D003F00A1 /* MainViewController.xib in Resources */,
				0207DA581B56EA530066E2B4 /* Images.xcassets in Resources */,
				6AFF5BF91D6E424B00AB3073 /* CDVLaunchScreen.storyboard in Resources */,
				900C6180F58344E78127E737 /* CDVNotification.bundle in Resources */,
			);
			runOnlyForDeploymentPostprocessing = 0;
		};
/* End PBXResourcesBuildPhase section */

/* Begin PBXShellScriptBuildPhase section */
		304B58A110DAC018002A0835 /* Copy www directory */ = {
			isa = PBXShellScriptBuildPhase;
			buildActionMask = 2147483647;
			files = (
			);
			inputPaths = (
			);
			name = "Copy www directory";
			outputPaths = (
			);
			runOnlyForDeploymentPostprocessing = 0;
			shellPath = /bin/sh;
			shellScript = "NODEJS_PATH=/usr/local/bin; NVM_NODE_PATH=~/.nvm/versions/node/`nvm version 2>/dev/null`/bin; N_NODE_PATH=`find /usr/local/n/versions/node/* -maxdepth 0 -type d 2>/dev/null | tail -1`/bin; XCODE_NODE_PATH=`xcode-select --print-path`/usr/share/xcs/Node/bin; PATH=$NODEJS_PATH:$NVM_NODE_PATH:$N_NODE_PATH:$XCODE_NODE_PATH:$PATH && node cordova/lib/copy-www-build-step.js";
			showEnvVarsInLog = 0;
		};
/* End PBXShellScriptBuildPhase section */

/* Begin PBXSourcesBuildPhase section */
		1D60588E0D05DD3D006BFB54 /* Sources */ = {
			isa = PBXSourcesBuildPhase;
			buildActionMask = 2147483647;
			files = (
				1D60589B0D05DD56006BFB54 /* main.m in Sources */,
				1D3623260D0F684500981E51 /* AppDelegate.m in Sources */,
				302D95F114D2391D003F00A1 /* MainViewController.m in Sources */,
				7D88002A3CE247B1AB107BA4 /* CardIOCordovaPlugin.m in Sources */,
				9C12977E85FB4A708A276C04 /* PayPalMobileCordovaPlugin.m in Sources */,
				B1395E3A4D1C440498FEA296 /* AppVersion.m in Sources */,
				A7E8FCAA7904421788A179B3 /* CDVNotification.m in Sources */,
				0D7AFD48AE184FC7B0627252 /* CDVGlobalization.m in Sources */,
				22CFF978D70A40249261F36F /* CDVInAppBrowser.m in Sources */,
				28450B86D5F2479B97BD2A75 /* NativeStorage.m in Sources */,
				4D59541A1E2F4EC397A1BB56 /* CDVAppRate.m in Sources */,
				B0A226D35C404C4B9945860B /* CDVDevice.m in Sources */,
				42D211BA0E5543618ED84C68 /* APPEmailComposer.m in Sources */,
				C5CF064844C94C14B1F2C89D /* APPEmailComposerImpl.m in Sources */,
				E5C75483D57D44B9808EADCB /* CDVWKWebViewEngine.m in Sources */,
				A1FCE09C6B3C40A781991717 /* CDVWKWebViewUIDelegate.m in Sources */,
				3BA858A5E40A40619A77E8F0 /* CDVWKProcessPoolFactory.m in Sources */,
				4152CFC2CC91463583F03666 /* GCDWebServer.m in Sources */,
				11192D406E394980891320C8 /* GCDWebServerConnection.m in Sources */,
				4914A81E91514B92A3DECDA8 /* GCDWebServerFunctions.m in Sources */,
				3A4389F7E20944EC8E16076C /* GCDWebServerRequest.m in Sources */,
				EA69346C234642F99E80CEB9 /* GCDWebServerResponse.m in Sources */,
				5243214B60934B139CED8D8A /* GCDWebServerDataRequest.m in Sources */,
				EAF7587D8D8546EE949BF7E9 /* GCDWebServerFileRequest.m in Sources */,
				92D963E4A55C4131AC5F92FC /* GCDWebServerMultiPartFormRequest.m in Sources */,
				8E473EDDF1764AC1BB8332DD /* GCDWebServerURLEncodedFormRequest.m in Sources */,
				7ECDD56561F341D3B1F83BE3 /* GCDWebServerDataResponse.m in Sources */,
				4E74317B234540AE956EC40C /* GCDWebServerErrorResponse.m in Sources */,
				1BA2D868782744439E24C80E /* GCDWebServerFileResponse.m in Sources */,
				C80241C140914F1D8AF50793 /* GCDWebServerStreamedResponse.m in Sources */,
				E33B3C6C4E5D47528DEE6B56 /* CDVSplashScreen.m in Sources */,
				4D90E73B3CEE4A63B2F1C459 /* CDVViewController+SplashScreen.m in Sources */,
				1CB69029A8DB4BF5AA57A344 /* CDVStatusBar.m in Sources */,
				D002E9FF061041F69FFD3AE6 /* CordovaStripe.m in Sources */,
				55D0B40F6D134707A5876E28 /* NSString+SSURLEncoding.m in Sources */,
				B0427A23740E437E9B487540 /* SocialSharing.m in Sources */,
				8FA6CE08ED594545B41761C6 /* IonicKeyboard.m in Sources */,
				792A1917EB70446AA33D7351 /* OneSignalPush.m in Sources */,
			);
			runOnlyForDeploymentPostprocessing = 0;
		};
/* End PBXSourcesBuildPhase section */

/* Begin PBXTargetDependency section */
		301BF551109A68C00062928A /* PBXTargetDependency */ = {
			isa = PBXTargetDependency;
			name = CordovaLib;
			targetProxy = 301BF550109A68C00062928A /* PBXContainerItemProxy */;
		};
/* End PBXTargetDependency section */

/* Begin XCBuildConfiguration section */
		1D6058940D05DD3E006BFB54 /* Debug */ = {
			isa = XCBuildConfiguration;
			baseConfigurationReference = 3047A50F1AB8059700498E2A /* build-debug.xcconfig */;
			buildSettings = {
				ALWAYS_SEARCH_USER_PATHS = NO;
				ASSETCATALOG_COMPILER_APPICON_NAME = AppIcon;
				ASSETCATALOG_COMPILER_LAUNCHIMAGE_NAME = LaunchImage;
				CLANG_ENABLE_MODULES = YES;
				CLANG_ENABLE_OBJC_ARC = YES;
				COPY_PHASE_STRIP = NO;
				GCC_DYNAMIC_NO_PIC = NO;
				GCC_OPTIMIZATION_LEVEL = 0;
				GCC_PRECOMPILE_PREFIX_HEADER = YES;
				GCC_PREFIX_HEADER = "Baby Needs/Baby Needs-Prefix.pch";
				GCC_THUMB_SUPPORT = NO;
				GCC_VERSION = "";
				INFOPLIST_FILE = "Baby Needs/Baby Needs-Info.plist";
				IPHONEOS_DEPLOYMENT_TARGET = 9.0;
				LD_RUNPATH_SEARCH_PATHS = "@executable_path/Frameworks";
				TARGETED_DEVICE_FAMILY = "1,2";
				PRODUCT_NAME = "Baby Needs";
				LIBRARY_SEARCH_PATHS = (
					"$(inherited)",
					"\"$(SRCROOT)/Baby Needs/Plugins/card.io.cordova.mobilesdk\"",
					"\"$(SRCROOT)/Baby Needs/Plugins/card.io.cordova.mobilesdk\"",
					"\"$(SRCROOT)/Baby Needs/Plugins/card.io.cordova.mobilesdk\"",
					"\"$(SRCROOT)/Baby Needs/Plugins/com.paypal.cordova.mobilesdk\"",
				);
				FRAMEWORK_SEARCH_PATHS = (
					"$(inherited)",
					"\"Baby Needs/Plugins/cordova-plugin-stripe\"",
				);
			};
			name = Debug;
		};
		1D6058950D05DD3E006BFB54 /* Release */ = {
			isa = XCBuildConfiguration;
			baseConfigurationReference = 3047A5101AB8059700498E2A /* build-release.xcconfig */;
			buildSettings = {
				ALWAYS_SEARCH_USER_PATHS = NO;
				ASSETCATALOG_COMPILER_APPICON_NAME = AppIcon;
				ASSETCATALOG_COMPILER_LAUNCHIMAGE_NAME = LaunchImage;
				CLANG_ENABLE_MODULES = YES;
				CLANG_ENABLE_OBJC_ARC = YES;
				COPY_PHASE_STRIP = YES;
				GCC_PRECOMPILE_PREFIX_HEADER = YES;
				GCC_PREFIX_HEADER = "Baby Needs/Baby Needs-Prefix.pch";
				GCC_THUMB_SUPPORT = NO;
				GCC_VERSION = "";
				INFOPLIST_FILE = "Baby Needs/Baby Needs-Info.plist";
				IPHONEOS_DEPLOYMENT_TARGET = 9.0;
				LD_RUNPATH_SEARCH_PATHS = "@executable_path/Frameworks";
				TARGETED_DEVICE_FAMILY = "1,2";
				PRODUCT_NAME = "Baby Needs";
				LIBRARY_SEARCH_PATHS = (
					"$(inherited)",
					"\"$(SRCROOT)/Baby Needs/Plugins/card.io.cordova.mobilesdk\"",
					"\"$(SRCROOT)/Baby Needs/Plugins/card.io.cordova.mobilesdk\"",
					"\"$(SRCROOT)/Baby Needs/Plugins/card.io.cordova.mobilesdk\"",
					"\"$(SRCROOT)/Baby Needs/Plugins/com.paypal.cordova.mobilesdk\"",
				);
				FRAMEWORK_SEARCH_PATHS = (
					"$(inherited)",
					"\"Baby Needs/Plugins/cordova-plugin-stripe\"",
				);
			};
			name = Release;
		};
		C01FCF4F08A954540054247B /* Debug */ = {
			isa = XCBuildConfiguration;
			baseConfigurationReference = 3047A5111AB8059700498E2A /* build.xcconfig */;
			buildSettings = {
				CLANG_ENABLE_MODULES = YES;
				CLANG_ENABLE_OBJC_ARC = YES;
				CLANG_WARN_BOOL_CONVERSION = YES;
				CLANG_WARN_CONSTANT_CONVERSION = YES;
				CLANG_WARN_EMPTY_BODY = YES;
				CLANG_WARN_ENUM_CONVERSION = YES;
				CLANG_WARN_INT_CONVERSION = YES;
				CLANG_WARN__DUPLICATE_METHOD_MATCH = YES;
				GCC_C_LANGUAGE_STANDARD = c99;
				GCC_THUMB_SUPPORT = NO;
				GCC_VERSION = "";
				GCC_WARN_ABOUT_RETURN_TYPE = YES;
				GCC_WARN_UNDECLARED_SELECTOR = YES;
				GCC_WARN_UNINITIALIZED_AUTOS = YES;
				GCC_WARN_UNUSED_FUNCTION = YES;
				GCC_WARN_UNUSED_VARIABLE = YES;
				ONLY_ACTIVE_ARCH = YES;
				SDKROOT = iphoneos;
				SKIP_INSTALL = NO;
			};
			name = Debug;
		};
		C01FCF5008A954540054247B /* Release */ = {
			isa = XCBuildConfiguration;
			baseConfigurationReference = 3047A5111AB8059700498E2A /* build.xcconfig */;
			buildSettings = {
				CLANG_ENABLE_MODULES = YES;
				CLANG_ENABLE_OBJC_ARC = YES;
				CLANG_WARN_BOOL_CONVERSION = YES;
				CLANG_WARN_CONSTANT_CONVERSION = YES;
				CLANG_WARN_EMPTY_BODY = YES;
				CLANG_WARN_ENUM_CONVERSION = YES;
				CLANG_WARN_INT_CONVERSION = YES;
				CLANG_WARN__DUPLICATE_METHOD_MATCH = YES;
				GCC_C_LANGUAGE_STANDARD = c99;
				GCC_THUMB_SUPPORT = NO;
				GCC_VERSION = "";
				GCC_WARN_ABOUT_RETURN_TYPE = YES;
				GCC_WARN_UNDECLARED_SELECTOR = YES;
				GCC_WARN_UNINITIALIZED_AUTOS = YES;
				GCC_WARN_UNUSED_FUNCTION = YES;
				GCC_WARN_UNUSED_VARIABLE = YES;
				SDKROOT = iphoneos;
				SKIP_INSTALL = NO;
			};
			name = Release;
		};
/* End XCBuildConfiguration section */

/* Begin XCConfigurationList section */
		1D6058960D05DD3E006BFB54 /* Build configuration list for PBXNativeTarget "Baby Needs" */ = {
			isa = XCConfigurationList;
			buildConfigurations = (
				1D6058940D05DD3E006BFB54 /* Debug */,
				1D6058950D05DD3E006BFB54 /* Release */,
			);
			defaultConfigurationIsVisible = 0;
			defaultConfigurationName = Release;
		};
		C01FCF4E08A954540054247B /* Build configuration list for PBXProject "__NON-CLI__" */ = {
			isa = XCConfigurationList;
			buildConfigurations = (
				C01FCF4F08A954540054247B /* Debug */,
				C01FCF5008A954540054247B /* Release */,
			);
			defaultConfigurationIsVisible = 0;
			defaultConfigurationName = Release;
		};
/* End XCConfigurationList section */
	};
	rootObject = 29B97313FDCFA39411CA2CEA /* Project object */;
}
